// !$*UTF8*$!
{
	archiveVersion = 1;
	classes = {
	};
	objectVersion = 56;
	objects = {

/* Begin PBXBuildFile section */
		2411AAFA28BA47D200D5B59D /* FetchTypeTests.swift in Sources */ = {isa = PBXBuildFile; fileRef = 2411AAF928BA47D100D5B59D /* FetchTypeTests.swift */; };
		2411AAFD28BA4E8D00D5B59D /* MeasurementUtilsTests.swift in Sources */ = {isa = PBXBuildFile; fileRef = 2411AAFC28BA4E8D00D5B59D /* MeasurementUtilsTests.swift */; };
		2411AAFF28BA53D900D5B59D /* LocationTests.swift in Sources */ = {isa = PBXBuildFile; fileRef = 2411AAFE28BA53D900D5B59D /* LocationTests.swift */; };
		241E02CA28BE8338007DFEA7 /* LocationMapPreviewView.swift in Sources */ = {isa = PBXBuildFile; fileRef = 241E02C928BE8338007DFEA7 /* LocationMapPreviewView.swift */; };
		24275B1F2964903000DDD05E /* ViewModelState.swift in Sources */ = {isa = PBXBuildFile; fileRef = 24275B1E2964903000DDD05E /* ViewModelState.swift */; };
		242D55F129B3246F003C3090 /* CapturingView.swift in Sources */ = {isa = PBXBuildFile; fileRef = 242D55E729B3246F003C3090 /* CapturingView.swift */; };
		242D55F329B3246F003C3090 /* ImageBackground.swift in Sources */ = {isa = PBXBuildFile; fileRef = 242D55EA29B3246F003C3090 /* ImageBackground.swift */; };
		242D55F429B3246F003C3090 /* ExportSize.swift in Sources */ = {isa = PBXBuildFile; fileRef = 242D55EB29B3246F003C3090 /* ExportSize.swift */; };
		242D55F529B3246F003C3090 /* ExportMarketingImageToURL.swift in Sources */ = {isa = PBXBuildFile; fileRef = 242D55EC29B3246F003C3090 /* ExportMarketingImageToURL.swift */; };
		242D55F629B3246F003C3090 /* Localization.swift in Sources */ = {isa = PBXBuildFile; fileRef = 242D55ED29B3246F003C3090 /* Localization.swift */; };
		242D55F729B3246F003C3090 /* ViewToUIImage.swift in Sources */ = {isa = PBXBuildFile; fileRef = 242D55EE29B3246F003C3090 /* ViewToUIImage.swift */; };
		242D55F829B3246F003C3090 /* ViewToNSImage.swift in Sources */ = {isa = PBXBuildFile; fileRef = 242D55EF29B3246F003C3090 /* ViewToNSImage.swift */; };
		242D55F929B3246F003C3090 /* TitleAlignment.swift in Sources */ = {isa = PBXBuildFile; fileRef = 242D55F029B3246F003C3090 /* TitleAlignment.swift */; };
		242F4E4528BB7981005C27B6 /* SponsorTests.swift in Sources */ = {isa = PBXBuildFile; fileRef = 242F4E4428BB7981005C27B6 /* SponsorTests.swift */; };
		242F4E5128BB7DF0005C27B6 /* SponsorFull.json in Resources */ = {isa = PBXBuildFile; fileRef = 242F4E4E28BB7DF0005C27B6 /* SponsorFull.json */; };
		242F4E5228BB7DF0005C27B6 /* SponsorAdditional.json in Resources */ = {isa = PBXBuildFile; fileRef = 242F4E4F28BB7DF0005C27B6 /* SponsorAdditional.json */; };
		242F4E5328BB7DF0005C27B6 /* SponsorMissing.json in Resources */ = {isa = PBXBuildFile; fileRef = 242F4E5028BB7DF0005C27B6 /* SponsorMissing.json */; };
		242F4E5528BB7F81005C27B6 /* TemperatureMeasurementTests.swift in Sources */ = {isa = PBXBuildFile; fileRef = 242F4E5428BB7F81005C27B6 /* TemperatureMeasurementTests.swift */; };
		24457EEE28C6197C00172C2B /* ChangeLogView.swift in Sources */ = {isa = PBXBuildFile; fileRef = 24457EED28C6197C00172C2B /* ChangeLogView.swift */; };
		24457EF028C619C200172C2B /* ChangeLog.swift in Sources */ = {isa = PBXBuildFile; fileRef = 24457EEF28C619C200172C2B /* ChangeLog.swift */; };
		244FF97E29BDF0EA005146A3 /* ScreenShotContent.swift in Sources */ = {isa = PBXBuildFile; fileRef = 244FF97D29BDF0EA005146A3 /* ScreenShotContent.swift */; };
		244FF97F29BDF4CA005146A3 /* ScreenshotWithTitle.swift in Sources */ = {isa = PBXBuildFile; fileRef = 242D55E829B3246F003C3090 /* ScreenshotWithTitle.swift */; };
		244FF98029BDF4CF005146A3 /* ScreenShotContent.swift in Sources */ = {isa = PBXBuildFile; fileRef = 244FF97D29BDF0EA005146A3 /* ScreenShotContent.swift */; };
		244FF98129BDF58E005146A3 /* Localizable.strings in Resources */ = {isa = PBXBuildFile; fileRef = 24D02A572964BA4800B19452 /* Localizable.strings */; };
		24558F1C28CB4F230025864F /* TemperatureHistoryView.swift in Sources */ = {isa = PBXBuildFile; fileRef = 24558F1B28CB4F230025864F /* TemperatureHistoryView.swift */; };
		247D86F828C27AAD003458C1 /* GfroerliMapAnnotation.swift in Sources */ = {isa = PBXBuildFile; fileRef = 247D86F728C27AAD003458C1 /* GfroerliMapAnnotation.swift */; };
		2481AEA8296820FD00316EDA /* HistoryGraphView.swift in Sources */ = {isa = PBXBuildFile; fileRef = 2481AEA7296820FD00316EDA /* HistoryGraphView.swift */; };
		2481AEAC29684B1800316EDA /* Color+AccentColor.swift in Sources */ = {isa = PBXBuildFile; fileRef = 2481AEAB29684B1800316EDA /* Color+AccentColor.swift */; };
		2481AEAE296856FE00316EDA /* Date+Week.swift in Sources */ = {isa = PBXBuildFile; fileRef = 2481AEAD296856FE00316EDA /* Date+Week.swift */; };
		24A6444A29BCCBE6009555FF /* WaveShape.swift in Sources */ = {isa = PBXBuildFile; fileRef = 24A6444929BCCBE6009555FF /* WaveShape.swift */; };
		24A6444B29BCCBFD009555FF /* WaveShape.swift in Sources */ = {isa = PBXBuildFile; fileRef = 24A6444929BCCBE6009555FF /* WaveShape.swift */; };
		24A6444D29BCD1F3009555FF /* Color+AccentColor.swift in Sources */ = {isa = PBXBuildFile; fileRef = 2481AEAB29684B1800316EDA /* Color+AccentColor.swift */; };
		24A6444F29BCD8E6009555FF /* UITestAssets.xcassets in Resources */ = {isa = PBXBuildFile; fileRef = 24A6444E29BCD8E6009555FF /* UITestAssets.xcassets */; };
		24A6445029BCDA3B009555FF /* UITestAssets.xcassets in Resources */ = {isa = PBXBuildFile; fileRef = 24A6444E29BCD8E6009555FF /* UITestAssets.xcassets */; };
		24A8AE7629B3260600F67F18 /* ScreenshotWithTitle.swift in Sources */ = {isa = PBXBuildFile; fileRef = 242D55E829B3246F003C3090 /* ScreenshotWithTitle.swift */; };
		24A8AE7829B3263800F67F18 /* CapturingView.swift in Sources */ = {isa = PBXBuildFile; fileRef = 242D55E729B3246F003C3090 /* CapturingView.swift */; };
		24A8AE7929B3263D00F67F18 /* ViewToUIImage.swift in Sources */ = {isa = PBXBuildFile; fileRef = 242D55EE29B3246F003C3090 /* ViewToUIImage.swift */; };
		24A8AE7A29B3263D00F67F18 /* ExportSize.swift in Sources */ = {isa = PBXBuildFile; fileRef = 242D55EB29B3246F003C3090 /* ExportSize.swift */; };
		24A8AE7B29B3263D00F67F18 /* Localization.swift in Sources */ = {isa = PBXBuildFile; fileRef = 242D55ED29B3246F003C3090 /* Localization.swift */; };
		24A8AE7C29B3263D00F67F18 /* ViewToNSImage.swift in Sources */ = {isa = PBXBuildFile; fileRef = 242D55EF29B3246F003C3090 /* ViewToNSImage.swift */; };
		24A8AE7D29B3263D00F67F18 /* TitleAlignment.swift in Sources */ = {isa = PBXBuildFile; fileRef = 242D55F029B3246F003C3090 /* TitleAlignment.swift */; };
		24A8AE7E29B3263D00F67F18 /* ImageBackground.swift in Sources */ = {isa = PBXBuildFile; fileRef = 242D55EA29B3246F003C3090 /* ImageBackground.swift */; };
		24A8AE8129B327BE00F67F18 /* Preview Assets.xcassets in Resources */ = {isa = PBXBuildFile; fileRef = 8D5489142856315D007253FE /* Preview Assets.xcassets */; };
		24B93CF128CDE48200573CD5 /* TemperatureMeasurement.swift in Sources */ = {isa = PBXBuildFile; fileRef = 24B93CF028CDE48200573CD5 /* TemperatureMeasurement.swift */; };
		24BB342B29884E1F004B4270 /* MainView.swift in Sources */ = {isa = PBXBuildFile; fileRef = 24BB342A29884E1F004B4270 /* MainView.swift */; };
		24BB342F29897C8A004B4270 /* SearchView.swift in Sources */ = {isa = PBXBuildFile; fileRef = 24BB342E29897C8A004B4270 /* SearchView.swift */; };
		24BE370C28FAA90800CF7D99 /* InlineLocationView.swift in Sources */ = {isa = PBXBuildFile; fileRef = 24BE370B28FAA90800CF7D99 /* InlineLocationView.swift */; };
		24BE370E28FAE36800CF7D99 /* Array+Codable.swift in Sources */ = {isa = PBXBuildFile; fileRef = 24BE370D28FAE36800CF7D99 /* Array+Codable.swift */; };
		24BE371028FAEEB600CF7D99 /* GfroerliBackendError.swift in Sources */ = {isa = PBXBuildFile; fileRef = 24BE370F28FAEEB600CF7D99 /* GfroerliBackendError.swift */; };
		24C16CE529C499F900FE213E /* DateUtil.swift in Sources */ = {isa = PBXBuildFile; fileRef = 241E02C728BE7F3F007DFEA7 /* DateUtil.swift */; };
		24C62B9C28D073B300607952 /* TemperatureMeasurementMissing.json in Resources */ = {isa = PBXBuildFile; fileRef = 24C62B9928D073B300607952 /* TemperatureMeasurementMissing.json */; };
		24C62B9D28D073B300607952 /* TemperatureMeasurementAdditional.json in Resources */ = {isa = PBXBuildFile; fileRef = 24C62B9A28D073B300607952 /* TemperatureMeasurementAdditional.json */; };
		24C62B9E28D073B300607952 /* TemperatureMeasurementFull.json in Resources */ = {isa = PBXBuildFile; fileRef = 24C62B9B28D073B300607952 /* TemperatureMeasurementFull.json */; };
		24D02A4B2964BA0000B19452 /* NewFeatures.json in Resources */ = {isa = PBXBuildFile; fileRef = 24D02A4D2964BA0000B19452 /* NewFeatures.json */; };
		24D02A4E2964BA0400B19452 /* ChangeLog.json in Resources */ = {isa = PBXBuildFile; fileRef = 24D02A502964BA0400B19452 /* ChangeLog.json */; };
		24D02A552964BA4800B19452 /* Localizable.strings in Resources */ = {isa = PBXBuildFile; fileRef = 24D02A572964BA4800B19452 /* Localizable.strings */; };
		24D1F42A28C60700004F7E8B /* Bundle+Dedode.swift in Sources */ = {isa = PBXBuildFile; fileRef = 24D1F42928C60700004F7E8B /* Bundle+Dedode.swift */; };
		24D1F42E28C609A0004F7E8B /* DefaultsCoordinator.swift in Sources */ = {isa = PBXBuildFile; fileRef = 24D1F42D28C609A0004F7E8B /* DefaultsCoordinator.swift */; };
		24DAD5FF28BA5D29002E5785 /* JsonLoader.swift in Sources */ = {isa = PBXBuildFile; fileRef = 24DAD5FE28BA5D29002E5785 /* JsonLoader.swift */; };
		24DAD60228BA5E82002E5785 /* LocationFull.json in Resources */ = {isa = PBXBuildFile; fileRef = 24DAD60128BA5E82002E5785 /* LocationFull.json */; };
		24DAD60428BA62C8002E5785 /* LocationMissing.json in Resources */ = {isa = PBXBuildFile; fileRef = 24DAD60328BA62C7002E5785 /* LocationMissing.json */; };
		24DAD60628BA62CE002E5785 /* LocationAdditional.json in Resources */ = {isa = PBXBuildFile; fileRef = 24DAD60528BA62CE002E5785 /* LocationAdditional.json */; };
		24DAE30128C35FC20040D03D /* SponsorViewModel.swift in Sources */ = {isa = PBXBuildFile; fileRef = 24DAE30028C35FC20040D03D /* SponsorViewModel.swift */; };
		24DAE30328C361500040D03D /* SponsorView.swift in Sources */ = {isa = PBXBuildFile; fileRef = 24DAE30228C361500040D03D /* SponsorView.swift */; };
		24E6F03E28BA43A000815A3E /* APIConfigurationTests.swift in Sources */ = {isa = PBXBuildFile; fileRef = 24E6F03D28BA43A000815A3E /* APIConfigurationTests.swift */; };
		24FF92F628C6064200454A5F /* NewFeatures.swift in Sources */ = {isa = PBXBuildFile; fileRef = 24FF92F528C6064200454A5F /* NewFeatures.swift */; };
		8D31E32F286601950095622E /* TemperaturesViewModel.swift in Sources */ = {isa = PBXBuildFile; fileRef = 8D31E32E286601950095622E /* TemperaturesViewModel.swift */; };
		8D31E332286604450095622E /* LocationDetailView.swift in Sources */ = {isa = PBXBuildFile; fileRef = 8D31E331286604450095622E /* LocationDetailView.swift */; };
		8D3C681D285B6E4800DC8CA4 /* AppConfiguration.swift in Sources */ = {isa = PBXBuildFile; fileRef = 8D3C681C285B6E4800DC8CA4 /* AppConfiguration.swift */; };
		8D54890D2856315C007253FE /* gfroerliApp.swift in Sources */ = {isa = PBXBuildFile; fileRef = 8D54890C2856315C007253FE /* gfroerliApp.swift */; };
		8D5489112856315D007253FE /* Assets.xcassets in Resources */ = {isa = PBXBuildFile; fileRef = 8D5489102856315D007253FE /* Assets.xcassets */; };
		8D5489152856315D007253FE /* Preview Assets.xcassets in Resources */ = {isa = PBXBuildFile; fileRef = 8D5489142856315D007253FE /* Preview Assets.xcassets */; };
		8D54891F2856315D007253FE /* gfroerliTests.swift in Sources */ = {isa = PBXBuildFile; fileRef = 8D54891E2856315D007253FE /* gfroerliTests.swift */; };
		8D5489292856315D007253FE /* gfroerliUITests.swift in Sources */ = {isa = PBXBuildFile; fileRef = 8D5489282856315D007253FE /* gfroerliUITests.swift */; };
		8D5557E42881F23C008C1BE3 /* GfroerliBackend.docc in Sources */ = {isa = PBXBuildFile; fileRef = 8D5557E32881F23C008C1BE3 /* GfroerliBackend.docc */; };
		8D5557EA2881F23C008C1BE3 /* GfroerliBackend.framework in Frameworks */ = {isa = PBXBuildFile; fileRef = 8D5557E02881F23C008C1BE3 /* GfroerliBackend.framework */; };
		8D5557F22881F23C008C1BE3 /* GfroerlBackend.h in Headers */ = {isa = PBXBuildFile; fileRef = 8D5557E22881F23C008C1BE3 /* GfroerlBackend.h */; settings = {ATTRIBUTES = (Public, ); }; };
		8D5557F52881F23C008C1BE3 /* GfroerliBackend.framework in Frameworks */ = {isa = PBXBuildFile; fileRef = 8D5557E02881F23C008C1BE3 /* GfroerliBackend.framework */; };
		8D5557F62881F23C008C1BE3 /* GfroerliBackend.framework in Embed Frameworks */ = {isa = PBXBuildFile; fileRef = 8D5557E02881F23C008C1BE3 /* GfroerliBackend.framework */; settings = {ATTRIBUTES = (CodeSignOnCopy, RemoveHeadersOnCopy, ); }; };
		8D5558162881F430008C1BE3 /* APIConfiguration.swift in Sources */ = {isa = PBXBuildFile; fileRef = 8D5558112881F430008C1BE3 /* APIConfiguration.swift */; };
		8D5558252881F4E4008C1BE3 /* Location.swift in Sources */ = {isa = PBXBuildFile; fileRef = 8D55581D2881F4E4008C1BE3 /* Location.swift */; };
		8D5558262881F4E4008C1BE3 /* Sponsor.swift in Sources */ = {isa = PBXBuildFile; fileRef = 8D55581E2881F4E4008C1BE3 /* Sponsor.swift */; };
		8D5558272881F4E4008C1BE3 /* TemperatureMeasurementCollection.swift in Sources */ = {isa = PBXBuildFile; fileRef = 8D55581F2881F4E4008C1BE3 /* TemperatureMeasurementCollection.swift */; };
		8D5558282881F4E4008C1BE3 /* FetchType.swift in Sources */ = {isa = PBXBuildFile; fileRef = 8D5558212881F4E4008C1BE3 /* FetchType.swift */; };
		8D5558292881F4E4008C1BE3 /* Fetcher.swift in Sources */ = {isa = PBXBuildFile; fileRef = 8D5558222881F4E4008C1BE3 /* Fetcher.swift */; };
		8D55582A2881F4E4008C1BE3 /* MeasurementUtils.swift in Sources */ = {isa = PBXBuildFile; fileRef = 8D5558242881F4E4008C1BE3 /* MeasurementUtils.swift */; };
		8D55582C2881F542008C1BE3 /* GfroerliBackend.swift in Sources */ = {isa = PBXBuildFile; fileRef = 8D55582B2881F542008C1BE3 /* GfroerliBackend.swift */; };
		8D55582E2881F58A008C1BE3 /* BearerToken.swift in Sources */ = {isa = PBXBuildFile; fileRef = 8D55582D2881F58A008C1BE3 /* BearerToken.swift */; };
		8D8961BD2857933100C2A7CC /* AllLocationsViewModel.swift in Sources */ = {isa = PBXBuildFile; fileRef = 8D8961BC2857933100C2A7CC /* AllLocationsViewModel.swift */; };
		8D8961BF2858CD7000C2A7CC /* NavigationModel.swift in Sources */ = {isa = PBXBuildFile; fileRef = 8D8961BE2858CD7000C2A7CC /* NavigationModel.swift */; };
		8D8961C42858E4B900C2A7CC /* UIDevice+Extension.swift in Sources */ = {isa = PBXBuildFile; fileRef = 8D8961C32858E4B900C2A7CC /* UIDevice+Extension.swift */; };
		8D8961C72858F5AD00C2A7CC /* MapView.swift in Sources */ = {isa = PBXBuildFile; fileRef = 8D8961C62858F5AD00C2A7CC /* MapView.swift */; };
		8DE7D71C28674BBE001684D1 /* LatestTemperatureView.swift in Sources */ = {isa = PBXBuildFile; fileRef = 8DE7D71B28674BBE001684D1 /* LatestTemperatureView.swift */; };
		8DE7D71E2867513A001684D1 /* TemperatureSummaryView.swift in Sources */ = {isa = PBXBuildFile; fileRef = 8DE7D71D2867513A001684D1 /* TemperatureSummaryView.swift */; };
		8DE7D720286756DF001684D1 /* SingleLocationViewModel.swift in Sources */ = {isa = PBXBuildFile; fileRef = 8DE7D71F286756DF001684D1 /* SingleLocationViewModel.swift */; };
		8DE7D72228675AA4001684D1 /* View+Modifiers.swift in Sources */ = {isa = PBXBuildFile; fileRef = 8DE7D72128675AA4001684D1 /* View+Modifiers.swift */; };
		8DEE78BF285E319E009D853C /* SettingsView.swift in Sources */ = {isa = PBXBuildFile; fileRef = 8DEE78BE285E319E009D853C /* SettingsView.swift */; };
		8DEE78C4285E3313009D853C /* SettingsThumbnailView.swift in Sources */ = {isa = PBXBuildFile; fileRef = 8DEE78C3285E3313009D853C /* SettingsThumbnailView.swift */; };
		8DEE78C6285E4497009D853C /* FAQView.swift in Sources */ = {isa = PBXBuildFile; fileRef = 8DEE78C5285E4497009D853C /* FAQView.swift */; };
		8DEE78C8285E460A009D853C /* NewFeaturesView.swift in Sources */ = {isa = PBXBuildFile; fileRef = 8DEE78C7285E460A009D853C /* NewFeaturesView.swift */; };
/* End PBXBuildFile section */

/* Begin PBXContainerItemProxy section */
		8D54891B2856315D007253FE /* PBXContainerItemProxy */ = {
			isa = PBXContainerItemProxy;
			containerPortal = 8D5489012856315C007253FE /* Project object */;
			proxyType = 1;
			remoteGlobalIDString = 8D5489082856315C007253FE;
			remoteInfo = gfroerli;
		};
		8D5489252856315D007253FE /* PBXContainerItemProxy */ = {
			isa = PBXContainerItemProxy;
			containerPortal = 8D5489012856315C007253FE /* Project object */;
			proxyType = 1;
			remoteGlobalIDString = 8D5489082856315C007253FE;
			remoteInfo = gfroerli;
		};
		8D5557EB2881F23C008C1BE3 /* PBXContainerItemProxy */ = {
			isa = PBXContainerItemProxy;
			containerPortal = 8D5489012856315C007253FE /* Project object */;
			proxyType = 1;
			remoteGlobalIDString = 8D5557DF2881F23C008C1BE3;
			remoteInfo = GfroerliAPI;
		};
		8D5557ED2881F23C008C1BE3 /* PBXContainerItemProxy */ = {
			isa = PBXContainerItemProxy;
			containerPortal = 8D5489012856315C007253FE /* Project object */;
			proxyType = 1;
			remoteGlobalIDString = 8D5489082856315C007253FE;
			remoteInfo = gfroerli;
		};
/* End PBXContainerItemProxy section */

/* Begin PBXCopyFilesBuildPhase section */
		8D5557FA2881F23C008C1BE3 /* Embed Frameworks */ = {
			isa = PBXCopyFilesBuildPhase;
			buildActionMask = 2147483647;
			dstPath = "";
			dstSubfolderSpec = 10;
			files = (
				8D5557F62881F23C008C1BE3 /* GfroerliBackend.framework in Embed Frameworks */,
			);
			name = "Embed Frameworks";
			runOnlyForDeploymentPostprocessing = 0;
		};
/* End PBXCopyFilesBuildPhase section */

/* Begin PBXFileReference section */
		2411AAF928BA47D100D5B59D /* FetchTypeTests.swift */ = {isa = PBXFileReference; lastKnownFileType = sourcecode.swift; path = FetchTypeTests.swift; sourceTree = "<group>"; };
		2411AAFB28BA4D7D00D5B59D /* GfroerliBackend.xctestplan */ = {isa = PBXFileReference; lastKnownFileType = text; name = GfroerliBackend.xctestplan; path = gfroerli.xcodeproj/GfroerliBackend.xctestplan; sourceTree = SOURCE_ROOT; };
		2411AAFC28BA4E8D00D5B59D /* MeasurementUtilsTests.swift */ = {isa = PBXFileReference; lastKnownFileType = sourcecode.swift; name = MeasurementUtilsTests.swift; path = GfroerliAPITests/Tests/MeasurementUtilsTests.swift; sourceTree = SOURCE_ROOT; };
		2411AAFE28BA53D900D5B59D /* LocationTests.swift */ = {isa = PBXFileReference; lastKnownFileType = sourcecode.swift; path = LocationTests.swift; sourceTree = "<group>"; };
		241E02C728BE7F3F007DFEA7 /* DateUtil.swift */ = {isa = PBXFileReference; lastKnownFileType = sourcecode.swift; path = DateUtil.swift; sourceTree = "<group>"; };
		241E02C928BE8338007DFEA7 /* LocationMapPreviewView.swift */ = {isa = PBXFileReference; lastKnownFileType = sourcecode.swift; path = LocationMapPreviewView.swift; sourceTree = "<group>"; };
		24275B1E2964903000DDD05E /* ViewModelState.swift */ = {isa = PBXFileReference; lastKnownFileType = sourcecode.swift; path = ViewModelState.swift; sourceTree = "<group>"; };
		242D55E729B3246F003C3090 /* CapturingView.swift */ = {isa = PBXFileReference; fileEncoding = 4; lastKnownFileType = sourcecode.swift; path = CapturingView.swift; sourceTree = "<group>"; };
		242D55E829B3246F003C3090 /* ScreenshotWithTitle.swift */ = {isa = PBXFileReference; fileEncoding = 4; lastKnownFileType = sourcecode.swift; path = ScreenshotWithTitle.swift; sourceTree = "<group>"; };
		242D55EA29B3246F003C3090 /* ImageBackground.swift */ = {isa = PBXFileReference; fileEncoding = 4; lastKnownFileType = sourcecode.swift; path = ImageBackground.swift; sourceTree = "<group>"; };
		242D55EB29B3246F003C3090 /* ExportSize.swift */ = {isa = PBXFileReference; fileEncoding = 4; lastKnownFileType = sourcecode.swift; path = ExportSize.swift; sourceTree = "<group>"; };
		242D55EC29B3246F003C3090 /* ExportMarketingImageToURL.swift */ = {isa = PBXFileReference; fileEncoding = 4; lastKnownFileType = sourcecode.swift; path = ExportMarketingImageToURL.swift; sourceTree = "<group>"; };
		242D55ED29B3246F003C3090 /* Localization.swift */ = {isa = PBXFileReference; fileEncoding = 4; lastKnownFileType = sourcecode.swift; path = Localization.swift; sourceTree = "<group>"; };
		242D55EE29B3246F003C3090 /* ViewToUIImage.swift */ = {isa = PBXFileReference; fileEncoding = 4; lastKnownFileType = sourcecode.swift; path = ViewToUIImage.swift; sourceTree = "<group>"; };
		242D55EF29B3246F003C3090 /* ViewToNSImage.swift */ = {isa = PBXFileReference; fileEncoding = 4; lastKnownFileType = sourcecode.swift; path = ViewToNSImage.swift; sourceTree = "<group>"; };
		242D55F029B3246F003C3090 /* TitleAlignment.swift */ = {isa = PBXFileReference; fileEncoding = 4; lastKnownFileType = sourcecode.swift; path = TitleAlignment.swift; sourceTree = "<group>"; };
		242F4E4428BB7981005C27B6 /* SponsorTests.swift */ = {isa = PBXFileReference; lastKnownFileType = sourcecode.swift; path = SponsorTests.swift; sourceTree = "<group>"; };
		242F4E4E28BB7DF0005C27B6 /* SponsorFull.json */ = {isa = PBXFileReference; fileEncoding = 4; lastKnownFileType = text.json; path = SponsorFull.json; sourceTree = "<group>"; };
		242F4E4F28BB7DF0005C27B6 /* SponsorAdditional.json */ = {isa = PBXFileReference; fileEncoding = 4; lastKnownFileType = text.json; path = SponsorAdditional.json; sourceTree = "<group>"; };
		242F4E5028BB7DF0005C27B6 /* SponsorMissing.json */ = {isa = PBXFileReference; fileEncoding = 4; lastKnownFileType = text.json; path = SponsorMissing.json; sourceTree = "<group>"; };
		242F4E5428BB7F81005C27B6 /* TemperatureMeasurementTests.swift */ = {isa = PBXFileReference; lastKnownFileType = sourcecode.swift; path = TemperatureMeasurementTests.swift; sourceTree = "<group>"; };
		2441D0C529A8F5ED000E223F /* gsw */ = {isa = PBXFileReference; lastKnownFileType = text.json; name = gsw; path = gsw.lproj/NewFeatures.json; sourceTree = "<group>"; };
		2441D0C629A8F5ED000E223F /* gsw */ = {isa = PBXFileReference; lastKnownFileType = text.json; name = gsw; path = gsw.lproj/ChangeLog.json; sourceTree = "<group>"; };
		2441D0C729A8F5ED000E223F /* gsw */ = {isa = PBXFileReference; lastKnownFileType = text.plist.strings; name = gsw; path = gsw.lproj/Localizable.strings; sourceTree = "<group>"; };
		24457EED28C6197C00172C2B /* ChangeLogView.swift */ = {isa = PBXFileReference; lastKnownFileType = sourcecode.swift; path = ChangeLogView.swift; sourceTree = "<group>"; };
		24457EEF28C619C200172C2B /* ChangeLog.swift */ = {isa = PBXFileReference; lastKnownFileType = sourcecode.swift; path = ChangeLog.swift; sourceTree = "<group>"; };
		244FF97D29BDF0EA005146A3 /* ScreenShotContent.swift */ = {isa = PBXFileReference; lastKnownFileType = sourcecode.swift; path = ScreenShotContent.swift; sourceTree = "<group>"; };
		24558F1B28CB4F230025864F /* TemperatureHistoryView.swift */ = {isa = PBXFileReference; lastKnownFileType = sourcecode.swift; path = TemperatureHistoryView.swift; sourceTree = "<group>"; };
		247D86F728C27AAD003458C1 /* GfroerliMapAnnotation.swift */ = {isa = PBXFileReference; lastKnownFileType = sourcecode.swift; path = GfroerliMapAnnotation.swift; sourceTree = "<group>"; };
		2481AEA7296820FD00316EDA /* HistoryGraphView.swift */ = {isa = PBXFileReference; lastKnownFileType = sourcecode.swift; path = HistoryGraphView.swift; sourceTree = "<group>"; };
		2481AEAB29684B1800316EDA /* Color+AccentColor.swift */ = {isa = PBXFileReference; lastKnownFileType = sourcecode.swift; path = "Color+AccentColor.swift"; sourceTree = "<group>"; };
		2481AEAD296856FE00316EDA /* Date+Week.swift */ = {isa = PBXFileReference; lastKnownFileType = sourcecode.swift; path = "Date+Week.swift"; sourceTree = "<group>"; };
		24A6444929BCCBE6009555FF /* WaveShape.swift */ = {isa = PBXFileReference; fileEncoding = 4; lastKnownFileType = sourcecode.swift; path = WaveShape.swift; sourceTree = "<group>"; };
		24A6444E29BCD8E6009555FF /* UITestAssets.xcassets */ = {isa = PBXFileReference; lastKnownFileType = folder.assetcatalog; path = UITestAssets.xcassets; sourceTree = "<group>"; };
		24B93CF028CDE48200573CD5 /* TemperatureMeasurement.swift */ = {isa = PBXFileReference; lastKnownFileType = sourcecode.swift; path = TemperatureMeasurement.swift; sourceTree = "<group>"; };
		24BB342A29884E1F004B4270 /* MainView.swift */ = {isa = PBXFileReference; lastKnownFileType = sourcecode.swift; path = MainView.swift; sourceTree = "<group>"; };
		24BB342E29897C8A004B4270 /* SearchView.swift */ = {isa = PBXFileReference; fileEncoding = 4; lastKnownFileType = sourcecode.swift; path = SearchView.swift; sourceTree = "<group>"; };
		24BCB50329A0E00C00DA52B3 /* gfroerliScreenshots.xctestplan */ = {isa = PBXFileReference; lastKnownFileType = text; path = gfroerliScreenshots.xctestplan; sourceTree = "<group>"; };
		24BE370B28FAA90800CF7D99 /* InlineLocationView.swift */ = {isa = PBXFileReference; lastKnownFileType = sourcecode.swift; path = InlineLocationView.swift; sourceTree = "<group>"; };
		24BE370D28FAE36800CF7D99 /* Array+Codable.swift */ = {isa = PBXFileReference; lastKnownFileType = sourcecode.swift; path = "Array+Codable.swift"; sourceTree = "<group>"; };
		24BE370F28FAEEB600CF7D99 /* GfroerliBackendError.swift */ = {isa = PBXFileReference; lastKnownFileType = sourcecode.swift; path = GfroerliBackendError.swift; sourceTree = "<group>"; };
		24C62B9928D073B300607952 /* TemperatureMeasurementMissing.json */ = {isa = PBXFileReference; fileEncoding = 4; lastKnownFileType = text.json; name = TemperatureMeasurementMissing.json; path = GfroerliAPITests/JSONFiles/TemperatureMeasurement/TemperatureMeasurementMissing.json; sourceTree = SOURCE_ROOT; };
		24C62B9A28D073B300607952 /* TemperatureMeasurementAdditional.json */ = {isa = PBXFileReference; fileEncoding = 4; lastKnownFileType = text.json; name = TemperatureMeasurementAdditional.json; path = GfroerliAPITests/JSONFiles/TemperatureMeasurement/TemperatureMeasurementAdditional.json; sourceTree = SOURCE_ROOT; };
		24C62B9B28D073B300607952 /* TemperatureMeasurementFull.json */ = {isa = PBXFileReference; fileEncoding = 4; lastKnownFileType = text.json; name = TemperatureMeasurementFull.json; path = GfroerliAPITests/JSONFiles/TemperatureMeasurement/TemperatureMeasurementFull.json; sourceTree = SOURCE_ROOT; };
		24D02A512964BA0F00B19452 /* en */ = {isa = PBXFileReference; lastKnownFileType = text.json; name = en; path = en.lproj/ChangeLog.json; sourceTree = "<group>"; };
		24D02A522964BA1300B19452 /* en */ = {isa = PBXFileReference; lastKnownFileType = text.json; name = en; path = en.lproj/NewFeatures.json; sourceTree = "<group>"; };
		24D02A562964BA4800B19452 /* en */ = {isa = PBXFileReference; lastKnownFileType = text.plist.strings; name = en; path = en.lproj/Localizable.strings; sourceTree = "<group>"; };
		24D02A582964BA5900B19452 /* de */ = {isa = PBXFileReference; lastKnownFileType = text.json; name = de; path = de.lproj/NewFeatures.json; sourceTree = "<group>"; };
		24D02A592964BA5900B19452 /* de */ = {isa = PBXFileReference; lastKnownFileType = text.json; name = de; path = de.lproj/ChangeLog.json; sourceTree = "<group>"; };
		24D02A5A2964BA5900B19452 /* de */ = {isa = PBXFileReference; lastKnownFileType = text.plist.strings; name = de; path = de.lproj/Localizable.strings; sourceTree = "<group>"; };
		24D1F42928C60700004F7E8B /* Bundle+Dedode.swift */ = {isa = PBXFileReference; lastKnownFileType = sourcecode.swift; path = "Bundle+Dedode.swift"; sourceTree = "<group>"; };
		24D1F42D28C609A0004F7E8B /* DefaultsCoordinator.swift */ = {isa = PBXFileReference; lastKnownFileType = sourcecode.swift; path = DefaultsCoordinator.swift; sourceTree = "<group>"; };
		24DAD5FE28BA5D29002E5785 /* JsonLoader.swift */ = {isa = PBXFileReference; lastKnownFileType = sourcecode.swift; path = JsonLoader.swift; sourceTree = "<group>"; };
		24DAD60128BA5E82002E5785 /* LocationFull.json */ = {isa = PBXFileReference; lastKnownFileType = text.json; path = LocationFull.json; sourceTree = "<group>"; };
		24DAD60328BA62C7002E5785 /* LocationMissing.json */ = {isa = PBXFileReference; fileEncoding = 4; lastKnownFileType = text.json; path = LocationMissing.json; sourceTree = "<group>"; };
		24DAD60528BA62CE002E5785 /* LocationAdditional.json */ = {isa = PBXFileReference; fileEncoding = 4; lastKnownFileType = text.json; path = LocationAdditional.json; sourceTree = "<group>"; };
		24DAE30028C35FC20040D03D /* SponsorViewModel.swift */ = {isa = PBXFileReference; lastKnownFileType = sourcecode.swift; path = SponsorViewModel.swift; sourceTree = "<group>"; };
		24DAE30228C361500040D03D /* SponsorView.swift */ = {isa = PBXFileReference; lastKnownFileType = sourcecode.swift; path = SponsorView.swift; sourceTree = "<group>"; };
		24E6F03D28BA43A000815A3E /* APIConfigurationTests.swift */ = {isa = PBXFileReference; lastKnownFileType = sourcecode.swift; path = APIConfigurationTests.swift; sourceTree = "<group>"; };
		24FF92F528C6064200454A5F /* NewFeatures.swift */ = {isa = PBXFileReference; lastKnownFileType = sourcecode.swift; path = NewFeatures.swift; sourceTree = "<group>"; };
		8D31E32E286601950095622E /* TemperaturesViewModel.swift */ = {isa = PBXFileReference; lastKnownFileType = sourcecode.swift; path = TemperaturesViewModel.swift; sourceTree = "<group>"; };
		8D31E331286604450095622E /* LocationDetailView.swift */ = {isa = PBXFileReference; lastKnownFileType = sourcecode.swift; path = LocationDetailView.swift; sourceTree = "<group>"; };
		8D3C681C285B6E4800DC8CA4 /* AppConfiguration.swift */ = {isa = PBXFileReference; lastKnownFileType = sourcecode.swift; path = AppConfiguration.swift; sourceTree = "<group>"; };
		8D5489092856315C007253FE /* gfroerli.app */ = {isa = PBXFileReference; explicitFileType = wrapper.application; includeInIndex = 0; path = gfroerli.app; sourceTree = BUILT_PRODUCTS_DIR; };
		8D54890C2856315C007253FE /* gfroerliApp.swift */ = {isa = PBXFileReference; lastKnownFileType = sourcecode.swift; path = gfroerliApp.swift; sourceTree = "<group>"; };
		8D5489102856315D007253FE /* Assets.xcassets */ = {isa = PBXFileReference; lastKnownFileType = folder.assetcatalog; path = Assets.xcassets; sourceTree = "<group>"; };
		8D5489122856315D007253FE /* gfroerli.entitlements */ = {isa = PBXFileReference; lastKnownFileType = text.plist.entitlements; path = gfroerli.entitlements; sourceTree = "<group>"; };
		8D5489142856315D007253FE /* Preview Assets.xcassets */ = {isa = PBXFileReference; lastKnownFileType = folder.assetcatalog; path = "Preview Assets.xcassets"; sourceTree = "<group>"; };
		8D54891A2856315D007253FE /* gfroerliTests.xctest */ = {isa = PBXFileReference; explicitFileType = wrapper.cfbundle; includeInIndex = 0; path = gfroerliTests.xctest; sourceTree = BUILT_PRODUCTS_DIR; };
		8D54891E2856315D007253FE /* gfroerliTests.swift */ = {isa = PBXFileReference; lastKnownFileType = sourcecode.swift; path = gfroerliTests.swift; sourceTree = "<group>"; };
		8D5489242856315D007253FE /* gfroerliUITests.xctest */ = {isa = PBXFileReference; explicitFileType = wrapper.cfbundle; includeInIndex = 0; path = gfroerliUITests.xctest; sourceTree = BUILT_PRODUCTS_DIR; };
		8D5489282856315D007253FE /* gfroerliUITests.swift */ = {isa = PBXFileReference; lastKnownFileType = sourcecode.swift; path = gfroerliUITests.swift; sourceTree = "<group>"; };
		8D54893928563185007253FE /* Info.plist */ = {isa = PBXFileReference; lastKnownFileType = text.plist; path = Info.plist; sourceTree = "<group>"; };
		8D5557E02881F23C008C1BE3 /* GfroerliBackend.framework */ = {isa = PBXFileReference; explicitFileType = wrapper.framework; includeInIndex = 0; path = GfroerliBackend.framework; sourceTree = BUILT_PRODUCTS_DIR; };
		8D5557E22881F23C008C1BE3 /* GfroerlBackend.h */ = {isa = PBXFileReference; lastKnownFileType = sourcecode.c.h; path = GfroerlBackend.h; sourceTree = "<group>"; };
		8D5557E32881F23C008C1BE3 /* GfroerliBackend.docc */ = {isa = PBXFileReference; lastKnownFileType = folder.documentationcatalog; path = GfroerliBackend.docc; sourceTree = "<group>"; };
		8D5557E92881F23C008C1BE3 /* GfroerliBackendTests.xctest */ = {isa = PBXFileReference; explicitFileType = wrapper.cfbundle; includeInIndex = 0; path = GfroerliBackendTests.xctest; sourceTree = BUILT_PRODUCTS_DIR; };
		8D5558112881F430008C1BE3 /* APIConfiguration.swift */ = {isa = PBXFileReference; fileEncoding = 4; lastKnownFileType = sourcecode.swift; path = APIConfiguration.swift; sourceTree = "<group>"; };
		8D55581D2881F4E4008C1BE3 /* Location.swift */ = {isa = PBXFileReference; fileEncoding = 4; lastKnownFileType = sourcecode.swift; path = Location.swift; sourceTree = "<group>"; };
		8D55581E2881F4E4008C1BE3 /* Sponsor.swift */ = {isa = PBXFileReference; fileEncoding = 4; lastKnownFileType = sourcecode.swift; path = Sponsor.swift; sourceTree = "<group>"; };
		8D55581F2881F4E4008C1BE3 /* TemperatureMeasurementCollection.swift */ = {isa = PBXFileReference; fileEncoding = 4; lastKnownFileType = sourcecode.swift; path = TemperatureMeasurementCollection.swift; sourceTree = "<group>"; };
		8D5558212881F4E4008C1BE3 /* FetchType.swift */ = {isa = PBXFileReference; fileEncoding = 4; lastKnownFileType = sourcecode.swift; path = FetchType.swift; sourceTree = "<group>"; };
		8D5558222881F4E4008C1BE3 /* Fetcher.swift */ = {isa = PBXFileReference; fileEncoding = 4; lastKnownFileType = sourcecode.swift; path = Fetcher.swift; sourceTree = "<group>"; };
		8D5558242881F4E4008C1BE3 /* MeasurementUtils.swift */ = {isa = PBXFileReference; fileEncoding = 4; lastKnownFileType = sourcecode.swift; path = MeasurementUtils.swift; sourceTree = "<group>"; };
		8D55582B2881F542008C1BE3 /* GfroerliBackend.swift */ = {isa = PBXFileReference; fileEncoding = 4; lastKnownFileType = sourcecode.swift; path = GfroerliBackend.swift; sourceTree = "<group>"; };
		8D55582D2881F58A008C1BE3 /* BearerToken.swift */ = {isa = PBXFileReference; lastKnownFileType = sourcecode.swift; path = BearerToken.swift; sourceTree = "<group>"; };
		8D8961BC2857933100C2A7CC /* AllLocationsViewModel.swift */ = {isa = PBXFileReference; lastKnownFileType = sourcecode.swift; path = AllLocationsViewModel.swift; sourceTree = "<group>"; };
		8D8961BE2858CD7000C2A7CC /* NavigationModel.swift */ = {isa = PBXFileReference; lastKnownFileType = sourcecode.swift; path = NavigationModel.swift; sourceTree = "<group>"; };
		8D8961C32858E4B900C2A7CC /* UIDevice+Extension.swift */ = {isa = PBXFileReference; fileEncoding = 4; lastKnownFileType = sourcecode.swift; path = "UIDevice+Extension.swift"; sourceTree = "<group>"; };
		8D8961C62858F5AD00C2A7CC /* MapView.swift */ = {isa = PBXFileReference; lastKnownFileType = sourcecode.swift; path = MapView.swift; sourceTree = "<group>"; };
		8DE7D71B28674BBE001684D1 /* LatestTemperatureView.swift */ = {isa = PBXFileReference; lastKnownFileType = sourcecode.swift; path = LatestTemperatureView.swift; sourceTree = "<group>"; };
		8DE7D71D2867513A001684D1 /* TemperatureSummaryView.swift */ = {isa = PBXFileReference; lastKnownFileType = sourcecode.swift; path = TemperatureSummaryView.swift; sourceTree = "<group>"; };
		8DE7D71F286756DF001684D1 /* SingleLocationViewModel.swift */ = {isa = PBXFileReference; lastKnownFileType = sourcecode.swift; path = SingleLocationViewModel.swift; sourceTree = "<group>"; };
		8DE7D72128675AA4001684D1 /* View+Modifiers.swift */ = {isa = PBXFileReference; lastKnownFileType = sourcecode.swift; path = "View+Modifiers.swift"; sourceTree = "<group>"; };
		8DEE78BE285E319E009D853C /* SettingsView.swift */ = {isa = PBXFileReference; lastKnownFileType = sourcecode.swift; path = SettingsView.swift; sourceTree = "<group>"; };
		8DEE78C3285E3313009D853C /* SettingsThumbnailView.swift */ = {isa = PBXFileReference; lastKnownFileType = sourcecode.swift; path = SettingsThumbnailView.swift; sourceTree = "<group>"; };
		8DEE78C5285E4497009D853C /* FAQView.swift */ = {isa = PBXFileReference; lastKnownFileType = sourcecode.swift; path = FAQView.swift; sourceTree = "<group>"; };
		8DEE78C7285E460A009D853C /* NewFeaturesView.swift */ = {isa = PBXFileReference; lastKnownFileType = sourcecode.swift; path = NewFeaturesView.swift; sourceTree = "<group>"; };
/* End PBXFileReference section */

/* Begin PBXFrameworksBuildPhase section */
		8D5489062856315C007253FE /* Frameworks */ = {
			isa = PBXFrameworksBuildPhase;
			buildActionMask = 2147483647;
			files = (
				8D5557F52881F23C008C1BE3 /* GfroerliBackend.framework in Frameworks */,
			);
			runOnlyForDeploymentPostprocessing = 0;
		};
		8D5489172856315D007253FE /* Frameworks */ = {
			isa = PBXFrameworksBuildPhase;
			buildActionMask = 2147483647;
			files = (
			);
			runOnlyForDeploymentPostprocessing = 0;
		};
		8D5489212856315D007253FE /* Frameworks */ = {
			isa = PBXFrameworksBuildPhase;
			buildActionMask = 2147483647;
			files = (
			);
			runOnlyForDeploymentPostprocessing = 0;
		};
		8D5557DD2881F23C008C1BE3 /* Frameworks */ = {
			isa = PBXFrameworksBuildPhase;
			buildActionMask = 2147483647;
			files = (
			);
			runOnlyForDeploymentPostprocessing = 0;
		};
		8D5557E62881F23C008C1BE3 /* Frameworks */ = {
			isa = PBXFrameworksBuildPhase;
			buildActionMask = 2147483647;
			files = (
				8D5557EA2881F23C008C1BE3 /* GfroerliBackend.framework in Frameworks */,
			);
			runOnlyForDeploymentPostprocessing = 0;
		};
/* End PBXFrameworksBuildPhase section */

/* Begin PBXGroup section */
		241E02C628BE7ED4007DFEA7 /* Tests */ = {
			isa = PBXGroup;
			children = (
				24E6F03D28BA43A000815A3E /* APIConfigurationTests.swift */,
				2411AAFE28BA53D900D5B59D /* LocationTests.swift */,
				242F4E4428BB7981005C27B6 /* SponsorTests.swift */,
				242F4E5428BB7F81005C27B6 /* TemperatureMeasurementTests.swift */,
				2411AAF928BA47D100D5B59D /* FetchTypeTests.swift */,
				2411AAFC28BA4E8D00D5B59D /* MeasurementUtilsTests.swift */,
			);
			path = Tests;
			sourceTree = "<group>";
		};
		242D55E529B3246F003C3090 /* Blacksmith */ = {
			isa = PBXGroup;
			children = (
				242D55E629B3246F003C3090 /* Views */,
				242D55E929B3246F003C3090 /* Helpers */,
			);
			path = Blacksmith;
			sourceTree = "<group>";
		};
		242D55E629B3246F003C3090 /* Views */ = {
			isa = PBXGroup;
			children = (
				242D55E729B3246F003C3090 /* CapturingView.swift */,
				242D55E829B3246F003C3090 /* ScreenshotWithTitle.swift */,
			);
			path = Views;
			sourceTree = "<group>";
		};
		242D55E929B3246F003C3090 /* Helpers */ = {
			isa = PBXGroup;
			children = (
				242D55EA29B3246F003C3090 /* ImageBackground.swift */,
				242D55EB29B3246F003C3090 /* ExportSize.swift */,
				242D55EC29B3246F003C3090 /* ExportMarketingImageToURL.swift */,
				242D55ED29B3246F003C3090 /* Localization.swift */,
				242D55EE29B3246F003C3090 /* ViewToUIImage.swift */,
				242D55EF29B3246F003C3090 /* ViewToNSImage.swift */,
				242D55F029B3246F003C3090 /* TitleAlignment.swift */,
			);
			path = Helpers;
			sourceTree = "<group>";
		};
		242F4E4628BB7BDC005C27B6 /* Location */ = {
			isa = PBXGroup;
			children = (
				24DAD60128BA5E82002E5785 /* LocationFull.json */,
				24DAD60328BA62C7002E5785 /* LocationMissing.json */,
				24DAD60528BA62CE002E5785 /* LocationAdditional.json */,
			);
			path = Location;
			sourceTree = "<group>";
		};
		242F4E4728BB7BEB005C27B6 /* Sponsor */ = {
			isa = PBXGroup;
			children = (
				242F4E4F28BB7DF0005C27B6 /* SponsorAdditional.json */,
				242F4E4E28BB7DF0005C27B6 /* SponsorFull.json */,
				242F4E5028BB7DF0005C27B6 /* SponsorMissing.json */,
			);
			path = Sponsor;
			sourceTree = "<group>";
		};
		242F4E5A28BB80D4005C27B6 /* TemperatureMeasurement */ = {
			isa = PBXGroup;
			children = (
				24C62B9A28D073B300607952 /* TemperatureMeasurementAdditional.json */,
				24C62B9B28D073B300607952 /* TemperatureMeasurementFull.json */,
				24C62B9928D073B300607952 /* TemperatureMeasurementMissing.json */,
			);
			name = TemperatureMeasurement;
			path = Sponsor/TemperatureMeasurement;
			sourceTree = "<group>";
		};
		247D86F628C27A8B003458C1 /* Map */ = {
			isa = PBXGroup;
			children = (
				8D8961C62858F5AD00C2A7CC /* MapView.swift */,
				247D86F728C27AAD003458C1 /* GfroerliMapAnnotation.swift */,
				24BE370B28FAA90800CF7D99 /* InlineLocationView.swift */,
				8DEE78C2285E3305009D853C /* Settings */,
			);
			path = Map;
			sourceTree = "<group>";
		};
		2481AEA6296820A200316EDA /* LocationTemperatureHistory */ = {
			isa = PBXGroup;
			children = (
				24558F1B28CB4F230025864F /* TemperatureHistoryView.swift */,
				2481AEA7296820FD00316EDA /* HistoryGraphView.swift */,
			);
			path = LocationTemperatureHistory;
			sourceTree = "<group>";
		};
		24C62BA028D0760200607952 /* Search */ = {
			isa = PBXGroup;
			children = (
				24BB342E29897C8A004B4270 /* SearchView.swift */,
			);
			path = Search;
			sourceTree = "<group>";
		};
		24DAD5FD28BA5D06002E5785 /* Helpers */ = {
			isa = PBXGroup;
			children = (
				24DAD5FE28BA5D29002E5785 /* JsonLoader.swift */,
			);
			path = Helpers;
			sourceTree = "<group>";
		};
		24DAD60028BA5E4E002E5785 /* JSONFiles */ = {
			isa = PBXGroup;
			children = (
				242F4E5A28BB80D4005C27B6 /* TemperatureMeasurement */,
				242F4E4728BB7BEB005C27B6 /* Sponsor */,
				242F4E4628BB7BDC005C27B6 /* Location */,
			);
			path = JSONFiles;
			sourceTree = "<group>";
		};
		24FF92F728C606A800454A5F /* Resources */ = {
			isa = PBXGroup;
			children = (
				24D02A4D2964BA0000B19452 /* NewFeatures.json */,
				24D02A502964BA0400B19452 /* ChangeLog.json */,
				24D02A572964BA4800B19452 /* Localizable.strings */,
			);
			path = Resources;
			sourceTree = "<group>";
		};
		8D31E3302866041A0095622E /* LocationDetail */ = {
			isa = PBXGroup;
			children = (
				2481AEA6296820A200316EDA /* LocationTemperatureHistory */,
				8D31E331286604450095622E /* LocationDetailView.swift */,
				8DE7D71B28674BBE001684D1 /* LatestTemperatureView.swift */,
				8DE7D71D2867513A001684D1 /* TemperatureSummaryView.swift */,
				241E02C928BE8338007DFEA7 /* LocationMapPreviewView.swift */,
				24DAE30228C361500040D03D /* SponsorView.swift */,
			);
			path = LocationDetail;
			sourceTree = "<group>";
		};
		8D5489002856315C007253FE = {
			isa = PBXGroup;
			children = (
				8D54890B2856315C007253FE /* gfroerli */,
				8D5557E12881F23C008C1BE3 /* GfroerliBackend */,
				8D54891D2856315D007253FE /* gfroerliTests */,
				8D5489272856315D007253FE /* gfroerliUITests */,
				8D5557EF2881F23C008C1BE3 /* GfroerliBackendTests */,
				8D54890A2856315C007253FE /* Products */,
				8D5489372856317E007253FE /* Packages */,
				8D54893A2856318C007253FE /* Frameworks */,
			);
			sourceTree = "<group>";
		};
		8D54890A2856315C007253FE /* Products */ = {
			isa = PBXGroup;
			children = (
				8D5489092856315C007253FE /* gfroerli.app */,
				8D54891A2856315D007253FE /* gfroerliTests.xctest */,
				8D5489242856315D007253FE /* gfroerliUITests.xctest */,
				8D5557E02881F23C008C1BE3 /* GfroerliBackend.framework */,
				8D5557E92881F23C008C1BE3 /* GfroerliBackendTests.xctest */,
			);
			name = Products;
			sourceTree = "<group>";
		};
		8D54890B2856315C007253FE /* gfroerli */ = {
			isa = PBXGroup;
			children = (
				8D54890C2856315C007253FE /* gfroerliApp.swift */,
				8D8961C52858F59C00C2A7CC /* Views */,
				8D8961BB2857932600C2A7CC /* ViewModels */,
				8D9328E4285B98930076E174 /* Utils */,
				8D8961C02858D31900C2A7CC /* Extensions */,
				24FF92F728C606A800454A5F /* Resources */,
				8D54893928563185007253FE /* Info.plist */,
				8D5489102856315D007253FE /* Assets.xcassets */,
				8D5489122856315D007253FE /* gfroerli.entitlements */,
				8D5489132856315D007253FE /* Preview Content */,
			);
			path = gfroerli;
			sourceTree = "<group>";
		};
		8D5489132856315D007253FE /* Preview Content */ = {
			isa = PBXGroup;
			children = (
				8D5489142856315D007253FE /* Preview Assets.xcassets */,
			);
			path = "Preview Content";
			sourceTree = "<group>";
		};
		8D54891D2856315D007253FE /* gfroerliTests */ = {
			isa = PBXGroup;
			children = (
				8D54891E2856315D007253FE /* gfroerliTests.swift */,
			);
			path = gfroerliTests;
			sourceTree = "<group>";
		};
		8D5489272856315D007253FE /* gfroerliUITests */ = {
			isa = PBXGroup;
			children = (
				24A6444929BCCBE6009555FF /* WaveShape.swift */,
				244FF97D29BDF0EA005146A3 /* ScreenShotContent.swift */,
				24A6444E29BCD8E6009555FF /* UITestAssets.xcassets */,
				242D55E529B3246F003C3090 /* Blacksmith */,
				8D5489282856315D007253FE /* gfroerliUITests.swift */,
				24BCB50329A0E00C00DA52B3 /* gfroerliScreenshots.xctestplan */,
			);
			path = gfroerliUITests;
			sourceTree = "<group>";
		};
		8D5489372856317E007253FE /* Packages */ = {
			isa = PBXGroup;
			children = (
			);
			name = Packages;
			sourceTree = "<group>";
		};
		8D54893A2856318C007253FE /* Frameworks */ = {
			isa = PBXGroup;
			children = (
			);
			name = Frameworks;
			sourceTree = "<group>";
		};
		8D5557E12881F23C008C1BE3 /* GfroerliBackend */ = {
			isa = PBXGroup;
			children = (
				8D55582B2881F542008C1BE3 /* GfroerliBackend.swift */,
				24BE370F28FAEEB600CF7D99 /* GfroerliBackendError.swift */,
				8D5558202881F4E4008C1BE3 /* Fetching */,
				8D55581C2881F4E4008C1BE3 /* Models */,
				8D5558232881F4E4008C1BE3 /* Utils */,
				8D5558112881F430008C1BE3 /* APIConfiguration.swift */,
				8D55582D2881F58A008C1BE3 /* BearerToken.swift */,
				8D5557E22881F23C008C1BE3 /* GfroerlBackend.h */,
				8D5557E32881F23C008C1BE3 /* GfroerliBackend.docc */,
			);
			path = GfroerliBackend;
			sourceTree = "<group>";
		};
		8D5557EF2881F23C008C1BE3 /* GfroerliBackendTests */ = {
			isa = PBXGroup;
			children = (
				2411AAFB28BA4D7D00D5B59D /* GfroerliBackend.xctestplan */,
				241E02C628BE7ED4007DFEA7 /* Tests */,
				24DAD60028BA5E4E002E5785 /* JSONFiles */,
				24DAD5FD28BA5D06002E5785 /* Helpers */,
			);
			path = GfroerliBackendTests;
			sourceTree = "<group>";
		};
		8D55581C2881F4E4008C1BE3 /* Models */ = {
			isa = PBXGroup;
			children = (
				8D55581D2881F4E4008C1BE3 /* Location.swift */,
				8D55581E2881F4E4008C1BE3 /* Sponsor.swift */,
				8D55581F2881F4E4008C1BE3 /* TemperatureMeasurementCollection.swift */,
				24B93CF028CDE48200573CD5 /* TemperatureMeasurement.swift */,
			);
			path = Models;
			sourceTree = "<group>";
		};
		8D5558202881F4E4008C1BE3 /* Fetching */ = {
			isa = PBXGroup;
			children = (
				8D5558212881F4E4008C1BE3 /* FetchType.swift */,
				8D5558222881F4E4008C1BE3 /* Fetcher.swift */,
			);
			path = Fetching;
			sourceTree = "<group>";
		};
		8D5558232881F4E4008C1BE3 /* Utils */ = {
			isa = PBXGroup;
			children = (
				241E02C728BE7F3F007DFEA7 /* DateUtil.swift */,
				8D5558242881F4E4008C1BE3 /* MeasurementUtils.swift */,
			);
			path = Utils;
			sourceTree = "<group>";
		};
		8D8961BB2857932600C2A7CC /* ViewModels */ = {
			isa = PBXGroup;
			children = (
				8D8961BC2857933100C2A7CC /* AllLocationsViewModel.swift */,
				8DE7D71F286756DF001684D1 /* SingleLocationViewModel.swift */,
				24DAE30028C35FC20040D03D /* SponsorViewModel.swift */,
				8D31E32E286601950095622E /* TemperaturesViewModel.swift */,
				8D8961BE2858CD7000C2A7CC /* NavigationModel.swift */,
				24275B1E2964903000DDD05E /* ViewModelState.swift */,
			);
			path = ViewModels;
			sourceTree = "<group>";
		};
		8D8961C02858D31900C2A7CC /* Extensions */ = {
			isa = PBXGroup;
			children = (
				8D8961C32858E4B900C2A7CC /* UIDevice+Extension.swift */,
				24BE370D28FAE36800CF7D99 /* Array+Codable.swift */,
				24D1F42928C60700004F7E8B /* Bundle+Dedode.swift */,
				8DE7D72128675AA4001684D1 /* View+Modifiers.swift */,
				2481AEAB29684B1800316EDA /* Color+AccentColor.swift */,
				2481AEAD296856FE00316EDA /* Date+Week.swift */,
			);
			path = Extensions;
			sourceTree = "<group>";
		};
		8D8961C52858F59C00C2A7CC /* Views */ = {
			isa = PBXGroup;
			children = (
				8D8961CF2858FEB800C2A7CC /* iOS */,
			);
			path = Views;
			sourceTree = "<group>";
		};
		8D8961CF2858FEB800C2A7CC /* iOS */ = {
			isa = PBXGroup;
			children = (
				24BB342A29884E1F004B4270 /* MainView.swift */,
				24C62BA028D0760200607952 /* Search */,
				8D31E3302866041A0095622E /* LocationDetail */,
				247D86F628C27A8B003458C1 /* Map */,
			);
			path = iOS;
			sourceTree = "<group>";
		};
		8D9328E4285B98930076E174 /* Utils */ = {
			isa = PBXGroup;
			children = (
				8D3C681C285B6E4800DC8CA4 /* AppConfiguration.swift */,
				24FF92F528C6064200454A5F /* NewFeatures.swift */,
				24457EEF28C619C200172C2B /* ChangeLog.swift */,
				24D1F42D28C609A0004F7E8B /* DefaultsCoordinator.swift */,
			);
			path = Utils;
			sourceTree = "<group>";
		};
		8DEE78C2285E3305009D853C /* Settings */ = {
			isa = PBXGroup;
			children = (
				8DEE78BE285E319E009D853C /* SettingsView.swift */,
				8DEE78C5285E4497009D853C /* FAQView.swift */,
				8DEE78C7285E460A009D853C /* NewFeaturesView.swift */,
				24457EED28C6197C00172C2B /* ChangeLogView.swift */,
				8DEE78C3285E3313009D853C /* SettingsThumbnailView.swift */,
			);
			path = Settings;
			sourceTree = "<group>";
		};
/* End PBXGroup section */

/* Begin PBXHeadersBuildPhase section */
		8D5557DB2881F23C008C1BE3 /* Headers */ = {
			isa = PBXHeadersBuildPhase;
			buildActionMask = 2147483647;
			files = (
				8D5557F22881F23C008C1BE3 /* GfroerlBackend.h in Headers */,
			);
			runOnlyForDeploymentPostprocessing = 0;
		};
/* End PBXHeadersBuildPhase section */

/* Begin PBXNativeTarget section */
		8D5489082856315C007253FE /* gfroerli */ = {
			isa = PBXNativeTarget;
			buildConfigurationList = 8D54892E2856315D007253FE /* Build configuration list for PBXNativeTarget "gfroerli" */;
			buildPhases = (
				8D5489052856315C007253FE /* Sources */,
				8D5489062856315C007253FE /* Frameworks */,
				8D5489072856315C007253FE /* Resources */,
				8D5557FA2881F23C008C1BE3 /* Embed Frameworks */,
			);
			buildRules = (
			);
			dependencies = (
			);
			name = gfroerli;
			packageProductDependencies = (
			);
			productName = gfroerli;
			productReference = 8D5489092856315C007253FE /* gfroerli.app */;
			productType = "com.apple.product-type.application";
		};
		8D5489192856315D007253FE /* gfroerliTests */ = {
			isa = PBXNativeTarget;
			buildConfigurationList = 8D5489312856315D007253FE /* Build configuration list for PBXNativeTarget "gfroerliTests" */;
			buildPhases = (
				2467781E28CB9010006895DF /* ShellScript */,
				8D5489162856315D007253FE /* Sources */,
				8D5489172856315D007253FE /* Frameworks */,
				8D5489182856315D007253FE /* Resources */,
			);
			buildRules = (
			);
			dependencies = (
				8D54891C2856315D007253FE /* PBXTargetDependency */,
			);
			name = gfroerliTests;
			productName = gfroerliTests;
			productReference = 8D54891A2856315D007253FE /* gfroerliTests.xctest */;
			productType = "com.apple.product-type.bundle.unit-test";
		};
		8D5489232856315D007253FE /* gfroerliUITests */ = {
			isa = PBXNativeTarget;
			buildConfigurationList = 8D5489342856315D007253FE /* Build configuration list for PBXNativeTarget "gfroerliUITests" */;
			buildPhases = (
				8D5489202856315D007253FE /* Sources */,
				8D5489212856315D007253FE /* Frameworks */,
				8D5489222856315D007253FE /* Resources */,
			);
			buildRules = (
			);
			dependencies = (
				8D5489262856315D007253FE /* PBXTargetDependency */,
			);
			name = gfroerliUITests;
			productName = gfroerliUITests;
			productReference = 8D5489242856315D007253FE /* gfroerliUITests.xctest */;
			productType = "com.apple.product-type.bundle.ui-testing";
		};
		8D5557DF2881F23C008C1BE3 /* GfroerliBackend */ = {
			isa = PBXNativeTarget;
			buildConfigurationList = 8D5557F72881F23C008C1BE3 /* Build configuration list for PBXNativeTarget "GfroerliBackend" */;
			buildPhases = (
				8D5557DB2881F23C008C1BE3 /* Headers */,
				8D5557DC2881F23C008C1BE3 /* Sources */,
				8D5557DD2881F23C008C1BE3 /* Frameworks */,
				8D5557DE2881F23C008C1BE3 /* Resources */,
			);
			buildRules = (
			);
			dependencies = (
			);
			name = GfroerliBackend;
			productName = GfroerliAPI;
			productReference = 8D5557E02881F23C008C1BE3 /* GfroerliBackend.framework */;
			productType = "com.apple.product-type.framework";
		};
		8D5557E82881F23C008C1BE3 /* GfroerliBackendTests */ = {
			isa = PBXNativeTarget;
			buildConfigurationList = 8D5557FB2881F23C008C1BE3 /* Build configuration list for PBXNativeTarget "GfroerliBackendTests" */;
			buildPhases = (
				8D5557E52881F23C008C1BE3 /* Sources */,
				8D5557E62881F23C008C1BE3 /* Frameworks */,
				8D5557E72881F23C008C1BE3 /* Resources */,
			);
			buildRules = (
			);
			dependencies = (
				8D5557EC2881F23C008C1BE3 /* PBXTargetDependency */,
				8D5557EE2881F23C008C1BE3 /* PBXTargetDependency */,
			);
			name = GfroerliBackendTests;
			productName = GfroerliAPITests;
			productReference = 8D5557E92881F23C008C1BE3 /* GfroerliBackendTests.xctest */;
			productType = "com.apple.product-type.bundle.unit-test";
		};
/* End PBXNativeTarget section */

/* Begin PBXProject section */
		8D5489012856315C007253FE /* Project object */ = {
			isa = PBXProject;
			attributes = {
				BuildIndependentTargetsInParallel = 1;
				LastSwiftUpdateCheck = 1400;
				LastUpgradeCheck = 1430;
				TargetAttributes = {
					8D5489082856315C007253FE = {
						CreatedOnToolsVersion = 14.0;
					};
					8D5489192856315D007253FE = {
						CreatedOnToolsVersion = 14.0;
						TestTargetID = 8D5489082856315C007253FE;
					};
					8D5489232856315D007253FE = {
						CreatedOnToolsVersion = 14.0;
						TestTargetID = 8D5489082856315C007253FE;
					};
					8D5557DF2881F23C008C1BE3 = {
						CreatedOnToolsVersion = 14.0;
					};
					8D5557E82881F23C008C1BE3 = {
						CreatedOnToolsVersion = 14.0;
						TestTargetID = 8D5489082856315C007253FE;
					};
				};
			};
			buildConfigurationList = 8D5489042856315C007253FE /* Build configuration list for PBXProject "gfroerli" */;
			compatibilityVersion = "Xcode 14.0";
			developmentRegion = en;
			hasScannedForEncodings = 0;
			knownRegions = (
				en,
				de,
				gsw,
				Base,
			);
			mainGroup = 8D5489002856315C007253FE;
			productRefGroup = 8D54890A2856315C007253FE /* Products */;
			projectDirPath = "";
			projectRoot = "";
			targets = (
				8D5489082856315C007253FE /* gfroerli */,
				8D5489192856315D007253FE /* gfroerliTests */,
				8D5489232856315D007253FE /* gfroerliUITests */,
				8D5557DF2881F23C008C1BE3 /* GfroerliBackend */,
				8D5557E82881F23C008C1BE3 /* GfroerliBackendTests */,
			);
		};
/* End PBXProject section */

/* Begin PBXResourcesBuildPhase section */
		8D5489072856315C007253FE /* Resources */ = {
			isa = PBXResourcesBuildPhase;
			buildActionMask = 2147483647;
			files = (
				24D02A552964BA4800B19452 /* Localizable.strings in Resources */,
				8D5489152856315D007253FE /* Preview Assets.xcassets in Resources */,
				24D02A4B2964BA0000B19452 /* NewFeatures.json in Resources */,
				24D02A4E2964BA0400B19452 /* ChangeLog.json in Resources */,
				24A6445029BCDA3B009555FF /* UITestAssets.xcassets in Resources */,
				8D5489112856315D007253FE /* Assets.xcassets in Resources */,
			);
			runOnlyForDeploymentPostprocessing = 0;
		};
		8D5489182856315D007253FE /* Resources */ = {
			isa = PBXResourcesBuildPhase;
			buildActionMask = 2147483647;
			files = (
			);
			runOnlyForDeploymentPostprocessing = 0;
		};
		8D5489222856315D007253FE /* Resources */ = {
			isa = PBXResourcesBuildPhase;
			buildActionMask = 2147483647;
			files = (
				244FF98129BDF58E005146A3 /* Localizable.strings in Resources */,
				24A6444F29BCD8E6009555FF /* UITestAssets.xcassets in Resources */,
				24A8AE8129B327BE00F67F18 /* Preview Assets.xcassets in Resources */,
			);
			runOnlyForDeploymentPostprocessing = 0;
		};
		8D5557DE2881F23C008C1BE3 /* Resources */ = {
			isa = PBXResourcesBuildPhase;
			buildActionMask = 2147483647;
			files = (
			);
			runOnlyForDeploymentPostprocessing = 0;
		};
		8D5557E72881F23C008C1BE3 /* Resources */ = {
			isa = PBXResourcesBuildPhase;
			buildActionMask = 2147483647;
			files = (
				24C62B9D28D073B300607952 /* TemperatureMeasurementAdditional.json in Resources */,
				24DAD60628BA62CE002E5785 /* LocationAdditional.json in Resources */,
				242F4E5228BB7DF0005C27B6 /* SponsorAdditional.json in Resources */,
				24DAD60428BA62C8002E5785 /* LocationMissing.json in Resources */,
				24C62B9C28D073B300607952 /* TemperatureMeasurementMissing.json in Resources */,
				24C62B9E28D073B300607952 /* TemperatureMeasurementFull.json in Resources */,
				242F4E5328BB7DF0005C27B6 /* SponsorMissing.json in Resources */,
				24DAD60228BA5E82002E5785 /* LocationFull.json in Resources */,
				242F4E5128BB7DF0005C27B6 /* SponsorFull.json in Resources */,
			);
			runOnlyForDeploymentPostprocessing = 0;
		};
/* End PBXResourcesBuildPhase section */

/* Begin PBXShellScriptBuildPhase section */
		2467781E28CB9010006895DF /* ShellScript */ = {
			isa = PBXShellScriptBuildPhase;
			buildActionMask = 2147483647;
			files = (
			);
			inputFileListPaths = (
			);
			inputPaths = (
			);
			outputFileListPaths = (
			);
			outputPaths = (
			);
			runOnlyForDeploymentPostprocessing = 0;
			shellPath = /bin/sh;
			shellScript = "cd BuildTools\nSDKROOT=(xcrun --sdk macosx --show-sdk-path)\n#swift package update #Uncomment this line temporarily to update the version used to the latest matching your BuildTools/Package.swift file\nswift run -c release swiftformat \"$SRCROOT\"\n";
		};
/* End PBXShellScriptBuildPhase section */

/* Begin PBXSourcesBuildPhase section */
		8D5489052856315C007253FE /* Sources */ = {
			isa = PBXSourcesBuildPhase;
			buildActionMask = 2147483647;
			files = (
				24A8AE7D29B3263D00F67F18 /* TitleAlignment.swift in Sources */,
				8D8961C42858E4B900C2A7CC /* UIDevice+Extension.swift in Sources */,
				24BB342B29884E1F004B4270 /* MainView.swift in Sources */,
				2481AEAC29684B1800316EDA /* Color+AccentColor.swift in Sources */,
				24DAE30128C35FC20040D03D /* SponsorViewModel.swift in Sources */,
				8DEE78C8285E460A009D853C /* NewFeaturesView.swift in Sources */,
				24457EEE28C6197C00172C2B /* ChangeLogView.swift in Sources */,
				24A8AE7B29B3263D00F67F18 /* Localization.swift in Sources */,
				8DE7D71E2867513A001684D1 /* TemperatureSummaryView.swift in Sources */,
				24558F1C28CB4F230025864F /* TemperatureHistoryView.swift in Sources */,
				241E02CA28BE8338007DFEA7 /* LocationMapPreviewView.swift in Sources */,
				24A8AE7A29B3263D00F67F18 /* ExportSize.swift in Sources */,
				244FF97F29BDF4CA005146A3 /* ScreenshotWithTitle.swift in Sources */,
				24BE370E28FAE36800CF7D99 /* Array+Codable.swift in Sources */,
				24FF92F628C6064200454A5F /* NewFeatures.swift in Sources */,
				24A6444B29BCCBFD009555FF /* WaveShape.swift in Sources */,
				24A8AE7829B3263800F67F18 /* CapturingView.swift in Sources */,
				24DAE30328C361500040D03D /* SponsorView.swift in Sources */,
				24BE370C28FAA90800CF7D99 /* InlineLocationView.swift in Sources */,
				8DE7D720286756DF001684D1 /* SingleLocationViewModel.swift in Sources */,
				8D31E332286604450095622E /* LocationDetailView.swift in Sources */,
				8D8961C72858F5AD00C2A7CC /* MapView.swift in Sources */,
				24275B1F2964903000DDD05E /* ViewModelState.swift in Sources */,
				8D8961BF2858CD7000C2A7CC /* NavigationModel.swift in Sources */,
				24A8AE7929B3263D00F67F18 /* ViewToUIImage.swift in Sources */,
				8D8961BD2857933100C2A7CC /* AllLocationsViewModel.swift in Sources */,
				24457EF028C619C200172C2B /* ChangeLog.swift in Sources */,
				8D54890D2856315C007253FE /* gfroerliApp.swift in Sources */,
				8D31E32F286601950095622E /* TemperaturesViewModel.swift in Sources */,
				247D86F828C27AAD003458C1 /* GfroerliMapAnnotation.swift in Sources */,
				8DE7D72228675AA4001684D1 /* View+Modifiers.swift in Sources */,
				8DEE78C4285E3313009D853C /* SettingsThumbnailView.swift in Sources */,
				8D3C681D285B6E4800DC8CA4 /* AppConfiguration.swift in Sources */,
				24A8AE7C29B3263D00F67F18 /* ViewToNSImage.swift in Sources */,
				2481AEA8296820FD00316EDA /* HistoryGraphView.swift in Sources */,
				24BB342F29897C8A004B4270 /* SearchView.swift in Sources */,
				24D1F42E28C609A0004F7E8B /* DefaultsCoordinator.swift in Sources */,
				8DE7D71C28674BBE001684D1 /* LatestTemperatureView.swift in Sources */,
				8DEE78C6285E4497009D853C /* FAQView.swift in Sources */,
				244FF98029BDF4CF005146A3 /* ScreenShotContent.swift in Sources */,
				8DEE78BF285E319E009D853C /* SettingsView.swift in Sources */,
				2481AEAE296856FE00316EDA /* Date+Week.swift in Sources */,
				24A8AE7E29B3263D00F67F18 /* ImageBackground.swift in Sources */,
				24D1F42A28C60700004F7E8B /* Bundle+Dedode.swift in Sources */,
			);
			runOnlyForDeploymentPostprocessing = 0;
		};
		8D5489162856315D007253FE /* Sources */ = {
			isa = PBXSourcesBuildPhase;
			buildActionMask = 2147483647;
			files = (
				8D54891F2856315D007253FE /* gfroerliTests.swift in Sources */,
			);
			runOnlyForDeploymentPostprocessing = 0;
		};
		8D5489202856315D007253FE /* Sources */ = {
			isa = PBXSourcesBuildPhase;
			buildActionMask = 2147483647;
			files = (
				242D55F429B3246F003C3090 /* ExportSize.swift in Sources */,
				244FF97E29BDF0EA005146A3 /* ScreenShotContent.swift in Sources */,
				242D55F529B3246F003C3090 /* ExportMarketingImageToURL.swift in Sources */,
				24A8AE7629B3260600F67F18 /* ScreenshotWithTitle.swift in Sources */,
				24A6444A29BCCBE6009555FF /* WaveShape.swift in Sources */,
				242D55F929B3246F003C3090 /* TitleAlignment.swift in Sources */,
				24A6444D29BCD1F3009555FF /* Color+AccentColor.swift in Sources */,
				242D55F629B3246F003C3090 /* Localization.swift in Sources */,
				242D55F129B3246F003C3090 /* CapturingView.swift in Sources */,
				242D55F829B3246F003C3090 /* ViewToNSImage.swift in Sources */,
				242D55F729B3246F003C3090 /* ViewToUIImage.swift in Sources */,
				8D5489292856315D007253FE /* gfroerliUITests.swift in Sources */,
				242D55F329B3246F003C3090 /* ImageBackground.swift in Sources */,
			);
			runOnlyForDeploymentPostprocessing = 0;
		};
		8D5557DC2881F23C008C1BE3 /* Sources */ = {
			isa = PBXSourcesBuildPhase;
			buildActionMask = 2147483647;
			files = (
				24B93CF128CDE48200573CD5 /* TemperatureMeasurement.swift in Sources */,
				8D55582A2881F4E4008C1BE3 /* MeasurementUtils.swift in Sources */,
				8D5558292881F4E4008C1BE3 /* Fetcher.swift in Sources */,
				8D5558282881F4E4008C1BE3 /* FetchType.swift in Sources */,
				8D5558272881F4E4008C1BE3 /* TemperatureMeasurementCollection.swift in Sources */,
				8D55582E2881F58A008C1BE3 /* BearerToken.swift in Sources */,
				8D5558262881F4E4008C1BE3 /* Sponsor.swift in Sources */,
				8D5558162881F430008C1BE3 /* APIConfiguration.swift in Sources */,
				8D5558252881F4E4008C1BE3 /* Location.swift in Sources */,
				8D55582C2881F542008C1BE3 /* GfroerliBackend.swift in Sources */,
				24C16CE529C499F900FE213E /* DateUtil.swift in Sources */,
				8D5557E42881F23C008C1BE3 /* GfroerliBackend.docc in Sources */,
				24BE371028FAEEB600CF7D99 /* GfroerliBackendError.swift in Sources */,
			);
			runOnlyForDeploymentPostprocessing = 0;
		};
		8D5557E52881F23C008C1BE3 /* Sources */ = {
			isa = PBXSourcesBuildPhase;
			buildActionMask = 2147483647;
			files = (
				242F4E5528BB7F81005C27B6 /* TemperatureMeasurementTests.swift in Sources */,
				242F4E4528BB7981005C27B6 /* SponsorTests.swift in Sources */,
				2411AAFA28BA47D200D5B59D /* FetchTypeTests.swift in Sources */,
				2411AAFD28BA4E8D00D5B59D /* MeasurementUtilsTests.swift in Sources */,
				2411AAFF28BA53D900D5B59D /* LocationTests.swift in Sources */,
				24E6F03E28BA43A000815A3E /* APIConfigurationTests.swift in Sources */,
				24DAD5FF28BA5D29002E5785 /* JsonLoader.swift in Sources */,
			);
			runOnlyForDeploymentPostprocessing = 0;
		};
/* End PBXSourcesBuildPhase section */

/* Begin PBXTargetDependency section */
		8D54891C2856315D007253FE /* PBXTargetDependency */ = {
			isa = PBXTargetDependency;
			target = 8D5489082856315C007253FE /* gfroerli */;
			targetProxy = 8D54891B2856315D007253FE /* PBXContainerItemProxy */;
		};
		8D5489262856315D007253FE /* PBXTargetDependency */ = {
			isa = PBXTargetDependency;
			target = 8D5489082856315C007253FE /* gfroerli */;
			targetProxy = 8D5489252856315D007253FE /* PBXContainerItemProxy */;
		};
		8D5557EC2881F23C008C1BE3 /* PBXTargetDependency */ = {
			isa = PBXTargetDependency;
			target = 8D5557DF2881F23C008C1BE3 /* GfroerliBackend */;
			targetProxy = 8D5557EB2881F23C008C1BE3 /* PBXContainerItemProxy */;
		};
		8D5557EE2881F23C008C1BE3 /* PBXTargetDependency */ = {
			isa = PBXTargetDependency;
			target = 8D5489082856315C007253FE /* gfroerli */;
			targetProxy = 8D5557ED2881F23C008C1BE3 /* PBXContainerItemProxy */;
		};
/* End PBXTargetDependency section */

/* Begin PBXVariantGroup section */
		24D02A4D2964BA0000B19452 /* NewFeatures.json */ = {
			isa = PBXVariantGroup;
			children = (
				24D02A522964BA1300B19452 /* en */,
				24D02A582964BA5900B19452 /* de */,
				2441D0C529A8F5ED000E223F /* gsw */,
			);
			name = NewFeatures.json;
			sourceTree = "<group>";
		};
		24D02A502964BA0400B19452 /* ChangeLog.json */ = {
			isa = PBXVariantGroup;
			children = (
				24D02A512964BA0F00B19452 /* en */,
				24D02A592964BA5900B19452 /* de */,
				2441D0C629A8F5ED000E223F /* gsw */,
			);
			name = ChangeLog.json;
			sourceTree = "<group>";
		};
		24D02A572964BA4800B19452 /* Localizable.strings */ = {
			isa = PBXVariantGroup;
			children = (
				24D02A562964BA4800B19452 /* en */,
				24D02A5A2964BA5900B19452 /* de */,
				2441D0C729A8F5ED000E223F /* gsw */,
			);
			name = Localizable.strings;
			sourceTree = "<group>";
		};
/* End PBXVariantGroup section */

/* Begin XCBuildConfiguration section */
		8D54892C2856315D007253FE /* Debug */ = {
			isa = XCBuildConfiguration;
			buildSettings = {
				ALWAYS_SEARCH_USER_PATHS = NO;
				CLANG_ANALYZER_LOCALIZABILITY_NONLOCALIZED = YES;
				CLANG_ANALYZER_NONNULL = YES;
				CLANG_ANALYZER_NUMBER_OBJECT_CONVERSION = YES_AGGRESSIVE;
				CLANG_CXX_LANGUAGE_STANDARD = "gnu++17";
				CLANG_ENABLE_MODULES = YES;
				CLANG_ENABLE_OBJC_ARC = YES;
				CLANG_ENABLE_OBJC_WEAK = YES;
				CLANG_WARN_BLOCK_CAPTURE_AUTORELEASING = YES;
				CLANG_WARN_BOOL_CONVERSION = YES;
				CLANG_WARN_COMMA = YES;
				CLANG_WARN_CONSTANT_CONVERSION = YES;
				CLANG_WARN_DEPRECATED_OBJC_IMPLEMENTATIONS = YES;
				CLANG_WARN_DIRECT_OBJC_ISA_USAGE = YES_ERROR;
				CLANG_WARN_DOCUMENTATION_COMMENTS = YES;
				CLANG_WARN_EMPTY_BODY = YES;
				CLANG_WARN_ENUM_CONVERSION = YES;
				CLANG_WARN_INFINITE_RECURSION = YES;
				CLANG_WARN_INT_CONVERSION = YES;
				CLANG_WARN_NON_LITERAL_NULL_CONVERSION = YES;
				CLANG_WARN_OBJC_IMPLICIT_RETAIN_SELF = YES;
				CLANG_WARN_OBJC_LITERAL_CONVERSION = YES;
				CLANG_WARN_OBJC_ROOT_CLASS = YES_ERROR;
				CLANG_WARN_QUOTED_INCLUDE_IN_FRAMEWORK_HEADER = YES;
				CLANG_WARN_RANGE_LOOP_ANALYSIS = YES;
				CLANG_WARN_STRICT_PROTOTYPES = YES;
				CLANG_WARN_SUSPICIOUS_MOVE = YES;
				CLANG_WARN_UNGUARDED_AVAILABILITY = YES_AGGRESSIVE;
				CLANG_WARN_UNREACHABLE_CODE = YES;
				CLANG_WARN__DUPLICATE_METHOD_MATCH = YES;
				COPY_PHASE_STRIP = NO;
				DEAD_CODE_STRIPPING = YES;
				DEBUG_INFORMATION_FORMAT = dwarf;
				ENABLE_STRICT_OBJC_MSGSEND = YES;
				ENABLE_TESTABILITY = YES;
				GCC_C_LANGUAGE_STANDARD = gnu11;
				GCC_DYNAMIC_NO_PIC = NO;
				GCC_NO_COMMON_BLOCKS = YES;
				GCC_OPTIMIZATION_LEVEL = 0;
				GCC_PREPROCESSOR_DEFINITIONS = (
					"DEBUG=1",
					"$(inherited)",
				);
				GCC_WARN_64_TO_32_BIT_CONVERSION = YES;
				GCC_WARN_ABOUT_RETURN_TYPE = YES_ERROR;
				GCC_WARN_UNDECLARED_SELECTOR = YES;
				GCC_WARN_UNINITIALIZED_AUTOS = YES_AGGRESSIVE;
				GCC_WARN_UNUSED_FUNCTION = YES;
				GCC_WARN_UNUSED_VARIABLE = YES;
				IPHONEOS_DEPLOYMENT_TARGET = 16.0;
				MTL_ENABLE_DEBUG_INFO = INCLUDE_SOURCE;
				MTL_FAST_MATH = YES;
				ONLY_ACTIVE_ARCH = YES;
				SWIFT_ACTIVE_COMPILATION_CONDITIONS = DEBUG;
				SWIFT_OPTIMIZATION_LEVEL = "-Onone";
			};
			name = Debug;
		};
		8D54892D2856315D007253FE /* Release */ = {
			isa = XCBuildConfiguration;
			buildSettings = {
				ALWAYS_SEARCH_USER_PATHS = NO;
				CLANG_ANALYZER_LOCALIZABILITY_NONLOCALIZED = YES;
				CLANG_ANALYZER_NONNULL = YES;
				CLANG_ANALYZER_NUMBER_OBJECT_CONVERSION = YES_AGGRESSIVE;
				CLANG_CXX_LANGUAGE_STANDARD = "gnu++17";
				CLANG_ENABLE_MODULES = YES;
				CLANG_ENABLE_OBJC_ARC = YES;
				CLANG_ENABLE_OBJC_WEAK = YES;
				CLANG_WARN_BLOCK_CAPTURE_AUTORELEASING = YES;
				CLANG_WARN_BOOL_CONVERSION = YES;
				CLANG_WARN_COMMA = YES;
				CLANG_WARN_CONSTANT_CONVERSION = YES;
				CLANG_WARN_DEPRECATED_OBJC_IMPLEMENTATIONS = YES;
				CLANG_WARN_DIRECT_OBJC_ISA_USAGE = YES_ERROR;
				CLANG_WARN_DOCUMENTATION_COMMENTS = YES;
				CLANG_WARN_EMPTY_BODY = YES;
				CLANG_WARN_ENUM_CONVERSION = YES;
				CLANG_WARN_INFINITE_RECURSION = YES;
				CLANG_WARN_INT_CONVERSION = YES;
				CLANG_WARN_NON_LITERAL_NULL_CONVERSION = YES;
				CLANG_WARN_OBJC_IMPLICIT_RETAIN_SELF = YES;
				CLANG_WARN_OBJC_LITERAL_CONVERSION = YES;
				CLANG_WARN_OBJC_ROOT_CLASS = YES_ERROR;
				CLANG_WARN_QUOTED_INCLUDE_IN_FRAMEWORK_HEADER = YES;
				CLANG_WARN_RANGE_LOOP_ANALYSIS = YES;
				CLANG_WARN_STRICT_PROTOTYPES = YES;
				CLANG_WARN_SUSPICIOUS_MOVE = YES;
				CLANG_WARN_UNGUARDED_AVAILABILITY = YES_AGGRESSIVE;
				CLANG_WARN_UNREACHABLE_CODE = YES;
				CLANG_WARN__DUPLICATE_METHOD_MATCH = YES;
				COPY_PHASE_STRIP = NO;
				DEAD_CODE_STRIPPING = YES;
				DEBUG_INFORMATION_FORMAT = "dwarf-with-dsym";
				ENABLE_NS_ASSERTIONS = NO;
				ENABLE_STRICT_OBJC_MSGSEND = YES;
				GCC_C_LANGUAGE_STANDARD = gnu11;
				GCC_NO_COMMON_BLOCKS = YES;
				GCC_WARN_64_TO_32_BIT_CONVERSION = YES;
				GCC_WARN_ABOUT_RETURN_TYPE = YES_ERROR;
				GCC_WARN_UNDECLARED_SELECTOR = YES;
				GCC_WARN_UNINITIALIZED_AUTOS = YES_AGGRESSIVE;
				GCC_WARN_UNUSED_FUNCTION = YES;
				GCC_WARN_UNUSED_VARIABLE = YES;
				IPHONEOS_DEPLOYMENT_TARGET = 16.0;
				MTL_ENABLE_DEBUG_INFO = NO;
				MTL_FAST_MATH = YES;
				SWIFT_COMPILATION_MODE = wholemodule;
				SWIFT_OPTIMIZATION_LEVEL = "-O";
			};
			name = Release;
		};
		8D54892F2856315D007253FE /* Debug */ = {
			isa = XCBuildConfiguration;
			buildSettings = {
				ALWAYS_EMBED_SWIFT_STANDARD_LIBRARIES = YES;
				ASSETCATALOG_COMPILER_APPICON_NAME = AppIcon;
				ASSETCATALOG_COMPILER_GLOBAL_ACCENT_COLOR_NAME = AccentColor;
				CODE_SIGN_ENTITLEMENTS = gfroerli/gfroerli.entitlements;
				CODE_SIGN_IDENTITY = "-";
				"CODE_SIGN_IDENTITY[sdk=iphoneos*]" = "Apple Development";
				CODE_SIGN_STYLE = Automatic;
				CURRENT_PROJECT_VERSION = 20230317;
				DEAD_CODE_STRIPPING = YES;
				DEVELOPMENT_ASSET_PATHS = "\"gfroerli/Preview Content\"";
				DEVELOPMENT_TEAM = T7M5358433;
				ENABLE_HARDENED_RUNTIME = YES;
				ENABLE_PREVIEWS = YES;
				GENERATE_INFOPLIST_FILE = YES;
				INFOPLIST_FILE = gfroerli/Info.plist;
				INFOPLIST_KEY_CFBundleDisplayName = "Gfrör.li";
				INFOPLIST_KEY_LSApplicationCategoryType = "public.app-category.weather";
				"INFOPLIST_KEY_UILaunchScreen_Generation[sdk=iphoneos*]" = YES;
				"INFOPLIST_KEY_UILaunchScreen_Generation[sdk=iphonesimulator*]" = YES;
				INFOPLIST_KEY_UISupportedInterfaceOrientations = UIInterfaceOrientationPortrait;
				IPHONEOS_DEPLOYMENT_TARGET = 16.4;
				LD_RUNPATH_SEARCH_PATHS = "@executable_path/Frameworks";
				"LD_RUNPATH_SEARCH_PATHS[sdk=macosx*]" = "@executable_path/../Frameworks";
				MACOSX_DEPLOYMENT_TARGET = 12.4;
				MARKETING_VERSION = 3.0;
				PRODUCT_BUNDLE_IDENTIFIER = ch.coredump.gfroerli;
				PRODUCT_NAME = "$(TARGET_NAME)";
				SDKROOT = auto;
				SUPPORTED_PLATFORMS = "iphoneos iphonesimulator";
				SUPPORTS_MACCATALYST = NO;
				SUPPORTS_MAC_DESIGNED_FOR_IPHONE_IPAD = NO;
				SWIFT_EMIT_LOC_STRINGS = YES;
				SWIFT_VERSION = 5.0;
				TARGETED_DEVICE_FAMILY = 1;
			};
			name = Debug;
		};
		8D5489302856315D007253FE /* Release */ = {
			isa = XCBuildConfiguration;
			buildSettings = {
				ALWAYS_EMBED_SWIFT_STANDARD_LIBRARIES = YES;
				ASSETCATALOG_COMPILER_APPICON_NAME = AppIcon;
				ASSETCATALOG_COMPILER_GLOBAL_ACCENT_COLOR_NAME = AccentColor;
				CODE_SIGN_ENTITLEMENTS = gfroerli/gfroerli.entitlements;
				CODE_SIGN_IDENTITY = "-";
				"CODE_SIGN_IDENTITY[sdk=iphoneos*]" = "Apple Development";
				CODE_SIGN_STYLE = Automatic;
				CURRENT_PROJECT_VERSION = 20230317;
				DEAD_CODE_STRIPPING = YES;
				DEVELOPMENT_ASSET_PATHS = "\"gfroerli/Preview Content\"";
				DEVELOPMENT_TEAM = T7M5358433;
				ENABLE_HARDENED_RUNTIME = YES;
				ENABLE_PREVIEWS = YES;
				GENERATE_INFOPLIST_FILE = YES;
				INFOPLIST_FILE = gfroerli/Info.plist;
				INFOPLIST_KEY_CFBundleDisplayName = "Gfrör.li";
				INFOPLIST_KEY_LSApplicationCategoryType = "public.app-category.weather";
				"INFOPLIST_KEY_UILaunchScreen_Generation[sdk=iphoneos*]" = YES;
				"INFOPLIST_KEY_UILaunchScreen_Generation[sdk=iphonesimulator*]" = YES;
				INFOPLIST_KEY_UISupportedInterfaceOrientations = UIInterfaceOrientationPortrait;
				IPHONEOS_DEPLOYMENT_TARGET = 16.4;
				LD_RUNPATH_SEARCH_PATHS = "@executable_path/Frameworks";
				"LD_RUNPATH_SEARCH_PATHS[sdk=macosx*]" = "@executable_path/../Frameworks";
				MACOSX_DEPLOYMENT_TARGET = 12.4;
				MARKETING_VERSION = 3.0;
				PRODUCT_BUNDLE_IDENTIFIER = ch.coredump.gfroerli;
				PRODUCT_NAME = "$(TARGET_NAME)";
				SDKROOT = auto;
				SUPPORTED_PLATFORMS = "iphoneos iphonesimulator";
				SUPPORTS_MACCATALYST = NO;
				SUPPORTS_MAC_DESIGNED_FOR_IPHONE_IPAD = NO;
				SWIFT_EMIT_LOC_STRINGS = YES;
				SWIFT_VERSION = 5.0;
				TARGETED_DEVICE_FAMILY = 1;
			};
			name = Release;
		};
		8D5489322856315D007253FE /* Debug */ = {
			isa = XCBuildConfiguration;
			buildSettings = {
				ALWAYS_EMBED_SWIFT_STANDARD_LIBRARIES = YES;
				BUNDLE_LOADER = "$(TEST_HOST)";
				CODE_SIGN_STYLE = Automatic;
				CURRENT_PROJECT_VERSION = 1;
				DEAD_CODE_STRIPPING = YES;
				DEVELOPMENT_TEAM = T7M5358433;
				GENERATE_INFOPLIST_FILE = YES;
				IPHONEOS_DEPLOYMENT_TARGET = 16.0;
				MACOSX_DEPLOYMENT_TARGET = 12.4;
				MARKETING_VERSION = 1.0;
				PRODUCT_BUNDLE_IDENTIFIER = ch.coredump.gfroerliTests;
				PRODUCT_NAME = "$(TARGET_NAME)";
				SDKROOT = auto;
				SUPPORTED_PLATFORMS = "iphoneos iphonesimulator macosx";
				SWIFT_EMIT_LOC_STRINGS = NO;
				SWIFT_VERSION = 5.0;
				TARGETED_DEVICE_FAMILY = "1,2";
				TEST_HOST = "$(BUILT_PRODUCTS_DIR)/gfroerli.app/$(BUNDLE_EXECUTABLE_FOLDER_PATH)/gfroerli";
			};
			name = Debug;
		};
		8D5489332856315D007253FE /* Release */ = {
			isa = XCBuildConfiguration;
			buildSettings = {
				ALWAYS_EMBED_SWIFT_STANDARD_LIBRARIES = YES;
				BUNDLE_LOADER = "$(TEST_HOST)";
				CODE_SIGN_STYLE = Automatic;
				CURRENT_PROJECT_VERSION = 1;
				DEAD_CODE_STRIPPING = YES;
				DEVELOPMENT_TEAM = T7M5358433;
				GENERATE_INFOPLIST_FILE = YES;
				IPHONEOS_DEPLOYMENT_TARGET = 16.0;
				MACOSX_DEPLOYMENT_TARGET = 12.4;
				MARKETING_VERSION = 1.0;
				PRODUCT_BUNDLE_IDENTIFIER = ch.coredump.gfroerliTests;
				PRODUCT_NAME = "$(TARGET_NAME)";
				SDKROOT = auto;
				SUPPORTED_PLATFORMS = "iphoneos iphonesimulator macosx";
				SWIFT_EMIT_LOC_STRINGS = NO;
				SWIFT_VERSION = 5.0;
				TARGETED_DEVICE_FAMILY = "1,2";
				TEST_HOST = "$(BUILT_PRODUCTS_DIR)/gfroerli.app/$(BUNDLE_EXECUTABLE_FOLDER_PATH)/gfroerli";
			};
			name = Release;
		};
		8D5489352856315D007253FE /* Debug */ = {
			isa = XCBuildConfiguration;
			buildSettings = {
				ALWAYS_EMBED_SWIFT_STANDARD_LIBRARIES = YES;
				CODE_SIGN_STYLE = Automatic;
				CURRENT_PROJECT_VERSION = 1;
				DEAD_CODE_STRIPPING = YES;
				DEVELOPMENT_TEAM = T7M5358433;
				GENERATE_INFOPLIST_FILE = YES;
				IPHONEOS_DEPLOYMENT_TARGET = 16.0;
				MACOSX_DEPLOYMENT_TARGET = 12.4;
				MARKETING_VERSION = 1.0;
				PRODUCT_BUNDLE_IDENTIFIER = ch.coredump.gfroerliUITests;
				PRODUCT_NAME = "$(TARGET_NAME)";
				SDKROOT = auto;
				SUPPORTED_PLATFORMS = "iphoneos iphonesimulator macosx";
				SWIFT_EMIT_LOC_STRINGS = NO;
				SWIFT_VERSION = 5.0;
				TARGETED_DEVICE_FAMILY = "1,2";
				TEST_TARGET_NAME = gfroerli;
			};
			name = Debug;
		};
		8D5489362856315D007253FE /* Release */ = {
			isa = XCBuildConfiguration;
			buildSettings = {
				ALWAYS_EMBED_SWIFT_STANDARD_LIBRARIES = YES;
				CODE_SIGN_STYLE = Automatic;
				CURRENT_PROJECT_VERSION = 1;
				DEAD_CODE_STRIPPING = YES;
				DEVELOPMENT_TEAM = T7M5358433;
				GENERATE_INFOPLIST_FILE = YES;
				IPHONEOS_DEPLOYMENT_TARGET = 16.0;
				MACOSX_DEPLOYMENT_TARGET = 12.4;
				MARKETING_VERSION = 1.0;
				PRODUCT_BUNDLE_IDENTIFIER = ch.coredump.gfroerliUITests;
				PRODUCT_NAME = "$(TARGET_NAME)";
				SDKROOT = auto;
				SUPPORTED_PLATFORMS = "iphoneos iphonesimulator macosx";
				SWIFT_EMIT_LOC_STRINGS = NO;
				SWIFT_VERSION = 5.0;
				TARGETED_DEVICE_FAMILY = "1,2";
				TEST_TARGET_NAME = gfroerli;
			};
			name = Release;
		};
		8D5557F82881F23C008C1BE3 /* Debug */ = {
			isa = XCBuildConfiguration;
			buildSettings = {
				CODE_SIGN_IDENTITY = "";
				CODE_SIGN_STYLE = Automatic;
				CURRENT_PROJECT_VERSION = 1;
				DEFINES_MODULE = YES;
				DEVELOPMENT_TEAM = T7M5358433;
				DYLIB_COMPATIBILITY_VERSION = 1;
				DYLIB_CURRENT_VERSION = 1;
				DYLIB_INSTALL_NAME_BASE = "@rpath";
				ENABLE_MODULE_VERIFIER = YES;
				GENERATE_INFOPLIST_FILE = YES;
				INFOPLIST_KEY_NSHumanReadableCopyright = "";
				INSTALL_PATH = "$(LOCAL_LIBRARY_DIR)/Frameworks";
				IPHONEOS_DEPLOYMENT_TARGET = 16.0;
				LD_RUNPATH_SEARCH_PATHS = (
					"$(inherited)",
					"@executable_path/Frameworks",
					"@loader_path/Frameworks",
				);
				MARKETING_VERSION = 1.0;
				MODULE_VERIFIER_SUPPORTED_LANGUAGES = "objective-c objective-c++";
				MODULE_VERIFIER_SUPPORTED_LANGUAGE_STANDARDS = "$(GCC_C_LANGUAGE_STANDARD) $(CLANG_CXX_LANGUAGE_STANDARD)";
				PRODUCT_BUNDLE_IDENTIFIER = ch.coredump.GfroerliAPI;
				PRODUCT_NAME = "$(TARGET_NAME:c99extidentifier)";
				SDKROOT = iphoneos;
				SKIP_INSTALL = YES;
				SWIFT_EMIT_LOC_STRINGS = YES;
				SWIFT_VERSION = 5.0;
				TARGETED_DEVICE_FAMILY = "1,2";
				VERSIONING_SYSTEM = "apple-generic";
				VERSION_INFO_PREFIX = "";
			};
			name = Debug;
		};
		8D5557F92881F23C008C1BE3 /* Release */ = {
			isa = XCBuildConfiguration;
			buildSettings = {
				CODE_SIGN_IDENTITY = "";
				CODE_SIGN_STYLE = Automatic;
				CURRENT_PROJECT_VERSION = 1;
				DEFINES_MODULE = YES;
				DEVELOPMENT_TEAM = T7M5358433;
				DYLIB_COMPATIBILITY_VERSION = 1;
				DYLIB_CURRENT_VERSION = 1;
				DYLIB_INSTALL_NAME_BASE = "@rpath";
				ENABLE_MODULE_VERIFIER = YES;
				GENERATE_INFOPLIST_FILE = YES;
				INFOPLIST_KEY_NSHumanReadableCopyright = "";
				INSTALL_PATH = "$(LOCAL_LIBRARY_DIR)/Frameworks";
				IPHONEOS_DEPLOYMENT_TARGET = 16.0;
				LD_RUNPATH_SEARCH_PATHS = (
					"$(inherited)",
					"@executable_path/Frameworks",
					"@loader_path/Frameworks",
				);
				MARKETING_VERSION = 1.0;
				MODULE_VERIFIER_SUPPORTED_LANGUAGES = "objective-c objective-c++";
				MODULE_VERIFIER_SUPPORTED_LANGUAGE_STANDARDS = "$(GCC_C_LANGUAGE_STANDARD) $(CLANG_CXX_LANGUAGE_STANDARD)";
				PRODUCT_BUNDLE_IDENTIFIER = ch.coredump.GfroerliAPI;
				PRODUCT_NAME = "$(TARGET_NAME:c99extidentifier)";
				SDKROOT = iphoneos;
				SKIP_INSTALL = YES;
				SWIFT_EMIT_LOC_STRINGS = YES;
				SWIFT_VERSION = 5.0;
				TARGETED_DEVICE_FAMILY = "1,2";
				VALIDATE_PRODUCT = YES;
				VERSIONING_SYSTEM = "apple-generic";
				VERSION_INFO_PREFIX = "";
			};
			name = Release;
		};
		8D5557FC2881F23C008C1BE3 /* Debug */ = {
			isa = XCBuildConfiguration;
			buildSettings = {
				ALWAYS_EMBED_SWIFT_STANDARD_LIBRARIES = YES;
				CODE_SIGN_STYLE = Automatic;
				CURRENT_PROJECT_VERSION = 1;
				DEVELOPMENT_TEAM = T7M5358433;
				GENERATE_INFOPLIST_FILE = YES;
				IPHONEOS_DEPLOYMENT_TARGET = 16.0;
				MARKETING_VERSION = 1.0;
				PRODUCT_BUNDLE_IDENTIFIER = ch.coredump.GfroerliAPITests;
				PRODUCT_NAME = "$(TARGET_NAME)";
				SDKROOT = iphoneos;
				SWIFT_EMIT_LOC_STRINGS = NO;
				SWIFT_VERSION = 5.0;
				TARGETED_DEVICE_FAMILY = "1,2";
				TEST_HOST = "$(BUILT_PRODUCTS_DIR)/gfroerli.app/$(BUNDLE_EXECUTABLE_FOLDER_PATH)/gfroerli";
			};
			name = Debug;
		};
		8D5557FD2881F23C008C1BE3 /* Release */ = {
			isa = XCBuildConfiguration;
			buildSettings = {
				ALWAYS_EMBED_SWIFT_STANDARD_LIBRARIES = YES;
				CODE_SIGN_STYLE = Automatic;
				CURRENT_PROJECT_VERSION = 1;
				DEVELOPMENT_TEAM = T7M5358433;
				GENERATE_INFOPLIST_FILE = YES;
				IPHONEOS_DEPLOYMENT_TARGET = 16.0;
				MARKETING_VERSION = 1.0;
				PRODUCT_BUNDLE_IDENTIFIER = ch.coredump.GfroerliAPITests;
				PRODUCT_NAME = "$(TARGET_NAME)";
				SDKROOT = iphoneos;
				SWIFT_EMIT_LOC_STRINGS = NO;
				SWIFT_VERSION = 5.0;
				TARGETED_DEVICE_FAMILY = "1,2";
				TEST_HOST = "$(BUILT_PRODUCTS_DIR)/gfroerli.app/$(BUNDLE_EXECUTABLE_FOLDER_PATH)/gfroerli";
				VALIDATE_PRODUCT = YES;
			};
			name = Release;
		};
/* End XCBuildConfiguration section */

/* Begin XCConfigurationList section */
		8D5489042856315C007253FE /* Build configuration list for PBXProject "gfroerli" */ = {
			isa = XCConfigurationList;
			buildConfigurations = (
				8D54892C2856315D007253FE /* Debug */,
				8D54892D2856315D007253FE /* Release */,
			);
			defaultConfigurationIsVisible = 0;
			defaultConfigurationName = Release;
		};
		8D54892E2856315D007253FE /* Build configuration list for PBXNativeTarget "gfroerli" */ = {
			isa = XCConfigurationList;
			buildConfigurations = (
				8D54892F2856315D007253FE /* Debug */,
				8D5489302856315D007253FE /* Release */,
			);
			defaultConfigurationIsVisible = 0;
			defaultConfigurationName = Release;
		};
		8D5489312856315D007253FE /* Build configuration list for PBXNativeTarget "gfroerliTests" */ = {
			isa = XCConfigurationList;
			buildConfigurations = (
				8D5489322856315D007253FE /* Debug */,
				8D5489332856315D007253FE /* Release */,
			);
			defaultConfigurationIsVisible = 0;
			defaultConfigurationName = Release;
		};
		8D5489342856315D007253FE /* Build configuration list for PBXNativeTarget "gfroerliUITests" */ = {
			isa = XCConfigurationList;
			buildConfigurations = (
				8D5489352856315D007253FE /* Debug */,
				8D5489362856315D007253FE /* Release */,
			);
			defaultConfigurationIsVisible = 0;
			defaultConfigurationName = Release;
		};
		8D5557F72881F23C008C1BE3 /* Build configuration list for PBXNativeTarget "GfroerliBackend" */ = {
			isa = XCConfigurationList;
			buildConfigurations = (
				8D5557F82881F23C008C1BE3 /* Debug */,
				8D5557F92881F23C008C1BE3 /* Release */,
			);
			defaultConfigurationIsVisible = 0;
			defaultConfigurationName = Release;
		};
		8D5557FB2881F23C008C1BE3 /* Build configuration list for PBXNativeTarget "GfroerliBackendTests" */ = {
			isa = XCConfigurationList;
			buildConfigurations = (
				8D5557FC2881F23C008C1BE3 /* Debug */,
				8D5557FD2881F23C008C1BE3 /* Release */,
			);
			defaultConfigurationIsVisible = 0;
			defaultConfigurationName = Release;
		};
/* End XCConfigurationList section */
	};
	rootObject = 8D5489012856315C007253FE /* Project object */;
}
