{
  "pins" : [
    {
      "identity" : "devicekit",
      "kind" : "remoteSourceControl",
      "location" : "https://github.com/devicekit/DeviceKit.git",
      "state" : {
        "revision" : "97acf830fd0e0b719126e9450a51c95a91f66858",
        "version" : "5.2.3"
      }
    }
  ],
  "version" : 2
}
