// !$*UTF8*$!
{
	archiveVersion = 1;
	classes = {
	};
	objectVersion = 50;
	objects = {

/* Begin PBXBuildFile section */
		8D01C21626E3767100F14F90 /* GraphView.swift in Sources */ = {isa = PBXBuildFile; fileRef = B4DEC7E2265424A700206EAA /* GraphView.swift */; };
		8D04196824F50258003D64D4 /* SensorScrollItem.swift in Sources */ = {isa = PBXBuildFile; fileRef = 8D04196724F50258003D64D4 /* SensorScrollItem.swift */; };
		8D04196A24F50349003D64D4 /* RiverData.swift in Sources */ = {isa = PBXBuildFile; fileRef = 8D04196924F50349003D64D4 /* RiverData.swift */; };
		8D05A2DB253F645300E7C1BD /* PreViewExtension.swift in Sources */ = {isa = PBXBuildFile; fileRef = 8D05A2DA253F645300E7C1BD /* PreViewExtension.swift */; };
		8D0D7FE224F107B60068176C /* OverView.swift in Sources */ = {isa = PBXBuildFile; fileRef = 8D0D7FE124F107B60068176C /* OverView.swift */; };
		8D0D7FE424F107C10068176C /* FavoritesView.swift in Sources */ = {isa = PBXBuildFile; fileRef = 8D0D7FE324F107C10068176C /* FavoritesView.swift */; };
		8D0D7FE624F107D30068176C /* SettingsView.swift in Sources */ = {isa = PBXBuildFile; fileRef = 8D0D7FE524F107D30068176C /* SettingsView.swift */; };
		8D0D7FE824F10F610068176C /* LakesData.swift in Sources */ = {isa = PBXBuildFile; fileRef = 8D0D7FE724F10F610068176C /* LakesData.swift */; };
		8D2701C725153082007BB0E1 /* LoadingView.swift in Sources */ = {isa = PBXBuildFile; fileRef = 8D2701C625153082007BB0E1 /* LoadingView.swift */; };
		8D34C25227B7968D005BCE85 /* ArrayExtension.swift in Sources */ = {isa = PBXBuildFile; fileRef = 8D34C25127B7968D005BCE85 /* ArrayExtension.swift */; };
		8D34C25527B79F30005BCE85 /* Localizable.strings in Resources */ = {isa = PBXBuildFile; fileRef = 8D34C25327B79F30005BCE85 /* Localizable.strings */; };
		8D34C25827B79F30005BCE85 /* Localizable.strings in Resources */ = {isa = PBXBuildFile; fileRef = 8D34C25627B79F30005BCE85 /* Localizable.strings */; };
		8D34C25B27B79F30005BCE85 /* Localizable.strings in Resources */ = {isa = PBXBuildFile; fileRef = 8D34C25927B79F30005BCE85 /* Localizable.strings */; };
		8D3D36F0250BBC8500F11E48 /* SensorOverViewGraph.swift in Sources */ = {isa = PBXBuildFile; fileRef = 8D3D36EF250BBC8500F11E48 /* SensorOverViewGraph.swift */; };
		8D3D36F2250BBEF000F11E48 /* SensorOverviewSponsorView.swift in Sources */ = {isa = PBXBuildFile; fileRef = 8D3D36F1250BBEF000F11E48 /* SensorOverviewSponsorView.swift */; };
		8D3D3EBA26C804DC002756EE /* ChangeLogView.swift in Sources */ = {isa = PBXBuildFile; fileRef = 8D3D3EB926C804DC002756EE /* ChangeLogView.swift */; };
		8D3F99DD26F8F0360075D176 /* ChartView.swift in Sources */ = {isa = PBXBuildFile; fileRef = B4DEC7E4265424B900206EAA /* ChartView.swift */; };
		8D3F99DF26F8F4780075D176 /* OwnHelpers.swift in Sources */ = {isa = PBXBuildFile; fileRef = 8DF3BBD7250BB6BB00DBCC37 /* OwnHelpers.swift */; };
		8D3F99E026F8F62F0075D176 /* Y-LabelsView.swift in Sources */ = {isa = PBXBuildFile; fileRef = B4DEC7E8265424CC00206EAA /* Y-LabelsView.swift */; };
		8D3F99E126F8F6370075D176 /* X-LabelsView.swift in Sources */ = {isa = PBXBuildFile; fileRef = B4DEC7E6265424C300206EAA /* X-LabelsView.swift */; };
		8D3F99E226F8F64D0075D176 /* LineShape.swift in Sources */ = {isa = PBXBuildFile; fileRef = B4DEC7EA2654276400206EAA /* LineShape.swift */; };
		8D3F99E326F8F6500075D176 /* VectorAnimations.swift in Sources */ = {isa = PBXBuildFile; fileRef = B4DEC7ED26544D6600206EAA /* VectorAnimations.swift */; };
		8D3F99E426F8F7BF0075D176 /* PreViewExtension.swift in Sources */ = {isa = PBXBuildFile; fileRef = 8D05A2DA253F645300E7C1BD /* PreViewExtension.swift */; };
		8D4AB97727B8510A00ACEBE4 /* SensorOverViewNewSensorView.swift in Sources */ = {isa = PBXBuildFile; fileRef = 8D4AB97627B8510A00ACEBE4 /* SensorOverViewNewSensorView.swift */; };
		8D50670324F7F33400E426DE /* Helpers.swift in Sources */ = {isa = PBXBuildFile; fileRef = 8D5066E424F7F33400E426DE /* Helpers.swift */; };
		8D580B59259FA33800202262 /* FAQView.swift in Sources */ = {isa = PBXBuildFile; fileRef = 8D580B58259FA33800202262 /* FAQView.swift */; };
		8D5D25CB257A98D1002852F4 /* LakeListItem.swift in Sources */ = {isa = PBXBuildFile; fileRef = 8D5D25CA257A98D1002852F4 /* LakeListItem.swift */; };
		8D6A7DC624F14115009A0026 /* LakeOverView.swift in Sources */ = {isa = PBXBuildFile; fileRef = 8D6A7DC524F14115009A0026 /* LakeOverView.swift */; };
		8D6A7DC824F15187009A0026 /* SensorOverView.swift in Sources */ = {isa = PBXBuildFile; fileRef = 8D6A7DC724F15187009A0026 /* SensorOverView.swift */; };
		8D73772F252BA7200075E04E /* Sponsor.swift in Sources */ = {isa = PBXBuildFile; fileRef = 8D73772E252BA7200075E04E /* Sponsor.swift */; };
		8D737737252BA8750075E04E /* SponsorsViewModel.swift in Sources */ = {isa = PBXBuildFile; fileRef = 8D737736252BA8750075E04E /* SponsorsViewModel.swift */; };
		8D7E98BD257025EC00BC32EB /* ColorExtension.swift in Sources */ = {isa = PBXBuildFile; fileRef = 8D7E98BC257025EC00BC32EB /* ColorExtension.swift */; };
		8D996DE325A23A2B00724453 /* MonthlyChartView.swift in Sources */ = {isa = PBXBuildFile; fileRef = 8D996DE225A23A2B00724453 /* MonthlyChartView.swift */; };
		8DA7CEF52516108000395465 /* SensorListViewModel.swift in Sources */ = {isa = PBXBuildFile; fileRef = 8DA7CEF42516108000395465 /* SensorListViewModel.swift */; };
		8DA7CF02251611C800395465 /* SingleSensorViewModel.swift in Sources */ = {isa = PBXBuildFile; fileRef = 8DA7CF01251611C700395465 /* SingleSensorViewModel.swift */; };
		8DB8937526A3230F008BDFC5 /* MapView.swift in Sources */ = {isa = PBXBuildFile; fileRef = 8DB8937426A3230F008BDFC5 /* MapView.swift */; };
		8DBC3C4B25756C080010D55B /* HourlyChartView.swift in Sources */ = {isa = PBXBuildFile; fileRef = 8DBC3C4A25756C080010D55B /* HourlyChartView.swift */; };
		8DBCDB8F2576C4C400CBDAA6 /* WeeklyChartView.swift in Sources */ = {isa = PBXBuildFile; fileRef = 8DBCDB8E2576C4C400CBDAA6 /* WeeklyChartView.swift */; };
		8DBCDB962576D55800CBDAA6 /* Legend.swift in Sources */ = {isa = PBXBuildFile; fileRef = 8DBCDB952576D55800CBDAA6 /* Legend.swift */; };
		8DCB9A58257972E30063C628 /* SensorOverviewMap.swift in Sources */ = {isa = PBXBuildFile; fileRef = 8DCB9A57257972E30063C628 /* SensorOverviewMap.swift */; };
		8DD06C2925A0E7340081250B /* GroupBoxExtension.swift in Sources */ = {isa = PBXBuildFile; fileRef = 8DD06C2825A0E7340081250B /* GroupBoxExtension.swift */; };
		8DD06C3025A0EF290081250B /* UIDeviceExtension.swift in Sources */ = {isa = PBXBuildFile; fileRef = 8DD06C2F25A0EF290081250B /* UIDeviceExtension.swift */; };
		8DF3BBC9250B4F2700DBCC37 /* URLExtension.swift in Sources */ = {isa = PBXBuildFile; fileRef = 8DF3BBC8250B4F2700DBCC37 /* URLExtension.swift */; };
		8DF3BBCB250B709700DBCC37 /* SearchView.swift in Sources */ = {isa = PBXBuildFile; fileRef = 8DF3BBCA250B709700DBCC37 /* SearchView.swift */; };
		8DF3BBD5250BB62D00DBCC37 /* SensorOverviewLastMeasurementView.swift in Sources */ = {isa = PBXBuildFile; fileRef = 8DF3BBD4250BB62D00DBCC37 /* SensorOverviewLastMeasurementView.swift */; };
		8DF3BBD8250BB6BB00DBCC37 /* OwnHelpers.swift in Sources */ = {isa = PBXBuildFile; fileRef = 8DF3BBD7250BB6BB00DBCC37 /* OwnHelpers.swift */; };
		8DF852E126C7C64D0020B717 /* LocationManager.swift in Sources */ = {isa = PBXBuildFile; fileRef = 8DF852E026C7C64D0020B717 /* LocationManager.swift */; };
		8DF852E526C7DAD00020B717 /* WhatsNew.json in Resources */ = {isa = PBXBuildFile; fileRef = 8DF852E426C7DAD00020B717 /* WhatsNew.json */; };
		B415711C260A41A400372278 /* ChangeNote.swift in Sources */ = {isa = PBXBuildFile; fileRef = B415711B260A41A400372278 /* ChangeNote.swift */; };
		B4157125260A43B400372278 /* Bundle-Decodable.swift in Sources */ = {isa = PBXBuildFile; fileRef = B4157124260A43B400372278 /* Bundle-Decodable.swift */; };
		B4157128260A444B00372278 /* WhatsNewView.swift in Sources */ = {isa = PBXBuildFile; fileRef = B4157127260A444B00372278 /* WhatsNewView.swift */; };
		B4512B672686359500F631C8 /* BearerToken.swift in Sources */ = {isa = PBXBuildFile; fileRef = B4512B662686359500F631C8 /* BearerToken.swift */; };
		B4512B68268635BD00F631C8 /* BearerToken.swift in Sources */ = {isa = PBXBuildFile; fileRef = B4512B662686359500F631C8 /* BearerToken.swift */; };
		B4512B69268635BD00F631C8 /* BearerToken.swift in Sources */ = {isa = PBXBuildFile; fileRef = B4512B662686359500F631C8 /* BearerToken.swift */; };
		B4512B6A2687388100F631C8 /* Reachability.swift in Sources */ = {isa = PBXBuildFile; fileRef = B49BE2CF261CB4880004B0D6 /* Reachability.swift */; };
		B467085C2641BD8D003E28E5 /* Observer.swift in Sources */ = {isa = PBXBuildFile; fileRef = B467085B2641BD8D003E28E5 /* Observer.swift */; };
		B467085D2641C42B003E28E5 /* Changes.json in Resources */ = {isa = PBXBuildFile; fileRef = B46708612641C42B003E28E5 /* Changes.json */; };
		B467085E2641C42B003E28E5 /* Changes.json in Resources */ = {isa = PBXBuildFile; fileRef = B46708612641C42B003E28E5 /* Changes.json */; };
		B467085F2641C42B003E28E5 /* Changes.json in Resources */ = {isa = PBXBuildFile; fileRef = B46708612641C42B003E28E5 /* Changes.json */; };
		B4795EC5260CCC1800D4BF19 /* Intents.framework in Frameworks */ = {isa = PBXBuildFile; fileRef = B4795EC4260CCC1800D4BF19 /* Intents.framework */; };
		B4795ECC260CCC1800D4BF19 /* SelectSensorIntentExtension.appex in Embed App Extensions */ = {isa = PBXBuildFile; fileRef = B4795EC3260CCC1800D4BF19 /* SelectSensorIntentExtension.appex */; settings = {ATTRIBUTES = (RemoveHeadersOnCopy, ); }; };
		B494D716265D452F00327BAF /* TemperatureAggregations.swift in Sources */ = {isa = PBXBuildFile; fileRef = B494D715265D452F00327BAF /* TemperatureAggregations.swift */; };
		B494D717265D452F00327BAF /* TemperatureAggregations.swift in Sources */ = {isa = PBXBuildFile; fileRef = B494D715265D452F00327BAF /* TemperatureAggregations.swift */; };
		B494D718265D452F00327BAF /* TemperatureAggregations.swift in Sources */ = {isa = PBXBuildFile; fileRef = B494D715265D452F00327BAF /* TemperatureAggregations.swift */; };
		B494D71A265D474D00327BAF /* TemperatureAggregationsViewModel.swift in Sources */ = {isa = PBXBuildFile; fileRef = B494D719265D474D00327BAF /* TemperatureAggregationsViewModel.swift */; };
		B494D71B265D474D00327BAF /* TemperatureAggregationsViewModel.swift in Sources */ = {isa = PBXBuildFile; fileRef = B494D719265D474D00327BAF /* TemperatureAggregationsViewModel.swift */; };
		B494D71C265D474D00327BAF /* TemperatureAggregationsViewModel.swift in Sources */ = {isa = PBXBuildFile; fileRef = B494D719265D474D00327BAF /* TemperatureAggregationsViewModel.swift */; };
		B49B013D260E120800D1AA37 /* SingleSensorWithGraphView.swift in Sources */ = {isa = PBXBuildFile; fileRef = B49B012F260E118500D1AA37 /* SingleSensorWithGraphView.swift */; };
		B49B0155260E132800D1AA37 /* WidgetMain.swift in Sources */ = {isa = PBXBuildFile; fileRef = B49B0147260E129E00D1AA37 /* WidgetMain.swift */; };
		B49B0192260E180100D1AA37 /* SingleSensorProvider.swift in Sources */ = {isa = PBXBuildFile; fileRef = B49B0178260E167900D1AA37 /* SingleSensorProvider.swift */; };
		B49B0193260E180100D1AA37 /* SingleSensorProvider.swift in Sources */ = {isa = PBXBuildFile; fileRef = B49B0178260E167900D1AA37 /* SingleSensorProvider.swift */; };
		B49B02B4260E572500D1AA37 /* SingleSensorWidgetView.swift in Sources */ = {isa = PBXBuildFile; fileRef = B49B017E260E178200D1AA37 /* SingleSensorWidgetView.swift */; };
		B49BE2CE261CA7080004B0D6 /* WaveShape.swift in Sources */ = {isa = PBXBuildFile; fileRef = B4E481AD260F29CD00F6C8EA /* WaveShape.swift */; };
		B49BE2D0261CB4880004B0D6 /* Reachability.swift in Sources */ = {isa = PBXBuildFile; fileRef = B49BE2CF261CB4880004B0D6 /* Reachability.swift */; };
		B49BE2D1261CB4990004B0D6 /* Reachability.swift in Sources */ = {isa = PBXBuildFile; fileRef = B49BE2CF261CB4880004B0D6 /* Reachability.swift */; };
		B49BE2D4261CF3830004B0D6 /* ImageLoader.swift in Sources */ = {isa = PBXBuildFile; fileRef = B49BE2D3261CF3830004B0D6 /* ImageLoader.swift */; };
		B4AA328B26262DED007E1627 /* SingleSensorWithGraphProvider.swift in Sources */ = {isa = PBXBuildFile; fileRef = B4AA328A26262DED007E1627 /* SingleSensorWithGraphProvider.swift */; };
		B4AA328C26262DED007E1627 /* SingleSensorWithGraphProvider.swift in Sources */ = {isa = PBXBuildFile; fileRef = B4AA328A26262DED007E1627 /* SingleSensorWithGraphProvider.swift */; };
		B4AA328D262632B4007E1627 /* WeeklyChartView.swift in Sources */ = {isa = PBXBuildFile; fileRef = 8DBCDB8E2576C4C400CBDAA6 /* WeeklyChartView.swift */; };
		B4AA328E262632B4007E1627 /* HourlyChartView.swift in Sources */ = {isa = PBXBuildFile; fileRef = 8DBC3C4A25756C080010D55B /* HourlyChartView.swift */; };
		B4AA328F262632B4007E1627 /* WeeklyChartShape.swift in Sources */ = {isa = PBXBuildFile; fileRef = B4F95C2E25C313EE004C21E1 /* WeeklyChartShape.swift */; };
		B4AA3290262632B4007E1627 /* Legend.swift in Sources */ = {isa = PBXBuildFile; fileRef = 8DBCDB952576D55800CBDAA6 /* Legend.swift */; };
		B4AA3291262632B4007E1627 /* MonthlyChartView.swift in Sources */ = {isa = PBXBuildFile; fileRef = 8D996DE225A23A2B00724453 /* MonthlyChartView.swift */; };
		B4AA3292262632B4007E1627 /* HourlyChartShape.swift in Sources */ = {isa = PBXBuildFile; fileRef = B4F95C0E25C30F38004C21E1 /* HourlyChartShape.swift */; };
		B4AA3293262632B4007E1627 /* MonthlyChartShape.swift in Sources */ = {isa = PBXBuildFile; fileRef = B4F95C3625C31604004C21E1 /* MonthlyChartShape.swift */; };
		B4AA329426263352007E1627 /* Helpers.swift in Sources */ = {isa = PBXBuildFile; fileRef = 8D5066E424F7F33400E426DE /* Helpers.swift */; };
		B4B37A5625C2C43400DA76A5 /* LoadableObject.swift in Sources */ = {isa = PBXBuildFile; fileRef = B4B37A5525C2C43400DA76A5 /* LoadableObject.swift */; };
		B4DEC7E3265424A700206EAA /* GraphView.swift in Sources */ = {isa = PBXBuildFile; fileRef = B4DEC7E2265424A700206EAA /* GraphView.swift */; };
		B4DEC7E5265424B900206EAA /* ChartView.swift in Sources */ = {isa = PBXBuildFile; fileRef = B4DEC7E4265424B900206EAA /* ChartView.swift */; };
		B4DEC7E7265424C300206EAA /* X-LabelsView.swift in Sources */ = {isa = PBXBuildFile; fileRef = B4DEC7E6265424C300206EAA /* X-LabelsView.swift */; };
		B4DEC7E9265424CC00206EAA /* Y-LabelsView.swift in Sources */ = {isa = PBXBuildFile; fileRef = B4DEC7E8265424CC00206EAA /* Y-LabelsView.swift */; };
		B4DEC7EB2654276400206EAA /* LineShape.swift in Sources */ = {isa = PBXBuildFile; fileRef = B4DEC7EA2654276400206EAA /* LineShape.swift */; };
		B4DEC7EE26544D6600206EAA /* VectorAnimations.swift in Sources */ = {isa = PBXBuildFile; fileRef = B4DEC7ED26544D6600206EAA /* VectorAnimations.swift */; };
		B4E12499260CCED800F45852 /* SponsorsViewModel.swift in Sources */ = {isa = PBXBuildFile; fileRef = 8D737736252BA8750075E04E /* SponsorsViewModel.swift */; };
		B4E124A3260CCEDD00F45852 /* RiverData.swift in Sources */ = {isa = PBXBuildFile; fileRef = 8D04196924F50349003D64D4 /* RiverData.swift */; };
		B4E124A5260CCEDD00F45852 /* TempAggregations.swift in Sources */ = {isa = PBXBuildFile; fileRef = E4C24FE824EEB5AA00FB4F51 /* TempAggregations.swift */; };
		B4E124A6260CCEDD00F45852 /* LakesData.swift in Sources */ = {isa = PBXBuildFile; fileRef = 8D0D7FE724F10F610068176C /* LakesData.swift */; };
		B4E124A7260CCEDD00F45852 /* Sensor.swift in Sources */ = {isa = PBXBuildFile; fileRef = E4C24FE624EEB58400FB4F51 /* Sensor.swift */; };
		B4E124A8260CCEDD00F45852 /* Sponsor.swift in Sources */ = {isa = PBXBuildFile; fileRef = 8D73772E252BA7200075E04E /* Sponsor.swift */; };
		B4E124AF260CCF2000F45852 /* SensorListViewModel.swift in Sources */ = {isa = PBXBuildFile; fileRef = 8DA7CEF42516108000395465 /* SensorListViewModel.swift */; };
		B4E124B6260CCF2400F45852 /* IntentHandler.swift in Sources */ = {isa = PBXBuildFile; fileRef = B4795EC7260CCC1800D4BF19 /* IntentHandler.swift */; };
		B4E124C4260CD18800F45852 /* Bundle-Decodable.swift in Sources */ = {isa = PBXBuildFile; fileRef = B4157124260A43B400372278 /* Bundle-Decodable.swift */; };
		B4E124D3260CD20700F45852 /* WidgetKit.framework in Frameworks */ = {isa = PBXBuildFile; fileRef = 8D9B0FCE24F3A2E7003502C8 /* WidgetKit.framework */; };
		B4E124D4260CD20700F45852 /* SwiftUI.framework in Frameworks */ = {isa = PBXBuildFile; fileRef = 8D9B0FD024F3A2E7003502C8 /* SwiftUI.framework */; };
		B4E124DA260CD20800F45852 /* Assets.xcassets in Resources */ = {isa = PBXBuildFile; fileRef = B4E124D9260CD20800F45852 /* Assets.xcassets */; };
		B4E124DC260CD20800F45852 /* gfroerliWidgetExtension.intentdefinition in Sources */ = {isa = PBXBuildFile; fileRef = B4E124D8260CD20700F45852 /* gfroerliWidgetExtension.intentdefinition */; };
		B4E124DD260CD20800F45852 /* gfroerliWidgetExtension.intentdefinition in Sources */ = {isa = PBXBuildFile; fileRef = B4E124D8260CD20700F45852 /* gfroerliWidgetExtension.intentdefinition */; };
		B4E124E0260CD20800F45852 /* gfroerliWidgetExtensionExtension.appex in Embed App Extensions */ = {isa = PBXBuildFile; fileRef = B4E124D2260CD20700F45852 /* gfroerliWidgetExtensionExtension.appex */; settings = {ATTRIBUTES = (RemoveHeadersOnCopy, ); }; };
		B4E124F1260CD31000F45852 /* IntentHandler.swift in Sources */ = {isa = PBXBuildFile; fileRef = B4795EC7260CCC1800D4BF19 /* IntentHandler.swift */; };
		B4E12515260CD45500F45852 /* SensorListViewModel.swift in Sources */ = {isa = PBXBuildFile; fileRef = 8DA7CEF42516108000395465 /* SensorListViewModel.swift */; };
		B4E1251A260CD45D00F45852 /* LakesData.swift in Sources */ = {isa = PBXBuildFile; fileRef = 8D0D7FE724F10F610068176C /* LakesData.swift */; };
		B4E1251B260CD45D00F45852 /* Sponsor.swift in Sources */ = {isa = PBXBuildFile; fileRef = 8D73772E252BA7200075E04E /* Sponsor.swift */; };
		B4E1251E260CD45D00F45852 /* Sensor.swift in Sources */ = {isa = PBXBuildFile; fileRef = E4C24FE624EEB58400FB4F51 /* Sensor.swift */; };
		B4E1251F260CD45D00F45852 /* TempAggregations.swift in Sources */ = {isa = PBXBuildFile; fileRef = E4C24FE824EEB5AA00FB4F51 /* TempAggregations.swift */; };
		B4E12520260CD45D00F45852 /* RiverData.swift in Sources */ = {isa = PBXBuildFile; fileRef = 8D04196924F50349003D64D4 /* RiverData.swift */; };
		B4E12526260CD46200F45852 /* SponsorsViewModel.swift in Sources */ = {isa = PBXBuildFile; fileRef = 8D737736252BA8750075E04E /* SponsorsViewModel.swift */; };
		B4E1252D260CD46400F45852 /* SingleSensorViewModel.swift in Sources */ = {isa = PBXBuildFile; fileRef = 8DA7CF01251611C700395465 /* SingleSensorViewModel.swift */; };
		B4E12532260CD46500F45852 /* SingleSensorViewModel.swift in Sources */ = {isa = PBXBuildFile; fileRef = 8DA7CF01251611C700395465 /* SingleSensorViewModel.swift */; };
		B4F19A3D26263F4A00CA4C8D /* SelectSensor.intentdefinition in Sources */ = {isa = PBXBuildFile; fileRef = B4F19A4126263F4A00CA4C8D /* SelectSensor.intentdefinition */; };
		B4F19A3E26263F4A00CA4C8D /* SelectSensor.intentdefinition in Sources */ = {isa = PBXBuildFile; fileRef = B4F19A4126263F4A00CA4C8D /* SelectSensor.intentdefinition */; };
		B4F19A3F26263F4A00CA4C8D /* SelectSensor.intentdefinition in Sources */ = {isa = PBXBuildFile; fileRef = B4F19A4126263F4A00CA4C8D /* SelectSensor.intentdefinition */; };
		B4F95C0825C2EC46004C21E1 /* ViewExtensions.swift in Sources */ = {isa = PBXBuildFile; fileRef = B4F95C0725C2EC46004C21E1 /* ViewExtensions.swift */; };
		B4F95C0F25C30F38004C21E1 /* HourlyChartShape.swift in Sources */ = {isa = PBXBuildFile; fileRef = B4F95C0E25C30F38004C21E1 /* HourlyChartShape.swift */; };
		B4F95C1F25C31005004C21E1 /* RangeReplaceableCollectionExtension.swift in Sources */ = {isa = PBXBuildFile; fileRef = B4F95C1E25C31005004C21E1 /* RangeReplaceableCollectionExtension.swift */; };
		B4F95C2F25C313EE004C21E1 /* WeeklyChartShape.swift in Sources */ = {isa = PBXBuildFile; fileRef = B4F95C2E25C313EE004C21E1 /* WeeklyChartShape.swift */; };
		B4F95C3725C31604004C21E1 /* MonthlyChartShape.swift in Sources */ = {isa = PBXBuildFile; fileRef = B4F95C3625C31604004C21E1 /* MonthlyChartShape.swift */; };
		E438B4CC24ACFB7D008A2E01 /* IOSMainView.swift in Sources */ = {isa = PBXBuildFile; fileRef = E438B4CB24ACFB7D008A2E01 /* IOSMainView.swift */; };
		E44EA3AD24EEA7EA00380E27 /* MapExtension.swift in Sources */ = {isa = PBXBuildFile; fileRef = E44EA3AC24EEA7EA00380E27 /* MapExtension.swift */; };
		E461458424A34831006233AE /* Tests_iOS.swift in Sources */ = {isa = PBXBuildFile; fileRef = E461458324A34831006233AE /* Tests_iOS.swift */; };
		E461459124A34831006233AE /* GfrorliApp.swift in Sources */ = {isa = PBXBuildFile; fileRef = E461456824A34823006233AE /* GfrorliApp.swift */; };
		E461459524A34831006233AE /* Assets.xcassets in Resources */ = {isa = PBXBuildFile; fileRef = E461456A24A34831006233AE /* Assets.xcassets */; };
		E4C24FE724EEB58400FB4F51 /* Sensor.swift in Sources */ = {isa = PBXBuildFile; fileRef = E4C24FE624EEB58400FB4F51 /* Sensor.swift */; };
		E4C24FE924EEB5AA00FB4F51 /* TempAggregations.swift in Sources */ = {isa = PBXBuildFile; fileRef = E4C24FE824EEB5AA00FB4F51 /* TempAggregations.swift */; };
/* End PBXBuildFile section */

/* Begin PBXContainerItemProxy section */
		B4795ECA260CCC1800D4BF19 /* PBXContainerItemProxy */ = {
			isa = PBXContainerItemProxy;
			containerPortal = E461456324A34823006233AE /* Project object */;
			proxyType = 1;
			remoteGlobalIDString = B4795EC2260CCC1800D4BF19;
			remoteInfo = SelectSensorIntentExtension;
		};
		B4E124DE260CD20800F45852 /* PBXContainerItemProxy */ = {
			isa = PBXContainerItemProxy;
			containerPortal = E461456324A34823006233AE /* Project object */;
			proxyType = 1;
			remoteGlobalIDString = B4E124D1260CD20700F45852;
			remoteInfo = gfroerliWidgetExtensionExtension;
		};
		E461458024A34831006233AE /* PBXContainerItemProxy */ = {
			isa = PBXContainerItemProxy;
			containerPortal = E461456324A34823006233AE /* Project object */;
			proxyType = 1;
			remoteGlobalIDString = E461456E24A34831006233AE;
			remoteInfo = iOS;
		};
/* End PBXContainerItemProxy section */

/* Begin PBXCopyFilesBuildPhase section */
		8D9B0FDB24F3A2E8003502C8 /* Embed App Extensions */ = {
			isa = PBXCopyFilesBuildPhase;
			buildActionMask = 12;
			dstPath = "";
			dstSubfolderSpec = 13;
			files = (
				B4E124E0260CD20800F45852 /* gfroerliWidgetExtensionExtension.appex in Embed App Extensions */,
				B4795ECC260CCC1800D4BF19 /* SelectSensorIntentExtension.appex in Embed App Extensions */,
			);
			name = "Embed App Extensions";
			runOnlyForDeploymentPostprocessing = 0;
		};
/* End PBXCopyFilesBuildPhase section */

/* Begin PBXFileReference section */
		8D04196724F50258003D64D4 /* SensorScrollItem.swift */ = {isa = PBXFileReference; lastKnownFileType = sourcecode.swift; path = SensorScrollItem.swift; sourceTree = "<group>"; };
		8D04196924F50349003D64D4 /* RiverData.swift */ = {isa = PBXFileReference; lastKnownFileType = sourcecode.swift; path = RiverData.swift; sourceTree = "<group>"; };
		8D05A2DA253F645300E7C1BD /* PreViewExtension.swift */ = {isa = PBXFileReference; lastKnownFileType = sourcecode.swift; path = PreViewExtension.swift; sourceTree = "<group>"; };
		8D0D7FE124F107B60068176C /* OverView.swift */ = {isa = PBXFileReference; lastKnownFileType = sourcecode.swift; path = OverView.swift; sourceTree = "<group>"; };
		8D0D7FE324F107C10068176C /* FavoritesView.swift */ = {isa = PBXFileReference; lastKnownFileType = sourcecode.swift; path = FavoritesView.swift; sourceTree = "<group>"; };
		8D0D7FE524F107D30068176C /* SettingsView.swift */ = {isa = PBXFileReference; lastKnownFileType = sourcecode.swift; path = SettingsView.swift; sourceTree = "<group>"; };
		8D0D7FE724F10F610068176C /* LakesData.swift */ = {isa = PBXFileReference; lastKnownFileType = sourcecode.swift; path = LakesData.swift; sourceTree = "<group>"; };
		8D2701C625153082007BB0E1 /* LoadingView.swift */ = {isa = PBXFileReference; lastKnownFileType = sourcecode.swift; path = LoadingView.swift; sourceTree = "<group>"; };
		8D34C25127B7968D005BCE85 /* ArrayExtension.swift */ = {isa = PBXFileReference; lastKnownFileType = sourcecode.swift; path = ArrayExtension.swift; sourceTree = "<group>"; };
		8D34C25427B79F30005BCE85 /* de */ = {isa = PBXFileReference; lastKnownFileType = text.plist.strings; name = de; path = de.lproj/Localizable.strings; sourceTree = "<group>"; };
		8D34C25727B79F30005BCE85 /* de */ = {isa = PBXFileReference; lastKnownFileType = text.plist.strings; name = de; path = de.lproj/Localizable.strings; sourceTree = "<group>"; };
		8D34C25A27B79F30005BCE85 /* de */ = {isa = PBXFileReference; lastKnownFileType = text.plist.strings; name = de; path = de.lproj/Localizable.strings; sourceTree = "<group>"; };
		8D3D36EF250BBC8500F11E48 /* SensorOverViewGraph.swift */ = {isa = PBXFileReference; lastKnownFileType = sourcecode.swift; path = SensorOverViewGraph.swift; sourceTree = "<group>"; };
		8D3D36F1250BBEF000F11E48 /* SensorOverviewSponsorView.swift */ = {isa = PBXFileReference; lastKnownFileType = sourcecode.swift; path = SensorOverviewSponsorView.swift; sourceTree = "<group>"; };
		8D3D3701250C190500F11E48 /* IntentsUI.framework */ = {isa = PBXFileReference; lastKnownFileType = wrapper.framework; name = IntentsUI.framework; path = Library/Frameworks/IntentsUI.framework; sourceTree = DEVELOPER_DIR; };
		8D3D3EB926C804DC002756EE /* ChangeLogView.swift */ = {isa = PBXFileReference; lastKnownFileType = sourcecode.swift; path = ChangeLogView.swift; sourceTree = "<group>"; };
		8D49A370250A3E6B000B26CD /* Gfror.liRelease.entitlements */ = {isa = PBXFileReference; lastKnownFileType = text.plist.entitlements; path = Gfror.liRelease.entitlements; sourceTree = "<group>"; };
		8D49A371250A3F98000B26CD /* WidgetsRelease.entitlements */ = {isa = PBXFileReference; lastKnownFileType = text.plist.entitlements; path = WidgetsRelease.entitlements; sourceTree = "<group>"; };
		8D4AB97627B8510A00ACEBE4 /* SensorOverViewNewSensorView.swift */ = {isa = PBXFileReference; lastKnownFileType = sourcecode.swift; path = SensorOverViewNewSensorView.swift; sourceTree = "<group>"; };
		8D5066E424F7F33400E426DE /* Helpers.swift */ = {isa = PBXFileReference; fileEncoding = 4; lastKnownFileType = sourcecode.swift; path = Helpers.swift; sourceTree = "<group>"; };
		8D580B58259FA33800202262 /* FAQView.swift */ = {isa = PBXFileReference; lastKnownFileType = sourcecode.swift; path = FAQView.swift; sourceTree = "<group>"; };
		8D5D25CA257A98D1002852F4 /* LakeListItem.swift */ = {isa = PBXFileReference; lastKnownFileType = sourcecode.swift; path = LakeListItem.swift; sourceTree = "<group>"; };
		8D6A7DC524F14115009A0026 /* LakeOverView.swift */ = {isa = PBXFileReference; lastKnownFileType = sourcecode.swift; path = LakeOverView.swift; sourceTree = "<group>"; };
		8D6A7DC724F15187009A0026 /* SensorOverView.swift */ = {isa = PBXFileReference; lastKnownFileType = sourcecode.swift; path = SensorOverView.swift; sourceTree = "<group>"; };
		8D73772E252BA7200075E04E /* Sponsor.swift */ = {isa = PBXFileReference; lastKnownFileType = sourcecode.swift; path = Sponsor.swift; sourceTree = "<group>"; };
		8D737736252BA8750075E04E /* SponsorsViewModel.swift */ = {isa = PBXFileReference; lastKnownFileType = sourcecode.swift; path = SponsorsViewModel.swift; sourceTree = "<group>"; };
		8D7E98BC257025EC00BC32EB /* ColorExtension.swift */ = {isa = PBXFileReference; lastKnownFileType = sourcecode.swift; path = ColorExtension.swift; sourceTree = "<group>"; };
		8D996DE225A23A2B00724453 /* MonthlyChartView.swift */ = {isa = PBXFileReference; lastKnownFileType = sourcecode.swift; path = MonthlyChartView.swift; sourceTree = "<group>"; };
		8D9B0FCE24F3A2E7003502C8 /* WidgetKit.framework */ = {isa = PBXFileReference; lastKnownFileType = wrapper.framework; name = WidgetKit.framework; path = System/Library/Frameworks/WidgetKit.framework; sourceTree = SDKROOT; };
		8D9B0FD024F3A2E7003502C8 /* SwiftUI.framework */ = {isa = PBXFileReference; lastKnownFileType = wrapper.framework; name = SwiftUI.framework; path = System/Library/Frameworks/SwiftUI.framework; sourceTree = SDKROOT; };
		8D9B0FDF24F3A35A003502C8 /* Gfror.li.entitlements */ = {isa = PBXFileReference; lastKnownFileType = text.plist.entitlements; path = Gfror.li.entitlements; sourceTree = "<group>"; };
		8D9B0FE024F3A3A3003502C8 /* GfroerliWidgetExtension.entitlements */ = {isa = PBXFileReference; lastKnownFileType = text.plist.entitlements; path = GfroerliWidgetExtension.entitlements; sourceTree = "<group>"; };
		8DA5298B27B7AD28009A4142 /* gsw */ = {isa = PBXFileReference; lastKnownFileType = text.plist.strings; name = gsw; path = gsw.lproj/Localizable.strings; sourceTree = "<group>"; };
		8DA5298C27B7AD29009A4142 /* gsw */ = {isa = PBXFileReference; lastKnownFileType = text.plist.strings; name = gsw; path = gsw.lproj/Localizable.strings; sourceTree = "<group>"; };
		8DA5298D27B7AD29009A4142 /* gsw */ = {isa = PBXFileReference; lastKnownFileType = text.plist.strings; name = gsw; path = gsw.lproj/Localizable.strings; sourceTree = "<group>"; };
		8DA5298E27B7AF1D009A4142 /* en */ = {isa = PBXFileReference; lastKnownFileType = text.plist.strings; name = en; path = en.lproj/Localizable.strings; sourceTree = "<group>"; };
		8DA5298F27B7AF1D009A4142 /* en */ = {isa = PBXFileReference; lastKnownFileType = text.plist.strings; name = en; path = en.lproj/Localizable.strings; sourceTree = "<group>"; };
		8DA7CEF42516108000395465 /* SensorListViewModel.swift */ = {isa = PBXFileReference; lastKnownFileType = sourcecode.swift; path = SensorListViewModel.swift; sourceTree = "<group>"; };
		8DA7CF01251611C700395465 /* SingleSensorViewModel.swift */ = {isa = PBXFileReference; lastKnownFileType = sourcecode.swift; path = SingleSensorViewModel.swift; sourceTree = "<group>"; };
		8DB8937426A3230F008BDFC5 /* MapView.swift */ = {isa = PBXFileReference; lastKnownFileType = sourcecode.swift; path = MapView.swift; sourceTree = "<group>"; };
		8DBC3C4A25756C080010D55B /* HourlyChartView.swift */ = {isa = PBXFileReference; lastKnownFileType = sourcecode.swift; path = HourlyChartView.swift; sourceTree = "<group>"; };
		8DBCDB8E2576C4C400CBDAA6 /* WeeklyChartView.swift */ = {isa = PBXFileReference; lastKnownFileType = sourcecode.swift; path = WeeklyChartView.swift; sourceTree = "<group>"; };
		8DBCDB952576D55800CBDAA6 /* Legend.swift */ = {isa = PBXFileReference; lastKnownFileType = sourcecode.swift; path = Legend.swift; sourceTree = "<group>"; };
		8DCB9A57257972E30063C628 /* SensorOverviewMap.swift */ = {isa = PBXFileReference; lastKnownFileType = sourcecode.swift; path = SensorOverviewMap.swift; sourceTree = "<group>"; };
		8DD06C2825A0E7340081250B /* GroupBoxExtension.swift */ = {isa = PBXFileReference; lastKnownFileType = sourcecode.swift; path = GroupBoxExtension.swift; sourceTree = "<group>"; };
		8DD06C2F25A0EF290081250B /* UIDeviceExtension.swift */ = {isa = PBXFileReference; lastKnownFileType = sourcecode.swift; path = UIDeviceExtension.swift; sourceTree = "<group>"; };
		8DF3BBC8250B4F2700DBCC37 /* URLExtension.swift */ = {isa = PBXFileReference; lastKnownFileType = sourcecode.swift; path = URLExtension.swift; sourceTree = "<group>"; };
		8DF3BBCA250B709700DBCC37 /* SearchView.swift */ = {isa = PBXFileReference; lastKnownFileType = sourcecode.swift; path = SearchView.swift; sourceTree = "<group>"; };
		8DF3BBD4250BB62D00DBCC37 /* SensorOverviewLastMeasurementView.swift */ = {isa = PBXFileReference; lastKnownFileType = sourcecode.swift; path = SensorOverviewLastMeasurementView.swift; sourceTree = "<group>"; };
		8DF3BBD7250BB6BB00DBCC37 /* OwnHelpers.swift */ = {isa = PBXFileReference; lastKnownFileType = sourcecode.swift; path = OwnHelpers.swift; sourceTree = "<group>"; };
		8DF852E026C7C64D0020B717 /* LocationManager.swift */ = {isa = PBXFileReference; lastKnownFileType = sourcecode.swift; path = LocationManager.swift; sourceTree = "<group>"; };
		8DF852E426C7DAD00020B717 /* WhatsNew.json */ = {isa = PBXFileReference; lastKnownFileType = text.json; path = WhatsNew.json; sourceTree = "<group>"; };
		B415711B260A41A400372278 /* ChangeNote.swift */ = {isa = PBXFileReference; lastKnownFileType = sourcecode.swift; path = ChangeNote.swift; sourceTree = "<group>"; };
		B4157124260A43B400372278 /* Bundle-Decodable.swift */ = {isa = PBXFileReference; fileEncoding = 4; lastKnownFileType = sourcecode.swift; path = "Bundle-Decodable.swift"; sourceTree = "<group>"; };
		B4157127260A444B00372278 /* WhatsNewView.swift */ = {isa = PBXFileReference; lastKnownFileType = sourcecode.swift; path = WhatsNewView.swift; sourceTree = "<group>"; };
		B4512B662686359500F631C8 /* BearerToken.swift */ = {isa = PBXFileReference; lastKnownFileType = sourcecode.swift; path = BearerToken.swift; sourceTree = "<group>"; };
		B467085B2641BD8D003E28E5 /* Observer.swift */ = {isa = PBXFileReference; lastKnownFileType = sourcecode.swift; path = Observer.swift; sourceTree = "<group>"; };
		B46708602641C42B003E28E5 /* Base */ = {isa = PBXFileReference; lastKnownFileType = text.json; name = Base; path = Base.lproj/Changes.json; sourceTree = "<group>"; };
		B46708622641C432003E28E5 /* en */ = {isa = PBXFileReference; lastKnownFileType = text.json; name = en; path = en.lproj/Changes.json; sourceTree = "<group>"; };
		B46708642641C435003E28E5 /* de */ = {isa = PBXFileReference; lastKnownFileType = text.json; name = de; path = de.lproj/Changes.json; sourceTree = "<group>"; };
		B46708672641C596003E28E5 /* gsw */ = {isa = PBXFileReference; lastKnownFileType = text.json; name = gsw; path = gsw.lproj/Changes.json; sourceTree = "<group>"; };
		B4795EC3260CCC1800D4BF19 /* SelectSensorIntentExtension.appex */ = {isa = PBXFileReference; explicitFileType = "wrapper.app-extension"; includeInIndex = 0; path = SelectSensorIntentExtension.appex; sourceTree = BUILT_PRODUCTS_DIR; };
		B4795EC4260CCC1800D4BF19 /* Intents.framework */ = {isa = PBXFileReference; lastKnownFileType = wrapper.framework; name = Intents.framework; path = System/Library/Frameworks/Intents.framework; sourceTree = SDKROOT; };
		B4795EC7260CCC1800D4BF19 /* IntentHandler.swift */ = {isa = PBXFileReference; lastKnownFileType = sourcecode.swift; path = IntentHandler.swift; sourceTree = "<group>"; };
		B4795EC9260CCC1800D4BF19 /* Info.plist */ = {isa = PBXFileReference; lastKnownFileType = text.plist.xml; path = Info.plist; sourceTree = "<group>"; };
		B494D715265D452F00327BAF /* TemperatureAggregations.swift */ = {isa = PBXFileReference; lastKnownFileType = sourcecode.swift; path = TemperatureAggregations.swift; sourceTree = "<group>"; };
		B494D719265D474D00327BAF /* TemperatureAggregationsViewModel.swift */ = {isa = PBXFileReference; lastKnownFileType = sourcecode.swift; path = TemperatureAggregationsViewModel.swift; sourceTree = "<group>"; };
		B49B012F260E118500D1AA37 /* SingleSensorWithGraphView.swift */ = {isa = PBXFileReference; lastKnownFileType = sourcecode.swift; path = SingleSensorWithGraphView.swift; sourceTree = "<group>"; };
		B49B0147260E129E00D1AA37 /* WidgetMain.swift */ = {isa = PBXFileReference; lastKnownFileType = sourcecode.swift; path = WidgetMain.swift; sourceTree = "<group>"; };
		B49B0178260E167900D1AA37 /* SingleSensorProvider.swift */ = {isa = PBXFileReference; lastKnownFileType = sourcecode.swift; path = SingleSensorProvider.swift; sourceTree = "<group>"; };
		B49B017E260E178200D1AA37 /* SingleSensorWidgetView.swift */ = {isa = PBXFileReference; lastKnownFileType = sourcecode.swift; path = SingleSensorWidgetView.swift; sourceTree = "<group>"; };
		B49BE2CF261CB4880004B0D6 /* Reachability.swift */ = {isa = PBXFileReference; lastKnownFileType = sourcecode.swift; path = Reachability.swift; sourceTree = "<group>"; };
		B49BE2D3261CF3830004B0D6 /* ImageLoader.swift */ = {isa = PBXFileReference; lastKnownFileType = sourcecode.swift; path = ImageLoader.swift; sourceTree = "<group>"; };
		B4AA328A26262DED007E1627 /* SingleSensorWithGraphProvider.swift */ = {isa = PBXFileReference; lastKnownFileType = sourcecode.swift; path = SingleSensorWithGraphProvider.swift; sourceTree = "<group>"; };
		B4B37A5525C2C43400DA76A5 /* LoadableObject.swift */ = {isa = PBXFileReference; lastKnownFileType = sourcecode.swift; path = LoadableObject.swift; sourceTree = "<group>"; };
		B4DEC7E2265424A700206EAA /* GraphView.swift */ = {isa = PBXFileReference; lastKnownFileType = sourcecode.swift; path = GraphView.swift; sourceTree = "<group>"; };
		B4DEC7E4265424B900206EAA /* ChartView.swift */ = {isa = PBXFileReference; lastKnownFileType = sourcecode.swift; path = ChartView.swift; sourceTree = "<group>"; };
		B4DEC7E6265424C300206EAA /* X-LabelsView.swift */ = {isa = PBXFileReference; lastKnownFileType = sourcecode.swift; path = "X-LabelsView.swift"; sourceTree = "<group>"; };
		B4DEC7E8265424CC00206EAA /* Y-LabelsView.swift */ = {isa = PBXFileReference; lastKnownFileType = sourcecode.swift; path = "Y-LabelsView.swift"; sourceTree = "<group>"; };
		B4DEC7EA2654276400206EAA /* LineShape.swift */ = {isa = PBXFileReference; lastKnownFileType = sourcecode.swift; path = LineShape.swift; sourceTree = "<group>"; };
		B4DEC7ED26544D6600206EAA /* VectorAnimations.swift */ = {isa = PBXFileReference; lastKnownFileType = sourcecode.swift; path = VectorAnimations.swift; sourceTree = "<group>"; };
		B4E124D2260CD20700F45852 /* gfroerliWidgetExtensionExtension.appex */ = {isa = PBXFileReference; explicitFileType = "wrapper.app-extension"; includeInIndex = 0; path = gfroerliWidgetExtensionExtension.appex; sourceTree = BUILT_PRODUCTS_DIR; };
		B4E124D8260CD20700F45852 /* gfroerliWidgetExtension.intentdefinition */ = {isa = PBXFileReference; lastKnownFileType = file.intentdefinition; path = gfroerliWidgetExtension.intentdefinition; sourceTree = "<group>"; };
		B4E124D9260CD20800F45852 /* Assets.xcassets */ = {isa = PBXFileReference; lastKnownFileType = folder.assetcatalog; path = Assets.xcassets; sourceTree = "<group>"; };
		B4E124DB260CD20800F45852 /* Info.plist */ = {isa = PBXFileReference; lastKnownFileType = text.plist.xml; path = Info.plist; sourceTree = "<group>"; };
		B4E481AD260F29CD00F6C8EA /* WaveShape.swift */ = {isa = PBXFileReference; lastKnownFileType = sourcecode.swift; path = WaveShape.swift; sourceTree = "<group>"; };
		B4F19A4026263F4A00CA4C8D /* Base */ = {isa = PBXFileReference; lastKnownFileType = file.intentdefinition; name = Base; path = Base.lproj/SelectSensor.intentdefinition; sourceTree = "<group>"; };
		B4F19A4326263F5000CA4C8D /* en */ = {isa = PBXFileReference; lastKnownFileType = text.plist.strings; name = en; path = en.lproj/SelectSensor.strings; sourceTree = "<group>"; };
		B4F19A4726263F5200CA4C8D /* de */ = {isa = PBXFileReference; lastKnownFileType = text.plist.strings; name = de; path = de.lproj/SelectSensor.strings; sourceTree = "<group>"; };
		B4F44CFC264AEF9500ACD190 /* gsw */ = {isa = PBXFileReference; lastKnownFileType = text.plist.strings; name = gsw; path = gsw.lproj/SelectSensor.strings; sourceTree = "<group>"; };
		B4F95C0725C2EC46004C21E1 /* ViewExtensions.swift */ = {isa = PBXFileReference; lastKnownFileType = sourcecode.swift; path = ViewExtensions.swift; sourceTree = "<group>"; };
		B4F95C0E25C30F38004C21E1 /* HourlyChartShape.swift */ = {isa = PBXFileReference; lastKnownFileType = sourcecode.swift; path = HourlyChartShape.swift; sourceTree = "<group>"; };
		B4F95C1E25C31005004C21E1 /* RangeReplaceableCollectionExtension.swift */ = {isa = PBXFileReference; lastKnownFileType = sourcecode.swift; path = RangeReplaceableCollectionExtension.swift; sourceTree = "<group>"; };
		B4F95C2E25C313EE004C21E1 /* WeeklyChartShape.swift */ = {isa = PBXFileReference; lastKnownFileType = sourcecode.swift; path = WeeklyChartShape.swift; sourceTree = "<group>"; };
		B4F95C3625C31604004C21E1 /* MonthlyChartShape.swift */ = {isa = PBXFileReference; lastKnownFileType = sourcecode.swift; path = MonthlyChartShape.swift; sourceTree = "<group>"; };
		E438B4CB24ACFB7D008A2E01 /* IOSMainView.swift */ = {isa = PBXFileReference; lastKnownFileType = sourcecode.swift; path = IOSMainView.swift; sourceTree = "<group>"; };
		E44EA3AC24EEA7EA00380E27 /* MapExtension.swift */ = {isa = PBXFileReference; lastKnownFileType = sourcecode.swift; path = MapExtension.swift; sourceTree = "<group>"; };
		E461456824A34823006233AE /* GfrorliApp.swift */ = {isa = PBXFileReference; lastKnownFileType = sourcecode.swift; path = GfrorliApp.swift; sourceTree = "<group>"; };
		E461456A24A34831006233AE /* Assets.xcassets */ = {isa = PBXFileReference; lastKnownFileType = folder.assetcatalog; path = Assets.xcassets; sourceTree = "<group>"; };
		E461456F24A34831006233AE /* Gfror.li.app */ = {isa = PBXFileReference; explicitFileType = wrapper.application; includeInIndex = 0; path = Gfror.li.app; sourceTree = BUILT_PRODUCTS_DIR; };
		E461457224A34831006233AE /* Info.plist */ = {isa = PBXFileReference; lastKnownFileType = text.plist.xml; path = Info.plist; sourceTree = "<group>"; };
		E461457F24A34831006233AE /* Tests iOS.xctest */ = {isa = PBXFileReference; explicitFileType = wrapper.cfbundle; includeInIndex = 0; path = "Tests iOS.xctest"; sourceTree = BUILT_PRODUCTS_DIR; };
		E461458324A34831006233AE /* Tests_iOS.swift */ = {isa = PBXFileReference; lastKnownFileType = sourcecode.swift; path = Tests_iOS.swift; sourceTree = "<group>"; };
		E461458524A34831006233AE /* Info.plist */ = {isa = PBXFileReference; lastKnownFileType = text.plist.xml; path = Info.plist; sourceTree = "<group>"; };
		E4C24FE624EEB58400FB4F51 /* Sensor.swift */ = {isa = PBXFileReference; lastKnownFileType = sourcecode.swift; path = Sensor.swift; sourceTree = "<group>"; };
		E4C24FE824EEB5AA00FB4F51 /* TempAggregations.swift */ = {isa = PBXFileReference; lastKnownFileType = sourcecode.swift; path = TempAggregations.swift; sourceTree = "<group>"; };
/* End PBXFileReference section */

/* Begin PBXFrameworksBuildPhase section */
		B4795EC0260CCC1800D4BF19 /* Frameworks */ = {
			isa = PBXFrameworksBuildPhase;
			buildActionMask = 2147483647;
			files = (
				B4795EC5260CCC1800D4BF19 /* Intents.framework in Frameworks */,
			);
			runOnlyForDeploymentPostprocessing = 0;
		};
		B4E124CF260CD20700F45852 /* Frameworks */ = {
			isa = PBXFrameworksBuildPhase;
			buildActionMask = 2147483647;
			files = (
				B4E124D4260CD20700F45852 /* SwiftUI.framework in Frameworks */,
				B4E124D3260CD20700F45852 /* WidgetKit.framework in Frameworks */,
			);
			runOnlyForDeploymentPostprocessing = 0;
		};
		E461456C24A34831006233AE /* Frameworks */ = {
			isa = PBXFrameworksBuildPhase;
			buildActionMask = 2147483647;
			files = (
			);
			runOnlyForDeploymentPostprocessing = 0;
		};
		E461457C24A34831006233AE /* Frameworks */ = {
			isa = PBXFrameworksBuildPhase;
			buildActionMask = 2147483647;
			files = (
			);
			runOnlyForDeploymentPostprocessing = 0;
		};
/* End PBXFrameworksBuildPhase section */

/* Begin PBXGroup section */
		8D0D7FDE24F101E70068176C /* CostumUI */ = {
			isa = PBXGroup;
			children = (
				8D04196724F50258003D64D4 /* SensorScrollItem.swift */,
				8D5D25CA257A98D1002852F4 /* LakeListItem.swift */,
				8D2701C625153082007BB0E1 /* LoadingView.swift */,
			);
			path = CostumUI;
			sourceTree = "<group>";
		};
		8D5066D124F7F33400E426DE /* SwiftUICharts */ = {
			isa = PBXGroup;
			children = (
				8D5066D224F7F33400E426DE /* LineChartApp */,
				8D5066E424F7F33400E426DE /* Helpers.swift */,
			);
			path = SwiftUICharts;
			sourceTree = "<group>";
		};
		8D5066D224F7F33400E426DE /* LineChartApp */ = {
			isa = PBXGroup;
			children = (
				8DBC3C4A25756C080010D55B /* HourlyChartView.swift */,
				B4F95C0E25C30F38004C21E1 /* HourlyChartShape.swift */,
				8DBCDB8E2576C4C400CBDAA6 /* WeeklyChartView.swift */,
				B4F95C2E25C313EE004C21E1 /* WeeklyChartShape.swift */,
				8D996DE225A23A2B00724453 /* MonthlyChartView.swift */,
				B4F95C3625C31604004C21E1 /* MonthlyChartShape.swift */,
				8DBCDB952576D55800CBDAA6 /* Legend.swift */,
			);
			path = LineChartApp;
			sourceTree = "<group>";
		};
		8D815A2A25A63AE80060AC85 /* AppStoreData */ = {
			isa = PBXGroup;
			children = (
				B46708612641C42B003E28E5 /* Changes.json */,
				8DF852E426C7DAD00020B717 /* WhatsNew.json */,
			);
			path = AppStoreData;
			sourceTree = "<group>";
		};
		8D9B0FCD24F3A2E7003502C8 /* Frameworks */ = {
			isa = PBXGroup;
			children = (
				8D9B0FCE24F3A2E7003502C8 /* WidgetKit.framework */,
				8D9B0FD024F3A2E7003502C8 /* SwiftUI.framework */,
				8D3D3701250C190500F11E48 /* IntentsUI.framework */,
				B4795EC4260CCC1800D4BF19 /* Intents.framework */,
			);
			name = Frameworks;
			sourceTree = "<group>";
		};
		8DA7CEF32516105900395465 /* ViewModels */ = {
			isa = PBXGroup;
			children = (
				8DA7CEF42516108000395465 /* SensorListViewModel.swift */,
				B49BE2D3261CF3830004B0D6 /* ImageLoader.swift */,
				8DA7CF01251611C700395465 /* SingleSensorViewModel.swift */,
				8D737736252BA8750075E04E /* SponsorsViewModel.swift */,
				B494D719265D474D00327BAF /* TemperatureAggregationsViewModel.swift */,
			);
			path = ViewModels;
			sourceTree = "<group>";
		};
		8DB8937326A322EA008BDFC5 /* Map */ = {
			isa = PBXGroup;
			children = (
				8DB8937426A3230F008BDFC5 /* MapView.swift */,
			);
			path = Map;
			sourceTree = "<group>";
		};
		8DF3BBCE250BB4A900DBCC37 /* MainViews */ = {
			isa = PBXGroup;
			children = (
				E438B4CB24ACFB7D008A2E01 /* IOSMainView.swift */,
				8DF3BBCF250BB4B700DBCC37 /* Overview */,
				8DB8937326A322EA008BDFC5 /* Map */,
				8DF3BBD2250BB4D000DBCC37 /* Search */,
				8DF3BBD1250BB4CA00DBCC37 /* Favorites */,
				8DF3BBD0250BB4C300DBCC37 /* Settings */,
			);
			path = MainViews;
			sourceTree = "<group>";
		};
		8DF3BBCF250BB4B700DBCC37 /* Overview */ = {
			isa = PBXGroup;
			children = (
				8D0D7FE124F107B60068176C /* OverView.swift */,
				8D6A7DC524F14115009A0026 /* LakeOverView.swift */,
				8D580B58259FA33800202262 /* FAQView.swift */,
				8DF3BBD3250BB54C00DBCC37 /* SensorOverView */,
			);
			path = Overview;
			sourceTree = "<group>";
		};
		8DF3BBD0250BB4C300DBCC37 /* Settings */ = {
			isa = PBXGroup;
			children = (
				B4157127260A444B00372278 /* WhatsNewView.swift */,
				8D0D7FE524F107D30068176C /* SettingsView.swift */,
				8D3D3EB926C804DC002756EE /* ChangeLogView.swift */,
			);
			path = Settings;
			sourceTree = "<group>";
		};
		8DF3BBD1250BB4CA00DBCC37 /* Favorites */ = {
			isa = PBXGroup;
			children = (
				8D0D7FE324F107C10068176C /* FavoritesView.swift */,
			);
			path = Favorites;
			sourceTree = "<group>";
		};
		8DF3BBD2250BB4D000DBCC37 /* Search */ = {
			isa = PBXGroup;
			children = (
				8DF3BBCA250B709700DBCC37 /* SearchView.swift */,
			);
			path = Search;
			sourceTree = "<group>";
		};
		8DF3BBD3250BB54C00DBCC37 /* SensorOverView */ = {
			isa = PBXGroup;
			children = (
				8D6A7DC724F15187009A0026 /* SensorOverView.swift */,
				8D4AB97627B8510A00ACEBE4 /* SensorOverViewNewSensorView.swift */,
				8DCB9A57257972E30063C628 /* SensorOverviewMap.swift */,
				8DF3BBD4250BB62D00DBCC37 /* SensorOverviewLastMeasurementView.swift */,
				8D3D36EF250BBC8500F11E48 /* SensorOverViewGraph.swift */,
				8D3D36F1250BBEF000F11E48 /* SensorOverviewSponsorView.swift */,
			);
			path = SensorOverView;
			sourceTree = "<group>";
		};
		8DF3BBD6250BB69700DBCC37 /* HelpersFolder */ = {
			isa = PBXGroup;
			children = (
				8DF3BBD7250BB6BB00DBCC37 /* OwnHelpers.swift */,
				B49BE2CF261CB4880004B0D6 /* Reachability.swift */,
			);
			path = HelpersFolder;
			sourceTree = "<group>";
		};
		B4795EC6260CCC1800D4BF19 /* SelectSensorIntentExtension */ = {
			isa = PBXGroup;
			children = (
				B4795EC7260CCC1800D4BF19 /* IntentHandler.swift */,
				B4795EC9260CCC1800D4BF19 /* Info.plist */,
				8D34C25927B79F30005BCE85 /* Localizable.strings */,
			);
			path = SelectSensorIntentExtension;
			sourceTree = "<group>";
		};
		B49B012E260E116200D1AA37 /* WidgetViews */ = {
			isa = PBXGroup;
			children = (
				B49B012F260E118500D1AA37 /* SingleSensorWithGraphView.swift */,
				B49B017E260E178200D1AA37 /* SingleSensorWidgetView.swift */,
				B4E481AC260F299D00F6C8EA /* SupportingViews */,
			);
			path = WidgetViews;
			sourceTree = "<group>";
		};
		B49B0146260E128600D1AA37 /* Provider */ = {
			isa = PBXGroup;
			children = (
				B49B0178260E167900D1AA37 /* SingleSensorProvider.swift */,
				B4AA328A26262DED007E1627 /* SingleSensorWithGraphProvider.swift */,
			);
			path = Provider;
			sourceTree = "<group>";
		};
		B4B37A5D25C2C43900DA76A5 /* protocols */ = {
			isa = PBXGroup;
			children = (
				B4B37A5525C2C43400DA76A5 /* LoadableObject.swift */,
			);
			path = protocols;
			sourceTree = "<group>";
		};
		B4DEC7E12654248100206EAA /* Views */ = {
			isa = PBXGroup;
			children = (
				B4DEC7EC265440E000206EAA /* Chart */,
			);
			path = Views;
			sourceTree = "<group>";
		};
		B4DEC7EC265440E000206EAA /* Chart */ = {
			isa = PBXGroup;
			children = (
				B4DEC7E2265424A700206EAA /* GraphView.swift */,
				B4DEC7E4265424B900206EAA /* ChartView.swift */,
				B4DEC7E6265424C300206EAA /* X-LabelsView.swift */,
				B4DEC7E8265424CC00206EAA /* Y-LabelsView.swift */,
				B4DEC7EA2654276400206EAA /* LineShape.swift */,
				B4DEC7ED26544D6600206EAA /* VectorAnimations.swift */,
			);
			path = Chart;
			sourceTree = "<group>";
		};
		B4E124D5260CD20700F45852 /* gfroerliWidgetExtension */ = {
			isa = PBXGroup;
			children = (
				B49B0147260E129E00D1AA37 /* WidgetMain.swift */,
				B49B0146260E128600D1AA37 /* Provider */,
				B49B012E260E116200D1AA37 /* WidgetViews */,
				B4F19A4126263F4A00CA4C8D /* SelectSensor.intentdefinition */,
				B4E124D8260CD20700F45852 /* gfroerliWidgetExtension.intentdefinition */,
				B4E124D9260CD20800F45852 /* Assets.xcassets */,
				B4E124DB260CD20800F45852 /* Info.plist */,
				8D34C25327B79F30005BCE85 /* Localizable.strings */,
			);
			path = gfroerliWidgetExtension;
			sourceTree = "<group>";
		};
		B4E481AC260F299D00F6C8EA /* SupportingViews */ = {
			isa = PBXGroup;
			children = (
				B4E481AD260F29CD00F6C8EA /* WaveShape.swift */,
			);
			path = SupportingViews;
			sourceTree = "<group>";
		};
		E438B4C924ACFB49008A2E01 /* iOSViews */ = {
			isa = PBXGroup;
			children = (
				8DF3BBCE250BB4A900DBCC37 /* MainViews */,
				8D0D7FDE24F101E70068176C /* CostumUI */,
			);
			path = iOSViews;
			sourceTree = "<group>";
		};
		E44EA3AE24EEA88200380E27 /* extensions */ = {
			isa = PBXGroup;
			children = (
				8D5066D124F7F33400E426DE /* SwiftUICharts */,
				E44EA3AC24EEA7EA00380E27 /* MapExtension.swift */,
				8DD06C2825A0E7340081250B /* GroupBoxExtension.swift */,
				8DF3BBC8250B4F2700DBCC37 /* URLExtension.swift */,
				8D05A2DA253F645300E7C1BD /* PreViewExtension.swift */,
				B467085B2641BD8D003E28E5 /* Observer.swift */,
				8D7E98BC257025EC00BC32EB /* ColorExtension.swift */,
				8DD06C2F25A0EF290081250B /* UIDeviceExtension.swift */,
				B4F95C0725C2EC46004C21E1 /* ViewExtensions.swift */,
				B4F95C1E25C31005004C21E1 /* RangeReplaceableCollectionExtension.swift */,
				8DF852E026C7C64D0020B717 /* LocationManager.swift */,
				8D34C25127B7968D005BCE85 /* ArrayExtension.swift */,
			);
			path = extensions;
			sourceTree = "<group>";
		};
		E461456224A34823006233AE = {
			isa = PBXGroup;
			children = (
				8D49A371250A3F98000B26CD /* WidgetsRelease.entitlements */,
				8D9B0FE024F3A3A3003502C8 /* GfroerliWidgetExtension.entitlements */,
				E461456724A34823006233AE /* Shared */,
				E461457124A34831006233AE /* iOS */,
				E461458224A34831006233AE /* Tests iOS */,
				B4795EC6260CCC1800D4BF19 /* SelectSensorIntentExtension */,
				B4E124D5260CD20700F45852 /* gfroerliWidgetExtension */,
				8D9B0FCD24F3A2E7003502C8 /* Frameworks */,
				E461457024A34831006233AE /* Products */,
			);
			sourceTree = "<group>";
		};
		E461456724A34823006233AE /* Shared */ = {
			isa = PBXGroup;
			children = (
				B4DEC7E12654248100206EAA /* Views */,
				B4B37A5D25C2C43900DA76A5 /* protocols */,
				8D815A2A25A63AE80060AC85 /* AppStoreData */,
				8DF3BBD6250BB69700DBCC37 /* HelpersFolder */,
				E4C24FE424EEB57500FB4F51 /* api */,
				E44EA3AE24EEA88200380E27 /* extensions */,
				E461456824A34823006233AE /* GfrorliApp.swift */,
				E461456A24A34831006233AE /* Assets.xcassets */,
			);
			path = Shared;
			sourceTree = "<group>";
		};
		E461457024A34831006233AE /* Products */ = {
			isa = PBXGroup;
			children = (
				E461456F24A34831006233AE /* Gfror.li.app */,
				E461457F24A34831006233AE /* Tests iOS.xctest */,
				B4795EC3260CCC1800D4BF19 /* SelectSensorIntentExtension.appex */,
				B4E124D2260CD20700F45852 /* gfroerliWidgetExtensionExtension.appex */,
			);
			name = Products;
			sourceTree = "<group>";
		};
		E461457124A34831006233AE /* iOS */ = {
			isa = PBXGroup;
			children = (
				E438B4C924ACFB49008A2E01 /* iOSViews */,
				8D49A370250A3E6B000B26CD /* Gfror.liRelease.entitlements */,
				8D9B0FDF24F3A35A003502C8 /* Gfror.li.entitlements */,
				E461457224A34831006233AE /* Info.plist */,
				8D34C25627B79F30005BCE85 /* Localizable.strings */,
			);
			path = iOS;
			sourceTree = "<group>";
		};
		E461458224A34831006233AE /* Tests iOS */ = {
			isa = PBXGroup;
			children = (
				E461458324A34831006233AE /* Tests_iOS.swift */,
				E461458524A34831006233AE /* Info.plist */,
			);
			path = "Tests iOS";
			sourceTree = "<group>";
		};
		E4C24FE424EEB57500FB4F51 /* api */ = {
			isa = PBXGroup;
			children = (
				B4157124260A43B400372278 /* Bundle-Decodable.swift */,
				8DA7CEF32516105900395465 /* ViewModels */,
				E4C24FE524EEB57A00FB4F51 /* Models */,
				B4512B662686359500F631C8 /* BearerToken.swift */,
			);
			path = api;
			sourceTree = "<group>";
		};
		E4C24FE524EEB57A00FB4F51 /* Models */ = {
			isa = PBXGroup;
			children = (
				B494D715265D452F00327BAF /* TemperatureAggregations.swift */,
				E4C24FE624EEB58400FB4F51 /* Sensor.swift */,
				8D73772E252BA7200075E04E /* Sponsor.swift */,
				E4C24FE824EEB5AA00FB4F51 /* TempAggregations.swift */,
				8D0D7FE724F10F610068176C /* LakesData.swift */,
				8D04196924F50349003D64D4 /* RiverData.swift */,
				B415711B260A41A400372278 /* ChangeNote.swift */,
			);
			path = Models;
			sourceTree = "<group>";
		};
/* End PBXGroup section */

/* Begin PBXNativeTarget section */
		B4795EC2260CCC1800D4BF19 /* SelectSensorIntentExtension */ = {
			isa = PBXNativeTarget;
			buildConfigurationList = B4795ECF260CCC1800D4BF19 /* Build configuration list for PBXNativeTarget "SelectSensorIntentExtension" */;
			buildPhases = (
				B4795EBF260CCC1800D4BF19 /* Sources */,
				B4795EC0260CCC1800D4BF19 /* Frameworks */,
				B4795EC1260CCC1800D4BF19 /* Resources */,
			);
			buildRules = (
			);
			dependencies = (
			);
			name = SelectSensorIntentExtension;
			productName = SelectSensorIntentExtension;
			productReference = B4795EC3260CCC1800D4BF19 /* SelectSensorIntentExtension.appex */;
			productType = "com.apple.product-type.app-extension";
		};
		B4E124D1260CD20700F45852 /* gfroerliWidgetExtensionExtension */ = {
			isa = PBXNativeTarget;
			buildConfigurationList = B4E124E1260CD20800F45852 /* Build configuration list for PBXNativeTarget "gfroerliWidgetExtensionExtension" */;
			buildPhases = (
				B4E124CE260CD20700F45852 /* Sources */,
				B4E124CF260CD20700F45852 /* Frameworks */,
				B4E124D0260CD20700F45852 /* Resources */,
			);
			buildRules = (
			);
			dependencies = (
			);
			name = gfroerliWidgetExtensionExtension;
			productName = gfroerliWidgetExtensionExtension;
			productReference = B4E124D2260CD20700F45852 /* gfroerliWidgetExtensionExtension.appex */;
			productType = "com.apple.product-type.app-extension";
		};
		E461456E24A34831006233AE /* iOS */ = {
			isa = PBXNativeTarget;
			buildConfigurationList = E461459924A34831006233AE /* Build configuration list for PBXNativeTarget "iOS" */;
			buildPhases = (
				E461456B24A34831006233AE /* Sources */,
				E461456C24A34831006233AE /* Frameworks */,
				E461456D24A34831006233AE /* Resources */,
				8D9B0FDB24F3A2E8003502C8 /* Embed App Extensions */,
			);
			buildRules = (
			);
			dependencies = (
				B4795ECB260CCC1800D4BF19 /* PBXTargetDependency */,
				B4E124DF260CD20800F45852 /* PBXTargetDependency */,
			);
			name = iOS;
			packageProductDependencies = (
			);
			productName = iOS;
			productReference = E461456F24A34831006233AE /* Gfror.li.app */;
			productType = "com.apple.product-type.application";
		};
		E461457E24A34831006233AE /* Tests iOS */ = {
			isa = PBXNativeTarget;
			buildConfigurationList = E461459F24A34831006233AE /* Build configuration list for PBXNativeTarget "Tests iOS" */;
			buildPhases = (
				E461457B24A34831006233AE /* Sources */,
				E461457C24A34831006233AE /* Frameworks */,
				E461457D24A34831006233AE /* Resources */,
			);
			buildRules = (
			);
			dependencies = (
				E461458124A34831006233AE /* PBXTargetDependency */,
			);
			name = "Tests iOS";
			productName = "Tests iOS";
			productReference = E461457F24A34831006233AE /* Tests iOS.xctest */;
			productType = "com.apple.product-type.bundle.ui-testing";
		};
/* End PBXNativeTarget section */

/* Begin PBXProject section */
		E461456324A34823006233AE /* Project object */ = {
			isa = PBXProject;
			attributes = {
				LastSwiftUpdateCheck = 1240;
				LastUpgradeCheck = 1230;
				TargetAttributes = {
					B4795EC2260CCC1800D4BF19 = {
						CreatedOnToolsVersion = 12.5;
					};
					B4E124D1260CD20700F45852 = {
						CreatedOnToolsVersion = 12.4;
					};
					E461456E24A34831006233AE = {
						CreatedOnToolsVersion = 12.0;
					};
					E461457E24A34831006233AE = {
						CreatedOnToolsVersion = 12.0;
						TestTargetID = E461456E24A34831006233AE;
					};
				};
			};
			buildConfigurationList = E461456624A34823006233AE /* Build configuration list for PBXProject "Gfror.li" */;
			compatibilityVersion = "Xcode 9.3";
			developmentRegion = en;
			hasScannedForEncodings = 0;
			knownRegions = (
				en,
				Base,
				de,
				gsw,
			);
			mainGroup = E461456224A34823006233AE;
			packageReferences = (
			);
			productRefGroup = E461457024A34831006233AE /* Products */;
			projectDirPath = "";
			projectRoot = "";
			targets = (
				E461456E24A34831006233AE /* iOS */,
				E461457E24A34831006233AE /* Tests iOS */,
				B4795EC2260CCC1800D4BF19 /* SelectSensorIntentExtension */,
				B4E124D1260CD20700F45852 /* gfroerliWidgetExtensionExtension */,
			);
		};
/* End PBXProject section */

/* Begin PBXResourcesBuildPhase section */
		B4795EC1260CCC1800D4BF19 /* Resources */ = {
			isa = PBXResourcesBuildPhase;
			buildActionMask = 2147483647;
			files = (
				B467085E2641C42B003E28E5 /* Changes.json in Resources */,
				8D34C25B27B79F30005BCE85 /* Localizable.strings in Resources */,
			);
			runOnlyForDeploymentPostprocessing = 0;
		};
		B4E124D0260CD20700F45852 /* Resources */ = {
			isa = PBXResourcesBuildPhase;
			buildActionMask = 2147483647;
			files = (
				B4E124DA260CD20800F45852 /* Assets.xcassets in Resources */,
				8D34C25527B79F30005BCE85 /* Localizable.strings in Resources */,
				B467085F2641C42B003E28E5 /* Changes.json in Resources */,
			);
			runOnlyForDeploymentPostprocessing = 0;
		};
		E461456D24A34831006233AE /* Resources */ = {
			isa = PBXResourcesBuildPhase;
			buildActionMask = 2147483647;
			files = (
				8DF852E526C7DAD00020B717 /* WhatsNew.json in Resources */,
				8D34C25827B79F30005BCE85 /* Localizable.strings in Resources */,
				E461459524A34831006233AE /* Assets.xcassets in Resources */,
				B467085D2641C42B003E28E5 /* Changes.json in Resources */,
			);
			runOnlyForDeploymentPostprocessing = 0;
		};
		E461457D24A34831006233AE /* Resources */ = {
			isa = PBXResourcesBuildPhase;
			buildActionMask = 2147483647;
			files = (
			);
			runOnlyForDeploymentPostprocessing = 0;
		};
/* End PBXResourcesBuildPhase section */

/* Begin PBXSourcesBuildPhase section */
		B4795EBF260CCC1800D4BF19 /* Sources */ = {
			isa = PBXSourcesBuildPhase;
			buildActionMask = 2147483647;
			files = (
				B494D71B265D474D00327BAF /* TemperatureAggregationsViewModel.swift in Sources */,
				B4E124C4260CD18800F45852 /* Bundle-Decodable.swift in Sources */,
				B4E124AF260CCF2000F45852 /* SensorListViewModel.swift in Sources */,
				B4E124A8260CCEDD00F45852 /* Sponsor.swift in Sources */,
				B4E12532260CD46500F45852 /* SingleSensorViewModel.swift in Sources */,
				B494D717265D452F00327BAF /* TemperatureAggregations.swift in Sources */,
				B4E124B6260CCF2400F45852 /* IntentHandler.swift in Sources */,
				B4E124A7260CCEDD00F45852 /* Sensor.swift in Sources */,
				B4512B68268635BD00F631C8 /* BearerToken.swift in Sources */,
				B4E124A5260CCEDD00F45852 /* TempAggregations.swift in Sources */,
				B4F19A3E26263F4A00CA4C8D /* SelectSensor.intentdefinition in Sources */,
				B4E124A3260CCEDD00F45852 /* RiverData.swift in Sources */,
				B4AA328B26262DED007E1627 /* SingleSensorWithGraphProvider.swift in Sources */,
				B4E124A6260CCEDD00F45852 /* LakesData.swift in Sources */,
				B49B0192260E180100D1AA37 /* SingleSensorProvider.swift in Sources */,
				B4E12499260CCED800F45852 /* SponsorsViewModel.swift in Sources */,
				B4512B6A2687388100F631C8 /* Reachability.swift in Sources */,
			);
			runOnlyForDeploymentPostprocessing = 0;
		};
		B4E124CE260CD20700F45852 /* Sources */ = {
			isa = PBXSourcesBuildPhase;
			buildActionMask = 2147483647;
			files = (
				8D3F99E326F8F6500075D176 /* VectorAnimations.swift in Sources */,
				B4AA328E262632B4007E1627 /* HourlyChartView.swift in Sources */,
				B494D718265D452F00327BAF /* TemperatureAggregations.swift in Sources */,
				B4E1251F260CD45D00F45852 /* TempAggregations.swift in Sources */,
				8D3F99DD26F8F0360075D176 /* ChartView.swift in Sources */,
				B4AA3291262632B4007E1627 /* MonthlyChartView.swift in Sources */,
				B4AA3293262632B4007E1627 /* MonthlyChartShape.swift in Sources */,
				B4E12520260CD45D00F45852 /* RiverData.swift in Sources */,
				B4E124DC260CD20800F45852 /* gfroerliWidgetExtension.intentdefinition in Sources */,
				B4AA328F262632B4007E1627 /* WeeklyChartShape.swift in Sources */,
				B4E12526260CD46200F45852 /* SponsorsViewModel.swift in Sources */,
				8D3F99DF26F8F4780075D176 /* OwnHelpers.swift in Sources */,
				B49B0193260E180100D1AA37 /* SingleSensorProvider.swift in Sources */,
				B4E1251B260CD45D00F45852 /* Sponsor.swift in Sources */,
				8D01C21626E3767100F14F90 /* GraphView.swift in Sources */,
				B494D71C265D474D00327BAF /* TemperatureAggregationsViewModel.swift in Sources */,
				B4F19A3F26263F4A00CA4C8D /* SelectSensor.intentdefinition in Sources */,
				B4AA329426263352007E1627 /* Helpers.swift in Sources */,
				B4E1251A260CD45D00F45852 /* LakesData.swift in Sources */,
				B4512B69268635BD00F631C8 /* BearerToken.swift in Sources */,
				B4E1251E260CD45D00F45852 /* Sensor.swift in Sources */,
				B49B013D260E120800D1AA37 /* SingleSensorWithGraphView.swift in Sources */,
				B4E124F1260CD31000F45852 /* IntentHandler.swift in Sources */,
				B4AA3292262632B4007E1627 /* HourlyChartShape.swift in Sources */,
				B4E12515260CD45500F45852 /* SensorListViewModel.swift in Sources */,
				8D3F99E126F8F6370075D176 /* X-LabelsView.swift in Sources */,
				8D3F99E026F8F62F0075D176 /* Y-LabelsView.swift in Sources */,
				B4E1252D260CD46400F45852 /* SingleSensorViewModel.swift in Sources */,
				B4AA3290262632B4007E1627 /* Legend.swift in Sources */,
				B49B0155260E132800D1AA37 /* WidgetMain.swift in Sources */,
				B49BE2CE261CA7080004B0D6 /* WaveShape.swift in Sources */,
				8D3F99E426F8F7BF0075D176 /* PreViewExtension.swift in Sources */,
				B4AA328D262632B4007E1627 /* WeeklyChartView.swift in Sources */,
				B49B02B4260E572500D1AA37 /* SingleSensorWidgetView.swift in Sources */,
				B4AA328C26262DED007E1627 /* SingleSensorWithGraphProvider.swift in Sources */,
				8D3F99E226F8F64D0075D176 /* LineShape.swift in Sources */,
				B49BE2D1261CB4990004B0D6 /* Reachability.swift in Sources */,
			);
			runOnlyForDeploymentPostprocessing = 0;
		};
		E461456B24A34831006233AE /* Sources */ = {
			isa = PBXSourcesBuildPhase;
			buildActionMask = 2147483647;
			files = (
				B4DEC7E5265424B900206EAA /* ChartView.swift in Sources */,
				E461459124A34831006233AE /* GfrorliApp.swift in Sources */,
				8DF3BBD8250BB6BB00DBCC37 /* OwnHelpers.swift in Sources */,
				B49BE2D0261CB4880004B0D6 /* Reachability.swift in Sources */,
				8D4AB97727B8510A00ACEBE4 /* SensorOverViewNewSensorView.swift in Sources */,
				B415711C260A41A400372278 /* ChangeNote.swift in Sources */,
				8DF3BBCB250B709700DBCC37 /* SearchView.swift in Sources */,
				8D6A7DC624F14115009A0026 /* LakeOverView.swift in Sources */,
				8D580B59259FA33800202262 /* FAQView.swift in Sources */,
				B4F19A3D26263F4A00CA4C8D /* SelectSensor.intentdefinition in Sources */,
				8DD06C3025A0EF290081250B /* UIDeviceExtension.swift in Sources */,
				8DF852E126C7C64D0020B717 /* LocationManager.swift in Sources */,
				B4DEC7EB2654276400206EAA /* LineShape.swift in Sources */,
				B4B37A5625C2C43400DA76A5 /* LoadableObject.swift in Sources */,
				E4C24FE724EEB58400FB4F51 /* Sensor.swift in Sources */,
				B4F95C0825C2EC46004C21E1 /* ViewExtensions.swift in Sources */,
				8DB8937526A3230F008BDFC5 /* MapView.swift in Sources */,
				8D0D7FE624F107D30068176C /* SettingsView.swift in Sources */,
				8DA7CF02251611C800395465 /* SingleSensorViewModel.swift in Sources */,
				8D0D7FE824F10F610068176C /* LakesData.swift in Sources */,
				8DBC3C4B25756C080010D55B /* HourlyChartView.swift in Sources */,
				8D04196A24F50349003D64D4 /* RiverData.swift in Sources */,
				8D996DE325A23A2B00724453 /* MonthlyChartView.swift in Sources */,
				B467085C2641BD8D003E28E5 /* Observer.swift in Sources */,
				8D3D36F2250BBEF000F11E48 /* SensorOverviewSponsorView.swift in Sources */,
				8D737737252BA8750075E04E /* SponsorsViewModel.swift in Sources */,
				8D04196824F50258003D64D4 /* SensorScrollItem.swift in Sources */,
				E44EA3AD24EEA7EA00380E27 /* MapExtension.swift in Sources */,
				B4157128260A444B00372278 /* WhatsNewView.swift in Sources */,
				B4157125260A43B400372278 /* Bundle-Decodable.swift in Sources */,
				8D0D7FE424F107C10068176C /* FavoritesView.swift in Sources */,
				B4F95C1F25C31005004C21E1 /* RangeReplaceableCollectionExtension.swift in Sources */,
				8DD06C2925A0E7340081250B /* GroupBoxExtension.swift in Sources */,
				8D3D36F0250BBC8500F11E48 /* SensorOverViewGraph.swift in Sources */,
				8DA7CEF52516108000395465 /* SensorListViewModel.swift in Sources */,
				B4DEC7E3265424A700206EAA /* GraphView.swift in Sources */,
				8D05A2DB253F645300E7C1BD /* PreViewExtension.swift in Sources */,
				B4F95C3725C31604004C21E1 /* MonthlyChartShape.swift in Sources */,
				8DBCDB8F2576C4C400CBDAA6 /* WeeklyChartView.swift in Sources */,
				B4F95C0F25C30F38004C21E1 /* HourlyChartShape.swift in Sources */,
				8D34C25227B7968D005BCE85 /* ArrayExtension.swift in Sources */,
				B4F95C2F25C313EE004C21E1 /* WeeklyChartShape.swift in Sources */,
				8D50670324F7F33400E426DE /* Helpers.swift in Sources */,
				B494D71A265D474D00327BAF /* TemperatureAggregationsViewModel.swift in Sources */,
				8D6A7DC824F15187009A0026 /* SensorOverView.swift in Sources */,
				B4E124DD260CD20800F45852 /* gfroerliWidgetExtension.intentdefinition in Sources */,
				8DF3BBC9250B4F2700DBCC37 /* URLExtension.swift in Sources */,
				8D5D25CB257A98D1002852F4 /* LakeListItem.swift in Sources */,
				B4DEC7E7265424C300206EAA /* X-LabelsView.swift in Sources */,
				8DF3BBD5250BB62D00DBCC37 /* SensorOverviewLastMeasurementView.swift in Sources */,
				8D73772F252BA7200075E04E /* Sponsor.swift in Sources */,
				B4DEC7EE26544D6600206EAA /* VectorAnimations.swift in Sources */,
				E4C24FE924EEB5AA00FB4F51 /* TempAggregations.swift in Sources */,
				B49BE2D4261CF3830004B0D6 /* ImageLoader.swift in Sources */,
				8D3D3EBA26C804DC002756EE /* ChangeLogView.swift in Sources */,
				8D0D7FE224F107B60068176C /* OverView.swift in Sources */,
				8DBCDB962576D55800CBDAA6 /* Legend.swift in Sources */,
				8D2701C725153082007BB0E1 /* LoadingView.swift in Sources */,
				B4512B672686359500F631C8 /* BearerToken.swift in Sources */,
				8DCB9A58257972E30063C628 /* SensorOverviewMap.swift in Sources */,
				E438B4CC24ACFB7D008A2E01 /* IOSMainView.swift in Sources */,
				B4DEC7E9265424CC00206EAA /* Y-LabelsView.swift in Sources */,
				8D7E98BD257025EC00BC32EB /* ColorExtension.swift in Sources */,
				B494D716265D452F00327BAF /* TemperatureAggregations.swift in Sources */,
			);
			runOnlyForDeploymentPostprocessing = 0;
		};
		E461457B24A34831006233AE /* Sources */ = {
			isa = PBXSourcesBuildPhase;
			buildActionMask = 2147483647;
			files = (
				E461458424A34831006233AE /* Tests_iOS.swift in Sources */,
			);
			runOnlyForDeploymentPostprocessing = 0;
		};
/* End PBXSourcesBuildPhase section */

/* Begin PBXTargetDependency section */
		B4795ECB260CCC1800D4BF19 /* PBXTargetDependency */ = {
			isa = PBXTargetDependency;
			target = B4795EC2260CCC1800D4BF19 /* SelectSensorIntentExtension */;
			targetProxy = B4795ECA260CCC1800D4BF19 /* PBXContainerItemProxy */;
		};
		B4E124DF260CD20800F45852 /* PBXTargetDependency */ = {
			isa = PBXTargetDependency;
			target = B4E124D1260CD20700F45852 /* gfroerliWidgetExtensionExtension */;
			targetProxy = B4E124DE260CD20800F45852 /* PBXContainerItemProxy */;
		};
		E461458124A34831006233AE /* PBXTargetDependency */ = {
			isa = PBXTargetDependency;
			target = E461456E24A34831006233AE /* iOS */;
			targetProxy = E461458024A34831006233AE /* PBXContainerItemProxy */;
		};
/* End PBXTargetDependency section */

/* Begin PBXVariantGroup section */
		8D34C25327B79F30005BCE85 /* Localizable.strings */ = {
			isa = PBXVariantGroup;
			children = (
				8D34C25427B79F30005BCE85 /* de */,
				8DA5298B27B7AD28009A4142 /* gsw */,
				8DA5298E27B7AF1D009A4142 /* en */,
			);
			name = Localizable.strings;
			sourceTree = "<group>";
		};
		8D34C25627B79F30005BCE85 /* Localizable.strings */ = {
			isa = PBXVariantGroup;
			children = (
				8D34C25727B79F30005BCE85 /* de */,
				8DA5298C27B7AD29009A4142 /* gsw */,
				8DA5298F27B7AF1D009A4142 /* en */,
			);
			name = Localizable.strings;
			sourceTree = "<group>";
		};
		8D34C25927B79F30005BCE85 /* Localizable.strings */ = {
			isa = PBXVariantGroup;
			children = (
				8D34C25A27B79F30005BCE85 /* de */,
				8DA5298D27B7AD29009A4142 /* gsw */,
			);
			name = Localizable.strings;
			sourceTree = "<group>";
		};
		B46708612641C42B003E28E5 /* Changes.json */ = {
			isa = PBXVariantGroup;
			children = (
				B46708602641C42B003E28E5 /* Base */,
				B46708622641C432003E28E5 /* en */,
				B46708642641C435003E28E5 /* de */,
				B46708672641C596003E28E5 /* gsw */,
			);
			name = Changes.json;
			sourceTree = "<group>";
		};
		B4F19A4126263F4A00CA4C8D /* SelectSensor.intentdefinition */ = {
			isa = PBXVariantGroup;
			children = (
				B4F19A4026263F4A00CA4C8D /* Base */,
				B4F19A4326263F5000CA4C8D /* en */,
				B4F19A4726263F5200CA4C8D /* de */,
				B4F44CFC264AEF9500ACD190 /* gsw */,
			);
			name = SelectSensor.intentdefinition;
			sourceTree = "<group>";
		};
/* End PBXVariantGroup section */

/* Begin XCBuildConfiguration section */
		B4795ECD260CCC1800D4BF19 /* Debug */ = {
			isa = XCBuildConfiguration;
			buildSettings = {
				CODE_SIGN_STYLE = Automatic;
				CURRENT_PROJECT_VERSION = 20220216;
				DEVELOPMENT_TEAM = T7M5358433;
				INFOPLIST_FILE = SelectSensorIntentExtension/Info.plist;
				IPHONEOS_DEPLOYMENT_TARGET = 15.0;
				LD_RUNPATH_SEARCH_PATHS = (
					"$(inherited)",
					"@executable_path/Frameworks",
					"@executable_path/../../Frameworks",
				);
				MARKETING_VERSION = 2.02;
				PRODUCT_BUNDLE_IDENTIFIER = ch.coredump.gfroerli.SelectSensorIntentExtension2;
				PRODUCT_NAME = "$(TARGET_NAME)";
				SDKROOT = iphoneos;
				SKIP_INSTALL = YES;
				SWIFT_VERSION = 5.0;
				TARGETED_DEVICE_FAMILY = 1;
			};
			name = Debug;
		};
		B4795ECE260CCC1800D4BF19 /* Release */ = {
			isa = XCBuildConfiguration;
			buildSettings = {
				CODE_SIGN_IDENTITY = "Apple Development";
				CODE_SIGN_STYLE = Automatic;
				CURRENT_PROJECT_VERSION = 20220216;
				DEVELOPMENT_TEAM = T7M5358433;
				INFOPLIST_FILE = SelectSensorIntentExtension/Info.plist;
				IPHONEOS_DEPLOYMENT_TARGET = 15.0;
				LD_RUNPATH_SEARCH_PATHS = (
					"$(inherited)",
					"@executable_path/Frameworks",
					"@executable_path/../../Frameworks",
				);
				MARKETING_VERSION = 2.02;
				PRODUCT_BUNDLE_IDENTIFIER = ch.coredump.gfroerli.SelectSensorIntentExtension2;
				PRODUCT_NAME = "$(TARGET_NAME)";
				SDKROOT = iphoneos;
				SKIP_INSTALL = YES;
				SWIFT_VERSION = 5.0;
				TARGETED_DEVICE_FAMILY = 1;
				VALIDATE_PRODUCT = YES;
			};
			name = Release;
		};
		B4E124E2260CD20800F45852 /* Debug */ = {
			isa = XCBuildConfiguration;
			buildSettings = {
				ASSETCATALOG_COMPILER_GLOBAL_ACCENT_COLOR_NAME = AccentColor;
				ASSETCATALOG_COMPILER_WIDGET_BACKGROUND_COLOR_NAME = WidgetBackground;
				CODE_SIGN_STYLE = Automatic;
				CURRENT_PROJECT_VERSION = 20220216;
				DEVELOPMENT_TEAM = T7M5358433;
				INFOPLIST_FILE = gfroerliWidgetExtension/Info.plist;
				IPHONEOS_DEPLOYMENT_TARGET = 15.0;
				LD_RUNPATH_SEARCH_PATHS = (
					"$(inherited)",
					"@executable_path/Frameworks",
					"@executable_path/../../Frameworks",
				);
				MARKETING_VERSION = 2.02;
				PRODUCT_BUNDLE_IDENTIFIER = ch.coredump.gfroerli.gfroerliWidgetExtension2;
				PRODUCT_NAME = "$(TARGET_NAME)";
				SDKROOT = iphoneos;
				SKIP_INSTALL = YES;
				SWIFT_VERSION = 5.0;
				TARGETED_DEVICE_FAMILY = 1;
			};
			name = Debug;
		};
		B4E124E3260CD20800F45852 /* Release */ = {
			isa = XCBuildConfiguration;
			buildSettings = {
				ASSETCATALOG_COMPILER_GLOBAL_ACCENT_COLOR_NAME = AccentColor;
				ASSETCATALOG_COMPILER_WIDGET_BACKGROUND_COLOR_NAME = WidgetBackground;
				CODE_SIGN_IDENTITY = "Apple Development";
				CODE_SIGN_STYLE = Automatic;
				CURRENT_PROJECT_VERSION = 20220216;
				DEVELOPMENT_TEAM = T7M5358433;
				INFOPLIST_FILE = gfroerliWidgetExtension/Info.plist;
				IPHONEOS_DEPLOYMENT_TARGET = 15.0;
				LD_RUNPATH_SEARCH_PATHS = (
					"$(inherited)",
					"@executable_path/Frameworks",
					"@executable_path/../../Frameworks",
				);
				MARKETING_VERSION = 2.02;
				PRODUCT_BUNDLE_IDENTIFIER = ch.coredump.gfroerli.gfroerliWidgetExtension2;
				PRODUCT_NAME = "$(TARGET_NAME)";
				SDKROOT = iphoneos;
				SKIP_INSTALL = YES;
				SWIFT_VERSION = 5.0;
				TARGETED_DEVICE_FAMILY = 1;
				VALIDATE_PRODUCT = YES;
			};
			name = Release;
		};
		E461459724A34831006233AE /* Debug */ = {
			isa = XCBuildConfiguration;
			buildSettings = {
				ALWAYS_SEARCH_USER_PATHS = NO;
				CLANG_ANALYZER_LOCALIZABILITY_NONLOCALIZED = YES;
				CLANG_ANALYZER_NONNULL = YES;
				CLANG_ANALYZER_NUMBER_OBJECT_CONVERSION = YES_AGGRESSIVE;
				CLANG_CXX_LANGUAGE_STANDARD = "gnu++14";
				CLANG_CXX_LIBRARY = "libc++";
				CLANG_ENABLE_MODULES = YES;
				CLANG_ENABLE_OBJC_ARC = YES;
				CLANG_ENABLE_OBJC_WEAK = YES;
				CLANG_WARN_BLOCK_CAPTURE_AUTORELEASING = YES;
				CLANG_WARN_BOOL_CONVERSION = YES;
				CLANG_WARN_COMMA = YES;
				CLANG_WARN_CONSTANT_CONVERSION = YES;
				CLANG_WARN_DEPRECATED_OBJC_IMPLEMENTATIONS = YES;
				CLANG_WARN_DIRECT_OBJC_ISA_USAGE = YES_ERROR;
				CLANG_WARN_DOCUMENTATION_COMMENTS = YES;
				CLANG_WARN_EMPTY_BODY = YES;
				CLANG_WARN_ENUM_CONVERSION = YES;
				CLANG_WARN_INFINITE_RECURSION = YES;
				CLANG_WARN_INT_CONVERSION = YES;
				CLANG_WARN_NON_LITERAL_NULL_CONVERSION = YES;
				CLANG_WARN_OBJC_IMPLICIT_RETAIN_SELF = YES;
				CLANG_WARN_OBJC_LITERAL_CONVERSION = YES;
				CLANG_WARN_OBJC_ROOT_CLASS = YES_ERROR;
				CLANG_WARN_QUOTED_INCLUDE_IN_FRAMEWORK_HEADER = YES;
				CLANG_WARN_RANGE_LOOP_ANALYSIS = YES;
				CLANG_WARN_STRICT_PROTOTYPES = YES;
				CLANG_WARN_SUSPICIOUS_MOVE = YES;
				CLANG_WARN_UNGUARDED_AVAILABILITY = YES_AGGRESSIVE;
				CLANG_WARN_UNREACHABLE_CODE = YES;
				CLANG_WARN__DUPLICATE_METHOD_MATCH = YES;
				COPY_PHASE_STRIP = NO;
				DEBUG_INFORMATION_FORMAT = dwarf;
				ENABLE_STRICT_OBJC_MSGSEND = YES;
				ENABLE_TESTABILITY = YES;
				GCC_C_LANGUAGE_STANDARD = gnu11;
				GCC_DYNAMIC_NO_PIC = NO;
				GCC_NO_COMMON_BLOCKS = YES;
				GCC_OPTIMIZATION_LEVEL = 0;
				GCC_PREPROCESSOR_DEFINITIONS = (
					"DEBUG=1",
					"$(inherited)",
				);
				GCC_WARN_64_TO_32_BIT_CONVERSION = YES;
				GCC_WARN_ABOUT_RETURN_TYPE = YES_ERROR;
				GCC_WARN_UNDECLARED_SELECTOR = YES;
				GCC_WARN_UNINITIALIZED_AUTOS = YES_AGGRESSIVE;
				GCC_WARN_UNUSED_FUNCTION = YES;
				GCC_WARN_UNUSED_VARIABLE = YES;
				IPHONEOS_DEPLOYMENT_TARGET = 15.0;
				MACOSX_DEPLOYMENT_TARGET = 10.16;
				MTL_ENABLE_DEBUG_INFO = INCLUDE_SOURCE;
				MTL_FAST_MATH = YES;
				ONLY_ACTIVE_ARCH = YES;
				SWIFT_ACTIVE_COMPILATION_CONDITIONS = DEBUG;
				SWIFT_EMIT_LOC_STRINGS = YES;
				SWIFT_OPTIMIZATION_LEVEL = "-Onone";
			};
			name = Debug;
		};
		E461459824A34831006233AE /* Release */ = {
			isa = XCBuildConfiguration;
			buildSettings = {
				ALWAYS_SEARCH_USER_PATHS = NO;
				CLANG_ANALYZER_LOCALIZABILITY_NONLOCALIZED = YES;
				CLANG_ANALYZER_NONNULL = YES;
				CLANG_ANALYZER_NUMBER_OBJECT_CONVERSION = YES_AGGRESSIVE;
				CLANG_CXX_LANGUAGE_STANDARD = "gnu++14";
				CLANG_CXX_LIBRARY = "libc++";
				CLANG_ENABLE_MODULES = YES;
				CLANG_ENABLE_OBJC_ARC = YES;
				CLANG_ENABLE_OBJC_WEAK = YES;
				CLANG_WARN_BLOCK_CAPTURE_AUTORELEASING = YES;
				CLANG_WARN_BOOL_CONVERSION = YES;
				CLANG_WARN_COMMA = YES;
				CLANG_WARN_CONSTANT_CONVERSION = YES;
				CLANG_WARN_DEPRECATED_OBJC_IMPLEMENTATIONS = YES;
				CLANG_WARN_DIRECT_OBJC_ISA_USAGE = YES_ERROR;
				CLANG_WARN_DOCUMENTATION_COMMENTS = YES;
				CLANG_WARN_EMPTY_BODY = YES;
				CLANG_WARN_ENUM_CONVERSION = YES;
				CLANG_WARN_INFINITE_RECURSION = YES;
				CLANG_WARN_INT_CONVERSION = YES;
				CLANG_WARN_NON_LITERAL_NULL_CONVERSION = YES;
				CLANG_WARN_OBJC_IMPLICIT_RETAIN_SELF = YES;
				CLANG_WARN_OBJC_LITERAL_CONVERSION = YES;
				CLANG_WARN_OBJC_ROOT_CLASS = YES_ERROR;
				CLANG_WARN_QUOTED_INCLUDE_IN_FRAMEWORK_HEADER = YES;
				CLANG_WARN_RANGE_LOOP_ANALYSIS = YES;
				CLANG_WARN_STRICT_PROTOTYPES = YES;
				CLANG_WARN_SUSPICIOUS_MOVE = YES;
				CLANG_WARN_UNGUARDED_AVAILABILITY = YES_AGGRESSIVE;
				CLANG_WARN_UNREACHABLE_CODE = YES;
				CLANG_WARN__DUPLICATE_METHOD_MATCH = YES;
				COPY_PHASE_STRIP = NO;
				DEBUG_INFORMATION_FORMAT = "dwarf-with-dsym";
				ENABLE_NS_ASSERTIONS = NO;
				ENABLE_STRICT_OBJC_MSGSEND = YES;
				GCC_C_LANGUAGE_STANDARD = gnu11;
				GCC_NO_COMMON_BLOCKS = YES;
				GCC_WARN_64_TO_32_BIT_CONVERSION = YES;
				GCC_WARN_ABOUT_RETURN_TYPE = YES_ERROR;
				GCC_WARN_UNDECLARED_SELECTOR = YES;
				GCC_WARN_UNINITIALIZED_AUTOS = YES_AGGRESSIVE;
				GCC_WARN_UNUSED_FUNCTION = YES;
				GCC_WARN_UNUSED_VARIABLE = YES;
				IPHONEOS_DEPLOYMENT_TARGET = 15.0;
				MACOSX_DEPLOYMENT_TARGET = 10.16;
				MTL_ENABLE_DEBUG_INFO = NO;
				MTL_FAST_MATH = YES;
				SWIFT_COMPILATION_MODE = wholemodule;
				SWIFT_EMIT_LOC_STRINGS = YES;
				SWIFT_OPTIMIZATION_LEVEL = "-O";
			};
			name = Release;
		};
		E461459A24A34831006233AE /* Debug */ = {
			isa = XCBuildConfiguration;
			buildSettings = {
				ALWAYS_EMBED_SWIFT_STANDARD_LIBRARIES = YES;
				ASSETCATALOG_COMPILER_APPICON_NAME = AppIcon;
				ASSETCATALOG_COMPILER_GLOBAL_ACCENT_COLOR_NAME = AccentColor;
				CODE_SIGN_ENTITLEMENTS = iOS/Gfror.li.entitlements;
				CODE_SIGN_STYLE = Automatic;
				CURRENT_PROJECT_VERSION = 20220216;
				DEVELOPMENT_TEAM = T7M5358433;
				ENABLE_PREVIEWS = YES;
				INFOPLIST_FILE = iOS/Info.plist;
				IPHONEOS_DEPLOYMENT_TARGET = 15.0;
				LD_RUNPATH_SEARCH_PATHS = (
					"$(inherited)",
					"@executable_path/Frameworks",
				);
				MARKETING_VERSION = 2.02;
				PRODUCT_BUNDLE_IDENTIFIER = ch.coredump.gfroerli;
				PRODUCT_NAME = Gfror.li;
				SDKROOT = iphoneos;
				SWIFT_VERSION = 5.0;
				TARGETED_DEVICE_FAMILY = 1;
			};
			name = Debug;
		};
		E461459B24A34831006233AE /* Release */ = {
			isa = XCBuildConfiguration;
			buildSettings = {
				ALWAYS_EMBED_SWIFT_STANDARD_LIBRARIES = YES;
				ASSETCATALOG_COMPILER_APPICON_NAME = AppIcon;
				ASSETCATALOG_COMPILER_GLOBAL_ACCENT_COLOR_NAME = AccentColor;
				CODE_SIGN_ENTITLEMENTS = iOS/Gfror.liRelease.entitlements;
				CODE_SIGN_IDENTITY = "Apple Development";
				CODE_SIGN_STYLE = Automatic;
				CURRENT_PROJECT_VERSION = 20220216;
				DEVELOPMENT_TEAM = T7M5358433;
				ENABLE_PREVIEWS = YES;
				INFOPLIST_FILE = iOS/Info.plist;
				IPHONEOS_DEPLOYMENT_TARGET = 15.0;
				LD_RUNPATH_SEARCH_PATHS = (
					"$(inherited)",
					"@executable_path/Frameworks",
				);
				MARKETING_VERSION = 2.02;
				PRODUCT_BUNDLE_IDENTIFIER = ch.coredump.gfroerli;
				PRODUCT_NAME = Gfror.li;
				PROVISIONING_PROFILE_SPECIFIER = "";
				SDKROOT = iphoneos;
				SWIFT_VERSION = 5.0;
				TARGETED_DEVICE_FAMILY = 1;
				VALIDATE_PRODUCT = YES;
			};
			name = Release;
		};
		E46145A024A34831006233AE /* Debug */ = {
			isa = XCBuildConfiguration;
			buildSettings = {
				ALWAYS_EMBED_SWIFT_STANDARD_LIBRARIES = YES;
				CODE_SIGN_STYLE = Automatic;
				DEVELOPMENT_TEAM = T7M5358433;
				INFOPLIST_FILE = "Tests iOS/Info.plist";
				IPHONEOS_DEPLOYMENT_TARGET = 14.0;
				LD_RUNPATH_SEARCH_PATHS = (
					"$(inherited)",
					"@executable_path/Frameworks",
					"@loader_path/Frameworks",
				);
				PRODUCT_BUNDLE_IDENTIFIER = "ch.nliechti.Tests-iOS";
				PRODUCT_NAME = "$(TARGET_NAME)";
				SDKROOT = iphoneos;
				SWIFT_VERSION = 5.0;
				TARGETED_DEVICE_FAMILY = "1,2";
				TEST_TARGET_NAME = iOS;
			};
			name = Debug;
		};
		E46145A124A34831006233AE /* Release */ = {
			isa = XCBuildConfiguration;
			buildSettings = {
				ALWAYS_EMBED_SWIFT_STANDARD_LIBRARIES = YES;
				CODE_SIGN_STYLE = Automatic;
				DEVELOPMENT_TEAM = T7M5358433;
				INFOPLIST_FILE = "Tests iOS/Info.plist";
				IPHONEOS_DEPLOYMENT_TARGET = 14.0;
				LD_RUNPATH_SEARCH_PATHS = (
					"$(inherited)",
					"@executable_path/Frameworks",
					"@loader_path/Frameworks",
				);
				PRODUCT_BUNDLE_IDENTIFIER = "ch.nliechti.Tests-iOS";
				PRODUCT_NAME = "$(TARGET_NAME)";
				SDKROOT = iphoneos;
				SWIFT_VERSION = 5.0;
				TARGETED_DEVICE_FAMILY = "1,2";
				TEST_TARGET_NAME = iOS;
				VALIDATE_PRODUCT = YES;
			};
			name = Release;
		};
/* End XCBuildConfiguration section */

/* Begin XCConfigurationList section */
		B4795ECF260CCC1800D4BF19 /* Build configuration list for PBXNativeTarget "SelectSensorIntentExtension" */ = {
			isa = XCConfigurationList;
			buildConfigurations = (
				B4795ECD260CCC1800D4BF19 /* Debug */,
				B4795ECE260CCC1800D4BF19 /* Release */,
			);
			defaultConfigurationIsVisible = 0;
			defaultConfigurationName = Release;
		};
		B4E124E1260CD20800F45852 /* Build configuration list for PBXNativeTarget "gfroerliWidgetExtensionExtension" */ = {
			isa = XCConfigurationList;
			buildConfigurations = (
				B4E124E2260CD20800F45852 /* Debug */,
				B4E124E3260CD20800F45852 /* Release */,
			);
			defaultConfigurationIsVisible = 0;
			defaultConfigurationName = Release;
		};
		E461456624A34823006233AE /* Build configuration list for PBXProject "Gfror.li" */ = {
			isa = XCConfigurationList;
			buildConfigurations = (
				E461459724A34831006233AE /* Debug */,
				E461459824A34831006233AE /* Release */,
			);
			defaultConfigurationIsVisible = 0;
			defaultConfigurationName = Release;
		};
		E461459924A34831006233AE /* Build configuration list for PBXNativeTarget "iOS" */ = {
			isa = XCConfigurationList;
			buildConfigurations = (
				E461459A24A34831006233AE /* Debug */,
				E461459B24A34831006233AE /* Release */,
			);
			defaultConfigurationIsVisible = 0;
			defaultConfigurationName = Release;
		};
		E461459F24A34831006233AE /* Build configuration list for PBXNativeTarget "Tests iOS" */ = {
			isa = XCConfigurationList;
			buildConfigurations = (
				E46145A024A34831006233AE /* Debug */,
				E46145A124A34831006233AE /* Release */,
			);
			defaultConfigurationIsVisible = 0;
			defaultConfigurationName = Release;
		};
/* End XCConfigurationList section */
	};
	rootObject = E461456324A34823006233AE /* Project object */;
}
