// !$*UTF8*$!
{
	archiveVersion = 1;
	classes = {
	};
	objectVersion = 60;
	objects = {

/* Begin PBXBuildFile section */
		242423382A55BCE9008F7552 /* GfroerliApp.swift in Sources */ = {isa = PBXBuildFile; fileRef = 242423372A55BCE9008F7552 /* GfroerliApp.swift */; };
		2424233C2A55BCEA008F7552 /* Assets.xcassets in Resources */ = {isa = PBXBuildFile; fileRef = 2424233B2A55BCEA008F7552 /* Assets.xcassets */; };
		242423402A55BCEA008F7552 /* Preview Assets.xcassets in Resources */ = {isa = PBXBuildFile; fileRef = 2424233F2A55BCEA008F7552 /* Preview Assets.xcassets */; };
		2424234A2A55BCEA008F7552 /* Gfroer_liTests.swift in Sources */ = {isa = PBXBuildFile; fileRef = 242423492A55BCEA008F7552 /* Gfroer_liTests.swift */; };
		242423542A55BCEA008F7552 /* Gfroer_liUITests.swift in Sources */ = {isa = PBXBuildFile; fileRef = 242423532A55BCEA008F7552 /* Gfroer_liUITests.swift */; };
		242423562A55BCEA008F7552 /* Gfroer_liUITestsLaunchTests.swift in Sources */ = {isa = PBXBuildFile; fileRef = 242423552A55BCEA008F7552 /* Gfroer_liUITestsLaunchTests.swift */; };
		24EC52742A55BDF000C72A43 /* UIDevice+Extension.swift in Sources */ = {isa = PBXBuildFile; fileRef = 24EC526E2A55BDF000C72A43 /* UIDevice+Extension.swift */; };
		24EC52752A55BDF000C72A43 /* Date+Week.swift in Sources */ = {isa = PBXBuildFile; fileRef = 24EC526F2A55BDF000C72A43 /* Date+Week.swift */; };
		24EC52762A55BDF000C72A43 /* View+Modifiers.swift in Sources */ = {isa = PBXBuildFile; fileRef = 24EC52702A55BDF000C72A43 /* View+Modifiers.swift */; };
		24EC52772A55BDF000C72A43 /* Bundle+Dedode.swift in Sources */ = {isa = PBXBuildFile; fileRef = 24EC52712A55BDF000C72A43 /* Bundle+Dedode.swift */; };
		24EC52782A55BDF000C72A43 /* Array+Codable.swift in Sources */ = {isa = PBXBuildFile; fileRef = 24EC52722A55BDF000C72A43 /* Array+Codable.swift */; };
		24EC52792A55BDF000C72A43 /* Color+AccentColor.swift in Sources */ = {isa = PBXBuildFile; fileRef = 24EC52732A55BDF000C72A43 /* Color+AccentColor.swift */; };
		24EC52812A55BE0200C72A43 /* AppConfiguration.swift in Sources */ = {isa = PBXBuildFile; fileRef = 24EC527C2A55BE0200C72A43 /* AppConfiguration.swift */; };
		24EC52822A55BE0200C72A43 /* DefaultsCoordinator.swift in Sources */ = {isa = PBXBuildFile; fileRef = 24EC527D2A55BE0200C72A43 /* DefaultsCoordinator.swift */; };
		24EC52832A55BE0200C72A43 /* ChangeLog.swift in Sources */ = {isa = PBXBuildFile; fileRef = 24EC527E2A55BE0200C72A43 /* ChangeLog.swift */; };
		24EC52842A55BE0200C72A43 /* NewFeatures.swift in Sources */ = {isa = PBXBuildFile; fileRef = 24EC527F2A55BE0200C72A43 /* NewFeatures.swift */; };
		24EC52892A55BE0C00C72A43 /* NavigationModel.swift in Sources */ = {isa = PBXBuildFile; fileRef = 24EC52862A55BE0C00C72A43 /* NavigationModel.swift */; };
		24EC528A2A55BE0C00C72A43 /* TemperaturesViewModel.swift in Sources */ = {isa = PBXBuildFile; fileRef = 24EC52872A55BE0C00C72A43 /* TemperaturesViewModel.swift */; };
		24EC528B2A55BE0C00C72A43 /* ViewModelState.swift in Sources */ = {isa = PBXBuildFile; fileRef = 24EC52882A55BE0C00C72A43 /* ViewModelState.swift */; };
		24EC52AA2A55BE1400C72A43 /* NewFeaturesView.swift in Sources */ = {isa = PBXBuildFile; fileRef = 24EC528F2A55BE1400C72A43 /* NewFeaturesView.swift */; };
		24EC52AB2A55BE1400C72A43 /* SettingsView.swift in Sources */ = {isa = PBXBuildFile; fileRef = 24EC52902A55BE1400C72A43 /* SettingsView.swift */; };
		24EC52AC2A55BE1400C72A43 /* FAQView.swift in Sources */ = {isa = PBXBuildFile; fileRef = 24EC52912A55BE1400C72A43 /* FAQView.swift */; };
		24EC52AD2A55BE1400C72A43 /* SettingsThumbnailView.swift in Sources */ = {isa = PBXBuildFile; fileRef = 24EC52922A55BE1400C72A43 /* SettingsThumbnailView.swift */; };
		24EC52AE2A55BE1400C72A43 /* ChangeLogView.swift in Sources */ = {isa = PBXBuildFile; fileRef = 24EC52932A55BE1400C72A43 /* ChangeLogView.swift */; };
		24EC52AF2A55BE1400C72A43 /* SearchView.swift in Sources */ = {isa = PBXBuildFile; fileRef = 24EC52952A55BE1400C72A43 /* SearchView.swift */; };
		24EC52B02A55BE1400C72A43 /* InlineLocationView.swift in Sources */ = {isa = PBXBuildFile; fileRef = 24EC52962A55BE1400C72A43 /* InlineLocationView.swift */; };
		24EC52B12A55BE1400C72A43 /* ContentSizeDeciderView.swift in Sources */ = {isa = PBXBuildFile; fileRef = 24EC52972A55BE1400C72A43 /* ContentSizeDeciderView.swift */; };
		24EC52B22A55BE1400C72A43 /* MapView.swift in Sources */ = {isa = PBXBuildFile; fileRef = 24EC52992A55BE1400C72A43 /* MapView.swift */; };
		24EC52B32A55BE1400C72A43 /* GfroerliMapAnnotation.swift in Sources */ = {isa = PBXBuildFile; fileRef = 24EC529A2A55BE1400C72A43 /* GfroerliMapAnnotation.swift */; };
		24EC52B42A55BE1400C72A43 /* SponsorView.swift in Sources */ = {isa = PBXBuildFile; fileRef = 24EC529C2A55BE1400C72A43 /* SponsorView.swift */; };
		24EC52B52A55BE1400C72A43 /* TemperatureSummaryView.swift in Sources */ = {isa = PBXBuildFile; fileRef = 24EC529D2A55BE1400C72A43 /* TemperatureSummaryView.swift */; };
		24EC52B62A55BE1400C72A43 /* LocationDetailView.swift in Sources */ = {isa = PBXBuildFile; fileRef = 24EC529E2A55BE1400C72A43 /* LocationDetailView.swift */; };
		24EC52B72A55BE1400C72A43 /* HistoryGraphView.swift in Sources */ = {isa = PBXBuildFile; fileRef = 24EC52A02A55BE1400C72A43 /* HistoryGraphView.swift */; };
		24EC52B82A55BE1400C72A43 /* TemperatureHistoryView.swift in Sources */ = {isa = PBXBuildFile; fileRef = 24EC52A12A55BE1400C72A43 /* TemperatureHistoryView.swift */; };
		24EC52B92A55BE1400C72A43 /* LocationMapPreviewView.swift in Sources */ = {isa = PBXBuildFile; fileRef = 24EC52A22A55BE1400C72A43 /* LocationMapPreviewView.swift */; };
		24EC52BA2A55BE1400C72A43 /* LatestTemperatureView.swift in Sources */ = {isa = PBXBuildFile; fileRef = 24EC52A32A55BE1400C72A43 /* LatestTemperatureView.swift */; };
		24EC52BB2A55BE1400C72A43 /* NavigationBaseView.swift in Sources */ = {isa = PBXBuildFile; fileRef = 24EC52A52A55BE1400C72A43 /* NavigationBaseView.swift */; };
		24EC52BD2A55BE1400C72A43 /* MainViewIPadOS.swift in Sources */ = {isa = PBXBuildFile; fileRef = 24EC52A92A55BE1400C72A43 /* MainViewIPadOS.swift */; };
		24EC52CE2A55BE2300C72A43 /* NewFeatures.json in Resources */ = {isa = PBXBuildFile; fileRef = 24EC52BF2A55BE2300C72A43 /* NewFeatures.json */; };
		24EC52CF2A55BE2300C72A43 /* Localizable.strings in Resources */ = {isa = PBXBuildFile; fileRef = 24EC52C12A55BE2300C72A43 /* Localizable.strings */; };
		24EC52D02A55BE2300C72A43 /* ChangeLog.json in Resources */ = {isa = PBXBuildFile; fileRef = 24EC52C32A55BE2300C72A43 /* ChangeLog.json */; };
		24EC52D12A55BE2300C72A43 /* en.xcloc in Resources */ = {isa = PBXBuildFile; fileRef = 24EC52CC2A55BE2300C72A43 /* en.xcloc */; };
		24EC52D22A55BE2300C72A43 /* de.xcloc in Resources */ = {isa = PBXBuildFile; fileRef = 24EC52CD2A55BE2300C72A43 /* de.xcloc */; };
		24EC52D52A55BEC700C72A43 /* GfroerliAPI in Frameworks */ = {isa = PBXBuildFile; productRef = 24EC52D42A55BEC700C72A43 /* GfroerliAPI */; };
		24EC52D62A55BEFC00C72A43 /* MainViewIOS.swift in Sources */ = {isa = PBXBuildFile; fileRef = 24EC52A72A55BE1400C72A43 /* MainViewIOS.swift */; };
/* End PBXBuildFile section */

/* Begin PBXContainerItemProxy section */
		242423462A55BCEA008F7552 /* PBXContainerItemProxy */ = {
			isa = PBXContainerItemProxy;
			containerPortal = 2424232C2A55BCE9008F7552 /* Project object */;
			proxyType = 1;
			remoteGlobalIDString = 242423332A55BCE9008F7552;
			remoteInfo = Gfroer.li;
		};
		242423502A55BCEA008F7552 /* PBXContainerItemProxy */ = {
			isa = PBXContainerItemProxy;
			containerPortal = 2424232C2A55BCE9008F7552 /* Project object */;
			proxyType = 1;
			remoteGlobalIDString = 242423332A55BCE9008F7552;
			remoteInfo = Gfroer.li;
		};
/* End PBXContainerItemProxy section */

/* Begin PBXFileReference section */
		242423342A55BCE9008F7552 /* Gfroer.li.app */ = {isa = PBXFileReference; explicitFileType = wrapper.application; includeInIndex = 0; path = Gfroer.li.app; sourceTree = BUILT_PRODUCTS_DIR; };
		242423372A55BCE9008F7552 /* GfroerliApp.swift */ = {isa = PBXFileReference; lastKnownFileType = sourcecode.swift; path = GfroerliApp.swift; sourceTree = "<group>"; };
		2424233B2A55BCEA008F7552 /* Assets.xcassets */ = {isa = PBXFileReference; lastKnownFileType = folder.assetcatalog; path = Assets.xcassets; sourceTree = "<group>"; };
		2424233D2A55BCEA008F7552 /* Gfroer_li.entitlements */ = {isa = PBXFileReference; lastKnownFileType = text.plist.entitlements; path = Gfroer_li.entitlements; sourceTree = "<group>"; };
		2424233F2A55BCEA008F7552 /* Preview Assets.xcassets */ = {isa = PBXFileReference; lastKnownFileType = folder.assetcatalog; path = "Preview Assets.xcassets"; sourceTree = "<group>"; };
		242423452A55BCEA008F7552 /* Gfroer.liTests.xctest */ = {isa = PBXFileReference; explicitFileType = wrapper.cfbundle; includeInIndex = 0; path = Gfroer.liTests.xctest; sourceTree = BUILT_PRODUCTS_DIR; };
		242423492A55BCEA008F7552 /* Gfroer_liTests.swift */ = {isa = PBXFileReference; lastKnownFileType = sourcecode.swift; path = Gfroer_liTests.swift; sourceTree = "<group>"; };
		2424234F2A55BCEA008F7552 /* Gfroer.liUITests.xctest */ = {isa = PBXFileReference; explicitFileType = wrapper.cfbundle; includeInIndex = 0; path = Gfroer.liUITests.xctest; sourceTree = BUILT_PRODUCTS_DIR; };
		242423532A55BCEA008F7552 /* Gfroer_liUITests.swift */ = {isa = PBXFileReference; lastKnownFileType = sourcecode.swift; path = Gfroer_liUITests.swift; sourceTree = "<group>"; };
		242423552A55BCEA008F7552 /* Gfroer_liUITestsLaunchTests.swift */ = {isa = PBXFileReference; lastKnownFileType = sourcecode.swift; path = Gfroer_liUITestsLaunchTests.swift; sourceTree = "<group>"; };
		24EC526E2A55BDF000C72A43 /* UIDevice+Extension.swift */ = {isa = PBXFileReference; fileEncoding = 4; lastKnownFileType = sourcecode.swift; path = "UIDevice+Extension.swift"; sourceTree = "<group>"; };
		24EC526F2A55BDF000C72A43 /* Date+Week.swift */ = {isa = PBXFileReference; fileEncoding = 4; lastKnownFileType = sourcecode.swift; path = "Date+Week.swift"; sourceTree = "<group>"; };
		24EC52702A55BDF000C72A43 /* View+Modifiers.swift */ = {isa = PBXFileReference; fileEncoding = 4; lastKnownFileType = sourcecode.swift; path = "View+Modifiers.swift"; sourceTree = "<group>"; };
		24EC52712A55BDF000C72A43 /* Bundle+Dedode.swift */ = {isa = PBXFileReference; fileEncoding = 4; lastKnownFileType = sourcecode.swift; path = "Bundle+Dedode.swift"; sourceTree = "<group>"; };
		24EC52722A55BDF000C72A43 /* Array+Codable.swift */ = {isa = PBXFileReference; fileEncoding = 4; lastKnownFileType = sourcecode.swift; path = "Array+Codable.swift"; sourceTree = "<group>"; };
		24EC52732A55BDF000C72A43 /* Color+AccentColor.swift */ = {isa = PBXFileReference; fileEncoding = 4; lastKnownFileType = sourcecode.swift; path = "Color+AccentColor.swift"; sourceTree = "<group>"; };
		24EC527C2A55BE0200C72A43 /* AppConfiguration.swift */ = {isa = PBXFileReference; fileEncoding = 4; lastKnownFileType = sourcecode.swift; path = AppConfiguration.swift; sourceTree = "<group>"; };
		24EC527D2A55BE0200C72A43 /* DefaultsCoordinator.swift */ = {isa = PBXFileReference; fileEncoding = 4; lastKnownFileType = sourcecode.swift; path = DefaultsCoordinator.swift; sourceTree = "<group>"; };
		24EC527E2A55BE0200C72A43 /* ChangeLog.swift */ = {isa = PBXFileReference; fileEncoding = 4; lastKnownFileType = sourcecode.swift; path = ChangeLog.swift; sourceTree = "<group>"; };
		24EC527F2A55BE0200C72A43 /* NewFeatures.swift */ = {isa = PBXFileReference; fileEncoding = 4; lastKnownFileType = sourcecode.swift; path = NewFeatures.swift; sourceTree = "<group>"; };
		24EC52862A55BE0C00C72A43 /* NavigationModel.swift */ = {isa = PBXFileReference; fileEncoding = 4; lastKnownFileType = sourcecode.swift; path = NavigationModel.swift; sourceTree = "<group>"; };
		24EC52872A55BE0C00C72A43 /* TemperaturesViewModel.swift */ = {isa = PBXFileReference; fileEncoding = 4; lastKnownFileType = sourcecode.swift; path = TemperaturesViewModel.swift; sourceTree = "<group>"; };
		24EC52882A55BE0C00C72A43 /* ViewModelState.swift */ = {isa = PBXFileReference; fileEncoding = 4; lastKnownFileType = sourcecode.swift; path = ViewModelState.swift; sourceTree = "<group>"; };
		24EC528F2A55BE1400C72A43 /* NewFeaturesView.swift */ = {isa = PBXFileReference; fileEncoding = 4; lastKnownFileType = sourcecode.swift; path = NewFeaturesView.swift; sourceTree = "<group>"; };
		24EC52902A55BE1400C72A43 /* SettingsView.swift */ = {isa = PBXFileReference; fileEncoding = 4; lastKnownFileType = sourcecode.swift; path = SettingsView.swift; sourceTree = "<group>"; };
		24EC52912A55BE1400C72A43 /* FAQView.swift */ = {isa = PBXFileReference; fileEncoding = 4; lastKnownFileType = sourcecode.swift; path = FAQView.swift; sourceTree = "<group>"; };
		24EC52922A55BE1400C72A43 /* SettingsThumbnailView.swift */ = {isa = PBXFileReference; fileEncoding = 4; lastKnownFileType = sourcecode.swift; path = SettingsThumbnailView.swift; sourceTree = "<group>"; };
		24EC52932A55BE1400C72A43 /* ChangeLogView.swift */ = {isa = PBXFileReference; fileEncoding = 4; lastKnownFileType = sourcecode.swift; path = ChangeLogView.swift; sourceTree = "<group>"; };
		24EC52952A55BE1400C72A43 /* SearchView.swift */ = {isa = PBXFileReference; fileEncoding = 4; lastKnownFileType = sourcecode.swift; path = SearchView.swift; sourceTree = "<group>"; };
		24EC52962A55BE1400C72A43 /* InlineLocationView.swift */ = {isa = PBXFileReference; fileEncoding = 4; lastKnownFileType = sourcecode.swift; path = InlineLocationView.swift; sourceTree = "<group>"; };
		24EC52972A55BE1400C72A43 /* ContentSizeDeciderView.swift */ = {isa = PBXFileReference; fileEncoding = 4; lastKnownFileType = sourcecode.swift; path = ContentSizeDeciderView.swift; sourceTree = "<group>"; };
		24EC52992A55BE1400C72A43 /* MapView.swift */ = {isa = PBXFileReference; fileEncoding = 4; lastKnownFileType = sourcecode.swift; path = MapView.swift; sourceTree = "<group>"; };
		24EC529A2A55BE1400C72A43 /* GfroerliMapAnnotation.swift */ = {isa = PBXFileReference; fileEncoding = 4; lastKnownFileType = sourcecode.swift; path = GfroerliMapAnnotation.swift; sourceTree = "<group>"; };
		24EC529C2A55BE1400C72A43 /* SponsorView.swift */ = {isa = PBXFileReference; fileEncoding = 4; lastKnownFileType = sourcecode.swift; path = SponsorView.swift; sourceTree = "<group>"; };
		24EC529D2A55BE1400C72A43 /* TemperatureSummaryView.swift */ = {isa = PBXFileReference; fileEncoding = 4; lastKnownFileType = sourcecode.swift; path = TemperatureSummaryView.swift; sourceTree = "<group>"; };
		24EC529E2A55BE1400C72A43 /* LocationDetailView.swift */ = {isa = PBXFileReference; fileEncoding = 4; lastKnownFileType = sourcecode.swift; path = LocationDetailView.swift; sourceTree = "<group>"; };
		24EC52A02A55BE1400C72A43 /* HistoryGraphView.swift */ = {isa = PBXFileReference; fileEncoding = 4; lastKnownFileType = sourcecode.swift; path = HistoryGraphView.swift; sourceTree = "<group>"; };
		24EC52A12A55BE1400C72A43 /* TemperatureHistoryView.swift */ = {isa = PBXFileReference; fileEncoding = 4; lastKnownFileType = sourcecode.swift; path = TemperatureHistoryView.swift; sourceTree = "<group>"; };
		24EC52A22A55BE1400C72A43 /* LocationMapPreviewView.swift */ = {isa = PBXFileReference; fileEncoding = 4; lastKnownFileType = sourcecode.swift; path = LocationMapPreviewView.swift; sourceTree = "<group>"; };
		24EC52A32A55BE1400C72A43 /* LatestTemperatureView.swift */ = {isa = PBXFileReference; fileEncoding = 4; lastKnownFileType = sourcecode.swift; path = LatestTemperatureView.swift; sourceTree = "<group>"; };
		24EC52A52A55BE1400C72A43 /* NavigationBaseView.swift */ = {isa = PBXFileReference; fileEncoding = 4; lastKnownFileType = sourcecode.swift; path = NavigationBaseView.swift; sourceTree = "<group>"; };
		24EC52A72A55BE1400C72A43 /* MainViewIOS.swift */ = {isa = PBXFileReference; fileEncoding = 4; lastKnownFileType = sourcecode.swift; path = MainViewIOS.swift; sourceTree = "<group>"; };
		24EC52A92A55BE1400C72A43 /* MainViewIPadOS.swift */ = {isa = PBXFileReference; fileEncoding = 4; lastKnownFileType = sourcecode.swift; path = MainViewIPadOS.swift; sourceTree = "<group>"; };
		24EC52C02A55BE2300C72A43 /* de */ = {isa = PBXFileReference; lastKnownFileType = text.json; name = de; path = de.lproj/NewFeatures.json; sourceTree = "<group>"; };
		24EC52C22A55BE2300C72A43 /* de */ = {isa = PBXFileReference; lastKnownFileType = text.plist.strings; name = de; path = de.lproj/Localizable.strings; sourceTree = "<group>"; };
		24EC52C42A55BE2300C72A43 /* de */ = {isa = PBXFileReference; lastKnownFileType = text.json; name = de; path = de.lproj/ChangeLog.json; sourceTree = "<group>"; };
		24EC52C52A55BE2300C72A43 /* en */ = {isa = PBXFileReference; lastKnownFileType = text.json; name = en; path = en.lproj/NewFeatures.json; sourceTree = "<group>"; };
		24EC52C62A55BE2300C72A43 /* en */ = {isa = PBXFileReference; lastKnownFileType = text.plist.strings; name = en; path = en.lproj/Localizable.strings; sourceTree = "<group>"; };
		24EC52C72A55BE2300C72A43 /* en */ = {isa = PBXFileReference; lastKnownFileType = text.json; name = en; path = en.lproj/ChangeLog.json; sourceTree = "<group>"; };
		24EC52C82A55BE2300C72A43 /* gsw */ = {isa = PBXFileReference; lastKnownFileType = text.json; name = gsw; path = gsw.lproj/NewFeatures.json; sourceTree = "<group>"; };
		24EC52C92A55BE2300C72A43 /* gsw */ = {isa = PBXFileReference; lastKnownFileType = text.plist.strings; name = gsw; path = gsw.lproj/Localizable.strings; sourceTree = "<group>"; };
		24EC52CA2A55BE2300C72A43 /* gsw */ = {isa = PBXFileReference; lastKnownFileType = text.json; name = gsw; path = gsw.lproj/ChangeLog.json; sourceTree = "<group>"; };
		24EC52CC2A55BE2300C72A43 /* en.xcloc */ = {isa = PBXFileReference; lastKnownFileType = wrapper; path = en.xcloc; sourceTree = "<group>"; };
		24EC52CD2A55BE2300C72A43 /* de.xcloc */ = {isa = PBXFileReference; lastKnownFileType = wrapper; path = de.xcloc; sourceTree = "<group>"; };
/* End PBXFileReference section */

/* Begin PBXFrameworksBuildPhase section */
		242423312A55BCE9008F7552 /* Frameworks */ = {
			isa = PBXFrameworksBuildPhase;
			buildActionMask = 2147483647;
			files = (
				24EC52D52A55BEC700C72A43 /* GfroerliAPI in Frameworks */,
			);
			runOnlyForDeploymentPostprocessing = 0;
		};
		242423422A55BCEA008F7552 /* Frameworks */ = {
			isa = PBXFrameworksBuildPhase;
			buildActionMask = 2147483647;
			files = (
			);
			runOnlyForDeploymentPostprocessing = 0;
		};
		2424234C2A55BCEA008F7552 /* Frameworks */ = {
			isa = PBXFrameworksBuildPhase;
			buildActionMask = 2147483647;
			files = (
			);
			runOnlyForDeploymentPostprocessing = 0;
		};
/* End PBXFrameworksBuildPhase section */

/* Begin PBXGroup section */
		2424232B2A55BCE9008F7552 = {
			isa = PBXGroup;
			children = (
				242423362A55BCE9008F7552 /* Gfroer.li */,
				242423482A55BCEA008F7552 /* Gfroer.liTests */,
				242423522A55BCEA008F7552 /* Gfroer.liUITests */,
				242423352A55BCE9008F7552 /* Products */,
			);
			sourceTree = "<group>";
		};
		242423352A55BCE9008F7552 /* Products */ = {
			isa = PBXGroup;
			children = (
				242423342A55BCE9008F7552 /* Gfroer.li.app */,
				242423452A55BCEA008F7552 /* Gfroer.liTests.xctest */,
				2424234F2A55BCEA008F7552 /* Gfroer.liUITests.xctest */,
			);
			name = Products;
			sourceTree = "<group>";
		};
		242423362A55BCE9008F7552 /* Gfroer.li */ = {
			isa = PBXGroup;
			children = (
				242423372A55BCE9008F7552 /* GfroerliApp.swift */,
				24EC528C2A55BE1400C72A43 /* Views */,
				24EC52852A55BE0C00C72A43 /* ViewModels */,
				24EC526D2A55BDF000C72A43 /* Extensions */,
				24EC52BE2A55BE2300C72A43 /* Resources */,
				24EC527A2A55BE0200C72A43 /* Utils */,
				2424233B2A55BCEA008F7552 /* Assets.xcassets */,
				2424233D2A55BCEA008F7552 /* Gfroer_li.entitlements */,
				2424233E2A55BCEA008F7552 /* Preview Content */,
			);
			path = Gfroer.li;
			sourceTree = "<group>";
		};
		2424233E2A55BCEA008F7552 /* Preview Content */ = {
			isa = PBXGroup;
			children = (
				2424233F2A55BCEA008F7552 /* Preview Assets.xcassets */,
			);
			path = "Preview Content";
			sourceTree = "<group>";
		};
		242423482A55BCEA008F7552 /* Gfroer.liTests */ = {
			isa = PBXGroup;
			children = (
				242423492A55BCEA008F7552 /* Gfroer_liTests.swift */,
			);
			path = Gfroer.liTests;
			sourceTree = "<group>";
		};
		242423522A55BCEA008F7552 /* Gfroer.liUITests */ = {
			isa = PBXGroup;
			children = (
				242423532A55BCEA008F7552 /* Gfroer_liUITests.swift */,
				242423552A55BCEA008F7552 /* Gfroer_liUITestsLaunchTests.swift */,
			);
			path = Gfroer.liUITests;
			sourceTree = "<group>";
		};
		24EC526D2A55BDF000C72A43 /* Extensions */ = {
			isa = PBXGroup;
			children = (
				24EC526E2A55BDF000C72A43 /* UIDevice+Extension.swift */,
				24EC526F2A55BDF000C72A43 /* Date+Week.swift */,
				24EC52702A55BDF000C72A43 /* View+Modifiers.swift */,
				24EC52712A55BDF000C72A43 /* Bundle+Dedode.swift */,
				24EC52722A55BDF000C72A43 /* Array+Codable.swift */,
				24EC52732A55BDF000C72A43 /* Color+AccentColor.swift */,
			);
			path = Extensions;
			sourceTree = "<group>";
		};
		24EC527A2A55BE0200C72A43 /* Utils */ = {
			isa = PBXGroup;
			children = (
				24EC527C2A55BE0200C72A43 /* AppConfiguration.swift */,
				24EC527D2A55BE0200C72A43 /* DefaultsCoordinator.swift */,
				24EC527E2A55BE0200C72A43 /* ChangeLog.swift */,
				24EC527F2A55BE0200C72A43 /* NewFeatures.swift */,
			);
			path = Utils;
			sourceTree = "<group>";
		};
		24EC52852A55BE0C00C72A43 /* ViewModels */ = {
			isa = PBXGroup;
			children = (
				24EC52862A55BE0C00C72A43 /* NavigationModel.swift */,
				24EC52872A55BE0C00C72A43 /* TemperaturesViewModel.swift */,
				24EC52882A55BE0C00C72A43 /* ViewModelState.swift */,
			);
			path = ViewModels;
			sourceTree = "<group>";
		};
		24EC528C2A55BE1400C72A43 /* Views */ = {
			isa = PBXGroup;
			children = (
				24EC528D2A55BE1400C72A43 /* SharedViews */,
				24EC52A42A55BE1400C72A43 /* Shared */,
				24EC52A62A55BE1400C72A43 /* iOS */,
				24EC52A82A55BE1400C72A43 /* iPadOS */,
			);
			path = Views;
			sourceTree = "<group>";
		};
		24EC528D2A55BE1400C72A43 /* SharedViews */ = {
			isa = PBXGroup;
			children = (
				24EC528E2A55BE1400C72A43 /* Settings */,
				24EC52942A55BE1400C72A43 /* Search */,
				24EC52972A55BE1400C72A43 /* ContentSizeDeciderView.swift */,
				24EC52982A55BE1400C72A43 /* Map */,
				24EC529B2A55BE1400C72A43 /* LocationDetail */,
			);
			path = SharedViews;
			sourceTree = "<group>";
		};
		24EC528E2A55BE1400C72A43 /* Settings */ = {
			isa = PBXGroup;
			children = (
				24EC528F2A55BE1400C72A43 /* NewFeaturesView.swift */,
				24EC52902A55BE1400C72A43 /* SettingsView.swift */,
				24EC52912A55BE1400C72A43 /* FAQView.swift */,
				24EC52922A55BE1400C72A43 /* SettingsThumbnailView.swift */,
				24EC52932A55BE1400C72A43 /* ChangeLogView.swift */,
			);
			path = Settings;
			sourceTree = "<group>";
		};
		24EC52942A55BE1400C72A43 /* Search */ = {
			isa = PBXGroup;
			children = (
				24EC52952A55BE1400C72A43 /* SearchView.swift */,
				24EC52962A55BE1400C72A43 /* InlineLocationView.swift */,
			);
			path = Search;
			sourceTree = "<group>";
		};
		24EC52982A55BE1400C72A43 /* Map */ = {
			isa = PBXGroup;
			children = (
				24EC52992A55BE1400C72A43 /* MapView.swift */,
				24EC529A2A55BE1400C72A43 /* GfroerliMapAnnotation.swift */,
			);
			path = Map;
			sourceTree = "<group>";
		};
		24EC529B2A55BE1400C72A43 /* LocationDetail */ = {
			isa = PBXGroup;
			children = (
				24EC529C2A55BE1400C72A43 /* SponsorView.swift */,
				24EC529D2A55BE1400C72A43 /* TemperatureSummaryView.swift */,
				24EC529E2A55BE1400C72A43 /* LocationDetailView.swift */,
				24EC529F2A55BE1400C72A43 /* LocationTemperatureHistory */,
				24EC52A22A55BE1400C72A43 /* LocationMapPreviewView.swift */,
				24EC52A32A55BE1400C72A43 /* LatestTemperatureView.swift */,
			);
			path = LocationDetail;
			sourceTree = "<group>";
		};
		24EC529F2A55BE1400C72A43 /* LocationTemperatureHistory */ = {
			isa = PBXGroup;
			children = (
				24EC52A02A55BE1400C72A43 /* HistoryGraphView.swift */,
				24EC52A12A55BE1400C72A43 /* TemperatureHistoryView.swift */,
			);
			path = LocationTemperatureHistory;
			sourceTree = "<group>";
		};
		24EC52A42A55BE1400C72A43 /* Shared */ = {
			isa = PBXGroup;
			children = (
				24EC52A52A55BE1400C72A43 /* NavigationBaseView.swift */,
			);
			path = Shared;
			sourceTree = "<group>";
		};
		24EC52A62A55BE1400C72A43 /* iOS */ = {
			isa = PBXGroup;
			children = (
				24EC52A72A55BE1400C72A43 /* MainViewIOS.swift */,
			);
			path = iOS;
			sourceTree = "<group>";
		};
		24EC52A82A55BE1400C72A43 /* iPadOS */ = {
			isa = PBXGroup;
			children = (
				24EC52A92A55BE1400C72A43 /* MainViewIPadOS.swift */,
			);
			path = iPadOS;
			sourceTree = "<group>";
		};
		24EC52BE2A55BE2300C72A43 /* Resources */ = {
			isa = PBXGroup;
			children = (
				24EC52BF2A55BE2300C72A43 /* NewFeatures.json */,
				24EC52C12A55BE2300C72A43 /* Localizable.strings */,
				24EC52C32A55BE2300C72A43 /* ChangeLog.json */,
				24EC52CB2A55BE2300C72A43 /* gfroerli Localizations */,
			);
			path = Resources;
			sourceTree = "<group>";
		};
		24EC52CB2A55BE2300C72A43 /* gfroerli Localizations */ = {
			isa = PBXGroup;
			children = (
				24EC52CC2A55BE2300C72A43 /* en.xcloc */,
				24EC52CD2A55BE2300C72A43 /* de.xcloc */,
			);
			path = "gfroerli Localizations";
			sourceTree = "<group>";
		};
/* End PBXGroup section */

/* Begin PBXNativeTarget section */
		242423332A55BCE9008F7552 /* Gfroer.li */ = {
			isa = PBXNativeTarget;
			buildConfigurationList = 242423592A55BCEA008F7552 /* Build configuration list for PBXNativeTarget "Gfroer.li" */;
			buildPhases = (
				242423302A55BCE9008F7552 /* Sources */,
				242423312A55BCE9008F7552 /* Frameworks */,
				242423322A55BCE9008F7552 /* Resources */,
			);
			buildRules = (
			);
			dependencies = (
			);
			name = Gfroer.li;
			packageProductDependencies = (
				24EC52D42A55BEC700C72A43 /* GfroerliAPI */,
			);
			productName = Gfroer.li;
			productReference = 242423342A55BCE9008F7552 /* Gfroer.li.app */;
			productType = "com.apple.product-type.application";
		};
		242423442A55BCEA008F7552 /* Gfroer.liTests */ = {
			isa = PBXNativeTarget;
			buildConfigurationList = 2424235C2A55BCEA008F7552 /* Build configuration list for PBXNativeTarget "Gfroer.liTests" */;
			buildPhases = (
				242423412A55BCEA008F7552 /* Sources */,
				242423422A55BCEA008F7552 /* Frameworks */,
				242423432A55BCEA008F7552 /* Resources */,
			);
			buildRules = (
			);
			dependencies = (
				242423472A55BCEA008F7552 /* PBXTargetDependency */,
			);
			name = Gfroer.liTests;
			productName = Gfroer.liTests;
			productReference = 242423452A55BCEA008F7552 /* Gfroer.liTests.xctest */;
			productType = "com.apple.product-type.bundle.unit-test";
		};
		2424234E2A55BCEA008F7552 /* Gfroer.liUITests */ = {
			isa = PBXNativeTarget;
			buildConfigurationList = 2424235F2A55BCEA008F7552 /* Build configuration list for PBXNativeTarget "Gfroer.liUITests" */;
			buildPhases = (
				2424234B2A55BCEA008F7552 /* Sources */,
				2424234C2A55BCEA008F7552 /* Frameworks */,
				2424234D2A55BCEA008F7552 /* Resources */,
			);
			buildRules = (
			);
			dependencies = (
				242423512A55BCEA008F7552 /* PBXTargetDependency */,
			);
			name = Gfroer.liUITests;
			productName = Gfroer.liUITests;
			productReference = 2424234F2A55BCEA008F7552 /* Gfroer.liUITests.xctest */;
			productType = "com.apple.product-type.bundle.ui-testing";
		};
/* End PBXNativeTarget section */

/* Begin PBXProject section */
		2424232C2A55BCE9008F7552 /* Project object */ = {
			isa = PBXProject;
			attributes = {
				BuildIndependentTargetsInParallel = 1;
				LastSwiftUpdateCheck = 1500;
				LastUpgradeCheck = 1500;
				TargetAttributes = {
					242423332A55BCE9008F7552 = {
						CreatedOnToolsVersion = 15.0;
					};
					242423442A55BCEA008F7552 = {
						CreatedOnToolsVersion = 15.0;
						TestTargetID = 242423332A55BCE9008F7552;
					};
					2424234E2A55BCEA008F7552 = {
						CreatedOnToolsVersion = 15.0;
						TestTargetID = 242423332A55BCE9008F7552;
					};
				};
			};
			buildConfigurationList = 2424232F2A55BCE9008F7552 /* Build configuration list for PBXProject "Gfroer.li" */;
			compatibilityVersion = "Xcode 14.0";
			developmentRegion = en;
			hasScannedForEncodings = 0;
			knownRegions = (
				en,
				Base,
				de,
				gsw,
			);
			mainGroup = 2424232B2A55BCE9008F7552;
			packageReferences = (
				24EC52D32A55BEC700C72A43 /* XCLocalSwiftPackageReference "GfroerliAPI" */,
			);
			productRefGroup = 242423352A55BCE9008F7552 /* Products */;
			projectDirPath = "";
			projectRoot = "";
			targets = (
				242423332A55BCE9008F7552 /* Gfroer.li */,
				242423442A55BCEA008F7552 /* Gfroer.liTests */,
				2424234E2A55BCEA008F7552 /* Gfroer.liUITests */,
			);
		};
/* End PBXProject section */

/* Begin PBXResourcesBuildPhase section */
		242423322A55BCE9008F7552 /* Resources */ = {
			isa = PBXResourcesBuildPhase;
			buildActionMask = 2147483647;
			files = (
				24EC52D22A55BE2300C72A43 /* de.xcloc in Resources */,
				24EC52D02A55BE2300C72A43 /* ChangeLog.json in Resources */,
				24EC52CE2A55BE2300C72A43 /* NewFeatures.json in Resources */,
				24EC52CF2A55BE2300C72A43 /* Localizable.strings in Resources */,
				242423402A55BCEA008F7552 /* Preview Assets.xcassets in Resources */,
				24EC52D12A55BE2300C72A43 /* en.xcloc in Resources */,
				2424233C2A55BCEA008F7552 /* Assets.xcassets in Resources */,
			);
			runOnlyForDeploymentPostprocessing = 0;
		};
		242423432A55BCEA008F7552 /* Resources */ = {
			isa = PBXResourcesBuildPhase;
			buildActionMask = 2147483647;
			files = (
			);
			runOnlyForDeploymentPostprocessing = 0;
		};
		2424234D2A55BCEA008F7552 /* Resources */ = {
			isa = PBXResourcesBuildPhase;
			buildActionMask = 2147483647;
			files = (
			);
			runOnlyForDeploymentPostprocessing = 0;
		};
/* End PBXResourcesBuildPhase section */

/* Begin PBXSourcesBuildPhase section */
		242423302A55BCE9008F7552 /* Sources */ = {
			isa = PBXSourcesBuildPhase;
			buildActionMask = 2147483647;
			files = (
				24EC52B12A55BE1400C72A43 /* ContentSizeDeciderView.swift in Sources */,
				24EC52B62A55BE1400C72A43 /* LocationDetailView.swift in Sources */,
				24EC52792A55BDF000C72A43 /* Color+AccentColor.swift in Sources */,
				24EC52BA2A55BE1400C72A43 /* LatestTemperatureView.swift in Sources */,
				24EC52B72A55BE1400C72A43 /* HistoryGraphView.swift in Sources */,
				24EC52832A55BE0200C72A43 /* ChangeLog.swift in Sources */,
				24EC52D62A55BEFC00C72A43 /* MainViewIOS.swift in Sources */,
				24EC52BB2A55BE1400C72A43 /* NavigationBaseView.swift in Sources */,
				24EC52AB2A55BE1400C72A43 /* SettingsView.swift in Sources */,
				24EC52B42A55BE1400C72A43 /* SponsorView.swift in Sources */,
				24EC52BD2A55BE1400C72A43 /* MainViewIPadOS.swift in Sources */,
				24EC52AE2A55BE1400C72A43 /* ChangeLogView.swift in Sources */,
				24EC528A2A55BE0C00C72A43 /* TemperaturesViewModel.swift in Sources */,
				24EC52742A55BDF000C72A43 /* UIDevice+Extension.swift in Sources */,
				24EC52B92A55BE1400C72A43 /* LocationMapPreviewView.swift in Sources */,
				24EC52B82A55BE1400C72A43 /* TemperatureHistoryView.swift in Sources */,
				24EC52772A55BDF000C72A43 /* Bundle+Dedode.swift in Sources */,
				24EC52782A55BDF000C72A43 /* Array+Codable.swift in Sources */,
				24EC52B02A55BE1400C72A43 /* InlineLocationView.swift in Sources */,
				242423382A55BCE9008F7552 /* GfroerliApp.swift in Sources */,
				24EC52B22A55BE1400C72A43 /* MapView.swift in Sources */,
				24EC52AF2A55BE1400C72A43 /* SearchView.swift in Sources */,
				24EC52812A55BE0200C72A43 /* AppConfiguration.swift in Sources */,
				24EC52AC2A55BE1400C72A43 /* FAQView.swift in Sources */,
				24EC52B52A55BE1400C72A43 /* TemperatureSummaryView.swift in Sources */,
				24EC52762A55BDF000C72A43 /* View+Modifiers.swift in Sources */,
				24EC52842A55BE0200C72A43 /* NewFeatures.swift in Sources */,
				24EC52AA2A55BE1400C72A43 /* NewFeaturesView.swift in Sources */,
				24EC528B2A55BE0C00C72A43 /* ViewModelState.swift in Sources */,
				24EC52752A55BDF000C72A43 /* Date+Week.swift in Sources */,
				24EC52822A55BE0200C72A43 /* DefaultsCoordinator.swift in Sources */,
				24EC52AD2A55BE1400C72A43 /* SettingsThumbnailView.swift in Sources */,
				24EC52892A55BE0C00C72A43 /* NavigationModel.swift in Sources */,
				24EC52B32A55BE1400C72A43 /* GfroerliMapAnnotation.swift in Sources */,
			);
			runOnlyForDeploymentPostprocessing = 0;
		};
		242423412A55BCEA008F7552 /* Sources */ = {
			isa = PBXSourcesBuildPhase;
			buildActionMask = 2147483647;
			files = (
				2424234A2A55BCEA008F7552 /* Gfroer_liTests.swift in Sources */,
			);
			runOnlyForDeploymentPostprocessing = 0;
		};
		2424234B2A55BCEA008F7552 /* Sources */ = {
			isa = PBXSourcesBuildPhase;
			buildActionMask = 2147483647;
			files = (
				242423562A55BCEA008F7552 /* Gfroer_liUITestsLaunchTests.swift in Sources */,
				242423542A55BCEA008F7552 /* Gfroer_liUITests.swift in Sources */,
			);
			runOnlyForDeploymentPostprocessing = 0;
		};
/* End PBXSourcesBuildPhase section */

/* Begin PBXTargetDependency section */
		242423472A55BCEA008F7552 /* PBXTargetDependency */ = {
			isa = PBXTargetDependency;
			target = 242423332A55BCE9008F7552 /* Gfroer.li */;
			targetProxy = 242423462A55BCEA008F7552 /* PBXContainerItemProxy */;
		};
		242423512A55BCEA008F7552 /* PBXTargetDependency */ = {
			isa = PBXTargetDependency;
			target = 242423332A55BCE9008F7552 /* Gfroer.li */;
			targetProxy = 242423502A55BCEA008F7552 /* PBXContainerItemProxy */;
		};
/* End PBXTargetDependency section */

/* Begin PBXVariantGroup section */
		24EC52BF2A55BE2300C72A43 /* NewFeatures.json */ = {
			isa = PBXVariantGroup;
			children = (
				24EC52C02A55BE2300C72A43 /* de */,
				24EC52C52A55BE2300C72A43 /* en */,
				24EC52C82A55BE2300C72A43 /* gsw */,
			);
			name = NewFeatures.json;
			sourceTree = "<group>";
		};
		24EC52C12A55BE2300C72A43 /* Localizable.strings */ = {
			isa = PBXVariantGroup;
			children = (
				24EC52C22A55BE2300C72A43 /* de */,
				24EC52C62A55BE2300C72A43 /* en */,
				24EC52C92A55BE2300C72A43 /* gsw */,
			);
			name = Localizable.strings;
			sourceTree = "<group>";
		};
		24EC52C32A55BE2300C72A43 /* ChangeLog.json */ = {
			isa = PBXVariantGroup;
			children = (
				24EC52C42A55BE2300C72A43 /* de */,
				24EC52C72A55BE2300C72A43 /* en */,
				24EC52CA2A55BE2300C72A43 /* gsw */,
			);
			name = ChangeLog.json;
			sourceTree = "<group>";
		};
/* End PBXVariantGroup section */

/* Begin XCBuildConfiguration section */
		242423572A55BCEA008F7552 /* Debug */ = {
			isa = XCBuildConfiguration;
			buildSettings = {
				ALWAYS_SEARCH_USER_PATHS = NO;
				ASSETCATALOG_COMPILER_GENERATE_SWIFT_ASSET_SYMBOL_EXTENSIONS = YES;
				CLANG_ANALYZER_NONNULL = YES;
				CLANG_ANALYZER_NUMBER_OBJECT_CONVERSION = YES_AGGRESSIVE;
				CLANG_CXX_LANGUAGE_STANDARD = "gnu++20";
				CLANG_ENABLE_MODULES = YES;
				CLANG_ENABLE_OBJC_ARC = YES;
				CLANG_ENABLE_OBJC_WEAK = YES;
				CLANG_WARN_BLOCK_CAPTURE_AUTORELEASING = YES;
				CLANG_WARN_BOOL_CONVERSION = YES;
				CLANG_WARN_COMMA = YES;
				CLANG_WARN_CONSTANT_CONVERSION = YES;
				CLANG_WARN_DEPRECATED_OBJC_IMPLEMENTATIONS = YES;
				CLANG_WARN_DIRECT_OBJC_ISA_USAGE = YES_ERROR;
				CLANG_WARN_DOCUMENTATION_COMMENTS = YES;
				CLANG_WARN_EMPTY_BODY = YES;
				CLANG_WARN_ENUM_CONVERSION = YES;
				CLANG_WARN_INFINITE_RECURSION = YES;
				CLANG_WARN_INT_CONVERSION = YES;
				CLANG_WARN_NON_LITERAL_NULL_CONVERSION = YES;
				CLANG_WARN_OBJC_IMPLICIT_RETAIN_SELF = YES;
				CLANG_WARN_OBJC_LITERAL_CONVERSION = YES;
				CLANG_WARN_OBJC_ROOT_CLASS = YES_ERROR;
				CLANG_WARN_QUOTED_INCLUDE_IN_FRAMEWORK_HEADER = YES;
				CLANG_WARN_RANGE_LOOP_ANALYSIS = YES;
				CLANG_WARN_STRICT_PROTOTYPES = YES;
				CLANG_WARN_SUSPICIOUS_MOVE = YES;
				CLANG_WARN_UNGUARDED_AVAILABILITY = YES_AGGRESSIVE;
				CLANG_WARN_UNREACHABLE_CODE = YES;
				CLANG_WARN__DUPLICATE_METHOD_MATCH = YES;
				COPY_PHASE_STRIP = NO;
				DEBUG_INFORMATION_FORMAT = dwarf;
				ENABLE_STRICT_OBJC_MSGSEND = YES;
				ENABLE_TESTABILITY = YES;
				ENABLE_USER_SCRIPT_SANDBOXING = YES;
				GCC_C_LANGUAGE_STANDARD = gnu17;
				GCC_DYNAMIC_NO_PIC = NO;
				GCC_NO_COMMON_BLOCKS = YES;
				GCC_OPTIMIZATION_LEVEL = 0;
				GCC_PREPROCESSOR_DEFINITIONS = (
					"DEBUG=1",
					"$(inherited)",
				);
				GCC_WARN_64_TO_32_BIT_CONVERSION = YES;
				GCC_WARN_ABOUT_RETURN_TYPE = YES_ERROR;
				GCC_WARN_UNDECLARED_SELECTOR = YES;
				GCC_WARN_UNINITIALIZED_AUTOS = YES_AGGRESSIVE;
				GCC_WARN_UNUSED_FUNCTION = YES;
				GCC_WARN_UNUSED_VARIABLE = YES;
				IPHONEOS_DEPLOYMENT_TARGET = 17.0;
				LOCALIZATION_PREFERS_STRING_CATALOGS = YES;
				MTL_ENABLE_DEBUG_INFO = INCLUDE_SOURCE;
				MTL_FAST_MATH = YES;
				ONLY_ACTIVE_ARCH = YES;
				SWIFT_ACTIVE_COMPILATION_CONDITIONS = "DEBUG $(inherited)";
				SWIFT_OPTIMIZATION_LEVEL = "-Onone";
			};
			name = Debug;
		};
		242423582A55BCEA008F7552 /* Release */ = {
			isa = XCBuildConfiguration;
			buildSettings = {
				ALWAYS_SEARCH_USER_PATHS = NO;
				ASSETCATALOG_COMPILER_GENERATE_SWIFT_ASSET_SYMBOL_EXTENSIONS = YES;
				CLANG_ANALYZER_NONNULL = YES;
				CLANG_ANALYZER_NUMBER_OBJECT_CONVERSION = YES_AGGRESSIVE;
				CLANG_CXX_LANGUAGE_STANDARD = "gnu++20";
				CLANG_ENABLE_MODULES = YES;
				CLANG_ENABLE_OBJC_ARC = YES;
				CLANG_ENABLE_OBJC_WEAK = YES;
				CLANG_WARN_BLOCK_CAPTURE_AUTORELEASING = YES;
				CLANG_WARN_BOOL_CONVERSION = YES;
				CLANG_WARN_COMMA = YES;
				CLANG_WARN_CONSTANT_CONVERSION = YES;
				CLANG_WARN_DEPRECATED_OBJC_IMPLEMENTATIONS = YES;
				CLANG_WARN_DIRECT_OBJC_ISA_USAGE = YES_ERROR;
				CLANG_WARN_DOCUMENTATION_COMMENTS = YES;
				CLANG_WARN_EMPTY_BODY = YES;
				CLANG_WARN_ENUM_CONVERSION = YES;
				CLANG_WARN_INFINITE_RECURSION = YES;
				CLANG_WARN_INT_CONVERSION = YES;
				CLANG_WARN_NON_LITERAL_NULL_CONVERSION = YES;
				CLANG_WARN_OBJC_IMPLICIT_RETAIN_SELF = YES;
				CLANG_WARN_OBJC_LITERAL_CONVERSION = YES;
				CLANG_WARN_OBJC_ROOT_CLASS = YES_ERROR;
				CLANG_WARN_QUOTED_INCLUDE_IN_FRAMEWORK_HEADER = YES;
				CLANG_WARN_RANGE_LOOP_ANALYSIS = YES;
				CLANG_WARN_STRICT_PROTOTYPES = YES;
				CLANG_WARN_SUSPICIOUS_MOVE = YES;
				CLANG_WARN_UNGUARDED_AVAILABILITY = YES_AGGRESSIVE;
				CLANG_WARN_UNREACHABLE_CODE = YES;
				CLANG_WARN__DUPLICATE_METHOD_MATCH = YES;
				COPY_PHASE_STRIP = NO;
				DEBUG_INFORMATION_FORMAT = "dwarf-with-dsym";
				ENABLE_NS_ASSERTIONS = NO;
				ENABLE_STRICT_OBJC_MSGSEND = YES;
				ENABLE_USER_SCRIPT_SANDBOXING = YES;
				GCC_C_LANGUAGE_STANDARD = gnu17;
				GCC_NO_COMMON_BLOCKS = YES;
				GCC_WARN_64_TO_32_BIT_CONVERSION = YES;
				GCC_WARN_ABOUT_RETURN_TYPE = YES_ERROR;
				GCC_WARN_UNDECLARED_SELECTOR = YES;
				GCC_WARN_UNINITIALIZED_AUTOS = YES_AGGRESSIVE;
				GCC_WARN_UNUSED_FUNCTION = YES;
				GCC_WARN_UNUSED_VARIABLE = YES;
				IPHONEOS_DEPLOYMENT_TARGET = 17.0;
				LOCALIZATION_PREFERS_STRING_CATALOGS = YES;
				MTL_ENABLE_DEBUG_INFO = NO;
				MTL_FAST_MATH = YES;
				SWIFT_COMPILATION_MODE = wholemodule;
			};
			name = Release;
		};
		2424235A2A55BCEA008F7552 /* Debug */ = {
			isa = XCBuildConfiguration;
			buildSettings = {
				ASSETCATALOG_COMPILER_APPICON_NAME = AppIcon;
				ASSETCATALOG_COMPILER_GLOBAL_ACCENT_COLOR_NAME = AccentColor;
				CODE_SIGN_ENTITLEMENTS = Gfroer.li/Gfroer_li.entitlements;
				"CODE_SIGN_IDENTITY[sdk=macosx*]" = "Apple Development";
				CODE_SIGN_STYLE = Automatic;
				CURRENT_PROJECT_VERSION = 4001;
				DEVELOPMENT_ASSET_PATHS = "\"Gfroer.li/Preview Content\"";
				DEVELOPMENT_TEAM = T7M5358433;
				ENABLE_HARDENED_RUNTIME = YES;
				ENABLE_PREVIEWS = YES;
				GENERATE_INFOPLIST_FILE = YES;
				INFOPLIST_KEY_CFBundleDisplayName = "Gfrör.li";
				INFOPLIST_KEY_LSApplicationCategoryType = "public.app-category.weather";
				"INFOPLIST_KEY_UIApplicationSceneManifest_Generation[sdk=iphoneos*]" = YES;
				"INFOPLIST_KEY_UIApplicationSceneManifest_Generation[sdk=iphonesimulator*]" = YES;
				"INFOPLIST_KEY_UIApplicationSupportsIndirectInputEvents[sdk=iphoneos*]" = YES;
				"INFOPLIST_KEY_UIApplicationSupportsIndirectInputEvents[sdk=iphonesimulator*]" = YES;
				"INFOPLIST_KEY_UILaunchScreen_Generation[sdk=iphoneos*]" = YES;
				"INFOPLIST_KEY_UILaunchScreen_Generation[sdk=iphonesimulator*]" = YES;
				"INFOPLIST_KEY_UIStatusBarStyle[sdk=iphoneos*]" = UIStatusBarStyleDefault;
				"INFOPLIST_KEY_UIStatusBarStyle[sdk=iphonesimulator*]" = UIStatusBarStyleDefault;
				INFOPLIST_KEY_UISupportedInterfaceOrientations = UIInterfaceOrientationPortrait;
				INFOPLIST_KEY_UISupportedInterfaceOrientations_iPad = "UIInterfaceOrientationLandscapeLeft UIInterfaceOrientationLandscapeRight UIInterfaceOrientationPortrait UIInterfaceOrientationPortraitUpsideDown";
				IPHONEOS_DEPLOYMENT_TARGET = 17.0;
				LD_RUNPATH_SEARCH_PATHS = "@executable_path/Frameworks";
				"LD_RUNPATH_SEARCH_PATHS[sdk=macosx*]" = "@executable_path/../Frameworks";
				MACOSX_DEPLOYMENT_TARGET = 14.0;
				MARKETING_VERSION = 4.0;
				PRODUCT_BUNDLE_IDENTIFIER = ch.coredump.gfroerli;
				PRODUCT_NAME = "$(TARGET_NAME)";
				SDKROOT = auto;
				SUPPORTED_PLATFORMS = "iphoneos iphonesimulator macosx";
				SWIFT_EMIT_LOC_STRINGS = YES;
				SWIFT_VERSION = 5.0;
				TARGETED_DEVICE_FAMILY = "1,2";
			};
			name = Debug;
		};
		2424235B2A55BCEA008F7552 /* Release */ = {
			isa = XCBuildConfiguration;
			buildSettings = {
				ASSETCATALOG_COMPILER_APPICON_NAME = AppIcon;
				ASSETCATALOG_COMPILER_GLOBAL_ACCENT_COLOR_NAME = AccentColor;
				CODE_SIGN_ENTITLEMENTS = Gfroer.li/Gfroer_li.entitlements;
				"CODE_SIGN_IDENTITY[sdk=macosx*]" = "Apple Development";
				CODE_SIGN_STYLE = Automatic;
				CURRENT_PROJECT_VERSION = 4001;
				DEVELOPMENT_ASSET_PATHS = "\"Gfroer.li/Preview Content\"";
				DEVELOPMENT_TEAM = T7M5358433;
				ENABLE_HARDENED_RUNTIME = YES;
				ENABLE_PREVIEWS = YES;
				GENERATE_INFOPLIST_FILE = YES;
				INFOPLIST_KEY_CFBundleDisplayName = "Gfrör.li";
				INFOPLIST_KEY_LSApplicationCategoryType = "public.app-category.weather";
				"INFOPLIST_KEY_UIApplicationSceneManifest_Generation[sdk=iphoneos*]" = YES;
				"INFOPLIST_KEY_UIApplicationSceneManifest_Generation[sdk=iphonesimulator*]" = YES;
				"INFOPLIST_KEY_UIApplicationSupportsIndirectInputEvents[sdk=iphoneos*]" = YES;
				"INFOPLIST_KEY_UIApplicationSupportsIndirectInputEvents[sdk=iphonesimulator*]" = YES;
				"INFOPLIST_KEY_UILaunchScreen_Generation[sdk=iphoneos*]" = YES;
				"INFOPLIST_KEY_UILaunchScreen_Generation[sdk=iphonesimulator*]" = YES;
				"INFOPLIST_KEY_UIStatusBarStyle[sdk=iphoneos*]" = UIStatusBarStyleDefault;
				"INFOPLIST_KEY_UIStatusBarStyle[sdk=iphonesimulator*]" = UIStatusBarStyleDefault;
				INFOPLIST_KEY_UISupportedInterfaceOrientations = UIInterfaceOrientationPortrait;
				INFOPLIST_KEY_UISupportedInterfaceOrientations_iPad = "UIInterfaceOrientationLandscapeLeft UIInterfaceOrientationLandscapeRight UIInterfaceOrientationPortrait UIInterfaceOrientationPortraitUpsideDown";
				IPHONEOS_DEPLOYMENT_TARGET = 17.0;
				LD_RUNPATH_SEARCH_PATHS = "@executable_path/Frameworks";
				"LD_RUNPATH_SEARCH_PATHS[sdk=macosx*]" = "@executable_path/../Frameworks";
				MACOSX_DEPLOYMENT_TARGET = 14.0;
				MARKETING_VERSION = 4.0;
				PRODUCT_BUNDLE_IDENTIFIER = ch.coredump.gfroerli;
				PRODUCT_NAME = "$(TARGET_NAME)";
				SDKROOT = auto;
				SUPPORTED_PLATFORMS = "iphoneos iphonesimulator macosx";
				SWIFT_EMIT_LOC_STRINGS = YES;
				SWIFT_VERSION = 5.0;
				TARGETED_DEVICE_FAMILY = "1,2";
			};
			name = Release;
		};
		2424235D2A55BCEA008F7552 /* Debug */ = {
			isa = XCBuildConfiguration;
			buildSettings = {
				ALWAYS_EMBED_SWIFT_STANDARD_LIBRARIES = YES;
				BUNDLE_LOADER = "$(TEST_HOST)";
				CODE_SIGN_STYLE = Automatic;
				CURRENT_PROJECT_VERSION = 1;
				DEVELOPMENT_TEAM = T7M5358433;
				GENERATE_INFOPLIST_FILE = YES;
				IPHONEOS_DEPLOYMENT_TARGET = 17.0;
				MACOSX_DEPLOYMENT_TARGET = 14.0;
				MARKETING_VERSION = 1.0;
				PRODUCT_BUNDLE_IDENTIFIER = "ch.mkramer.Gfroer-liTests";
				PRODUCT_NAME = "$(TARGET_NAME)";
				SDKROOT = auto;
				SUPPORTED_PLATFORMS = "iphoneos iphonesimulator macosx";
				SWIFT_EMIT_LOC_STRINGS = NO;
				SWIFT_VERSION = 5.0;
				TARGETED_DEVICE_FAMILY = "1,2";
				TEST_HOST = "$(BUILT_PRODUCTS_DIR)/Gfroer.li.app/$(BUNDLE_EXECUTABLE_FOLDER_PATH)/Gfroer.li";
			};
			name = Debug;
		};
		2424235E2A55BCEA008F7552 /* Release */ = {
			isa = XCBuildConfiguration;
			buildSettings = {
				ALWAYS_EMBED_SWIFT_STANDARD_LIBRARIES = YES;
				BUNDLE_LOADER = "$(TEST_HOST)";
				CODE_SIGN_STYLE = Automatic;
				CURRENT_PROJECT_VERSION = 1;
				DEVELOPMENT_TEAM = T7M5358433;
				GENERATE_INFOPLIST_FILE = YES;
				IPHONEOS_DEPLOYMENT_TARGET = 17.0;
				MACOSX_DEPLOYMENT_TARGET = 14.0;
				MARKETING_VERSION = 1.0;
				PRODUCT_BUNDLE_IDENTIFIER = "ch.mkramer.Gfroer-liTests";
				PRODUCT_NAME = "$(TARGET_NAME)";
				SDKROOT = auto;
				SUPPORTED_PLATFORMS = "iphoneos iphonesimulator macosx";
				SWIFT_EMIT_LOC_STRINGS = NO;
				SWIFT_VERSION = 5.0;
				TARGETED_DEVICE_FAMILY = "1,2";
				TEST_HOST = "$(BUILT_PRODUCTS_DIR)/Gfroer.li.app/$(BUNDLE_EXECUTABLE_FOLDER_PATH)/Gfroer.li";
			};
			name = Release;
		};
		242423602A55BCEA008F7552 /* Debug */ = {
			isa = XCBuildConfiguration;
			buildSettings = {
				ALWAYS_EMBED_SWIFT_STANDARD_LIBRARIES = YES;
				CODE_SIGN_STYLE = Automatic;
				CURRENT_PROJECT_VERSION = 1;
				DEVELOPMENT_TEAM = T7M5358433;
				GENERATE_INFOPLIST_FILE = YES;
				IPHONEOS_DEPLOYMENT_TARGET = 17.0;
				MACOSX_DEPLOYMENT_TARGET = 14.0;
				MARKETING_VERSION = 1.0;
				PRODUCT_BUNDLE_IDENTIFIER = "ch.mkramer.Gfroer-liUITests";
				PRODUCT_NAME = "$(TARGET_NAME)";
				SDKROOT = auto;
				SUPPORTED_PLATFORMS = "iphoneos iphonesimulator macosx";
				SWIFT_EMIT_LOC_STRINGS = NO;
				SWIFT_VERSION = 5.0;
				TARGETED_DEVICE_FAMILY = "1,2";
				TEST_TARGET_NAME = Gfroer.li;
			};
			name = Debug;
		};
		242423612A55BCEA008F7552 /* Release */ = {
			isa = XCBuildConfiguration;
			buildSettings = {
				ALWAYS_EMBED_SWIFT_STANDARD_LIBRARIES = YES;
				CODE_SIGN_STYLE = Automatic;
				CURRENT_PROJECT_VERSION = 1;
				DEVELOPMENT_TEAM = T7M5358433;
				GENERATE_INFOPLIST_FILE = YES;
				IPHONEOS_DEPLOYMENT_TARGET = 17.0;
				MACOSX_DEPLOYMENT_TARGET = 14.0;
				MARKETING_VERSION = 1.0;
				PRODUCT_BUNDLE_IDENTIFIER = "ch.mkramer.Gfroer-liUITests";
				PRODUCT_NAME = "$(TARGET_NAME)";
				SDKROOT = auto;
				SUPPORTED_PLATFORMS = "iphoneos iphonesimulator macosx";
				SWIFT_EMIT_LOC_STRINGS = NO;
				SWIFT_VERSION = 5.0;
				TARGETED_DEVICE_FAMILY = "1,2";
				TEST_TARGET_NAME = Gfroer.li;
			};
			name = Release;
		};
/* End XCBuildConfiguration section */

/* Begin XCConfigurationList section */
		2424232F2A55BCE9008F7552 /* Build configuration list for PBXProject "Gfroer.li" */ = {
			isa = XCConfigurationList;
			buildConfigurations = (
				242423572A55BCEA008F7552 /* Debug */,
				242423582A55BCEA008F7552 /* Release */,
			);
			defaultConfigurationIsVisible = 0;
			defaultConfigurationName = Release;
		};
		242423592A55BCEA008F7552 /* Build configuration list for PBXNativeTarget "Gfroer.li" */ = {
			isa = XCConfigurationList;
			buildConfigurations = (
				2424235A2A55BCEA008F7552 /* Debug */,
				2424235B2A55BCEA008F7552 /* Release */,
			);
			defaultConfigurationIsVisible = 0;
			defaultConfigurationName = Release;
		};
		2424235C2A55BCEA008F7552 /* Build configuration list for PBXNativeTarget "Gfroer.liTests" */ = {
			isa = XCConfigurationList;
			buildConfigurations = (
				2424235D2A55BCEA008F7552 /* Debug */,
				2424235E2A55BCEA008F7552 /* Release */,
			);
			defaultConfigurationIsVisible = 0;
			defaultConfigurationName = Release;
		};
		2424235F2A55BCEA008F7552 /* Build configuration list for PBXNativeTarget "Gfroer.liUITests" */ = {
			isa = XCConfigurationList;
			buildConfigurations = (
				242423602A55BCEA008F7552 /* Debug */,
				242423612A55BCEA008F7552 /* Release */,
			);
			defaultConfigurationIsVisible = 0;
			defaultConfigurationName = Release;
		};
/* End XCConfigurationList section */

/* Begin XCLocalSwiftPackageReference section */
		24EC52D32A55BEC700C72A43 /* XCLocalSwiftPackageReference "GfroerliAPI" */ = {
			isa = XCLocalSwiftPackageReference;
			relativePath = GfroerliAPI;
		};
/* End XCLocalSwiftPackageReference section */

/* Begin XCSwiftPackageProductDependency section */
		24EC52D42A55BEC700C72A43 /* GfroerliAPI */ = {
			isa = XCSwiftPackageProductDependency;
			productName = GfroerliAPI;
		};
/* End XCSwiftPackageProductDependency section */
	};
	rootObject = 2424232C2A55BCE9008F7552 /* Project object */;
}
